PODS:
  - AFNetworking (3.1.0):
    - AFNetworking/NSURLSession (= 3.1.0)
    - AFNetworking/Reachability (= 3.1.0)
    - AFNetworking/Security (= 3.1.0)
    - AFNetworking/Serialization (= 3.1.0)
    - AFNetworking/UIKit (= 3.1.0)
  - AFNetworking/NSURLSession (3.1.0):
    - AFNetworking/Reachability
    - AFNetworking/Security
    - AFNetworking/Serialization
  - AFNetworking/Reachability (3.1.0)
  - AFNetworking/Security (3.1.0)
  - AFNetworking/Serialization (3.1.0)
  - AFNetworking/UIKit (3.1.0):
    - AFNetworking/NSURLSession
  - AppLink (0.1.0)
  - JSONModel (1.8.0)
  - KADemoAssemble (0.1.0-alpha.0):
    - KAFileInterface
    - KATabInterface
    - Masonry
  - KAFileDemo (0.1.0-alpha.0):
    - KAFileInterface
    - Masonry
  - KAFileInterface (0.1.0-alpha.0)
  - KALogin (0.1.0):
    - KADemoAssemble
    - LKAppLinkExternal
    - LKNativeAppExtension
    - LKNativeAppExtensionAbility
    - MBProgressHUD
  - KALoginDemo (0.1.0):
    - KALogin
    - LKAppLinkExternal
    - LKNativeAppExtension
    - LKNativeAppExtensionAbility
    - MBProgressHUD
  - KATabDemo (0.1.0-alpha.0):
    - AFNetworking
    - JSONModel
    - KATabInterface
    - libwebp
    - Masonry
    - SocketRocket
  - KATabInterface (0.1.0-alpha.0)
  - libwebp (1.1.0):
    - libwebp/demux (= 1.1.0)
    - libwebp/mux (= 1.1.0)
    - libwebp/webp (= 1.1.0)
  - libwebp/demux (1.1.0):
    - libwebp/webp
  - libwebp/mux (1.1.0):
    - libwebp/demux
  - libwebp/webp (1.1.0)
  - LKAppLinkExternal (0.1.0-alpha.0):
    - AppLink
  - LKNativeAppContainer (0.1.0-alpha.0):
    - LKAppLinkExternal
    - LKNativeAppExtension
    - LKNativeAppExtensionAbility
  - LKNativeAppExtension (0.1.0-alpha.0)
  - LKNativeAppExtensionAbility (0.1.0-alpha.0)
  - Masonry (1.1.0)
  - MBProgressHUD (1.2.0)
  - SocketRocket (0.6.0)

DEPENDENCIES:
  - AFNetworking (= 3.1.0)
  - AppLink (from `../LKAppLinkExternal/external/AppLink`)
  - JSONModel
  - KADemoAssemble (from `../KADemoAssemble`)
  - KAFileDemo (from `../KAFile/KAFileDemo`)
  - KAFileInterface (from `../KAFile/KAFileInterface`)
  - KALogin (from `../KALogin/KALogin`)
  - KALoginDemo (from `../KALogin/KALoginDemo`)
  - KATabDemo (from `../KATab/KATabDemo`)
  - KATabInterface (from `../KATab/KATabInterface`)
  - libwebp (= 1.1.0)
  - LKAppLinkExternal (from `../LKAppLinkExternal/external`)
  - LKNativeAppContainer (from `../LKNativeAppContainer/external`)
  - LKNativeAppExtension (from `../LKNativeAppExtension/external`)
  - LKNativeAppExtensionAbility (from `../LKNativeAppExtensionAbility`)
  - Masonry
  - MBProgressHUD (= 1.2.0)
  - SocketRocket

SPEC REPOS:
  trunk:
    - AFNetworking
    - JSONModel
    - libwebp
    - Masonry
    - MBProgressHUD
    - SocketRocket

EXTERNAL SOURCES:
  AppLink:
    :path: "../LKAppLinkExternal/external/AppLink"
  KADemoAssemble:
    :path: "../KADemoAssemble"
  KAFileDemo:
    :path: "../KAFile/KAFileDemo"
  KAFileInterface:
    :path: "../KAFile/KAFileInterface"
  KALogin:
    :path: "../KALogin/KALogin"
  KALoginDemo:
    :path: "../KALogin/KALoginDemo"
  KATabDemo:
    :path: "../KATab/KATabDemo"
  KATabInterface:
    :path: "../KATab/KATabInterface"
  LKAppLinkExternal:
    :path: "../LKAppLinkExternal/external"
  LKNativeAppContainer:
    :path: "../LKNativeAppContainer/external"
  LKNativeAppExtension:
    :path: "../LKNativeAppExtension/external"
  LKNativeAppExtensionAbility:
    :path: "../LKNativeAppExtensionAbility"

SPEC CHECKSUMS:
  AFNetworking: 5e0e199f73d8626b11e79750991f5d173d1f8b67
  AppLink: 4bfa83cec56f8df5e21f0d50e0ced704b3c4260d
  JSONModel: 02ab723958366a3fd27da57ea2af2113658762e9
  KADemoAssemble: 4de6fa4a3ee970099b931fc7e8e7fa4880430b9b
  KAFileDemo: 2cd735eb0d7f33f88fb85690d51e2066991d4ce5
  KAFileInterface: 2161cd0ac1e000449dc263cebbf71aada830e38c
  KALogin: 9f2b9d53aa11eb98228b8ac4500b90d92af7f403
  KALoginDemo: a26121759e592ce54ffe6a399096624c7db4f413
  KATabDemo: 3424af1f7f30b40e5190805bce1eca906bf8365c
  KATabInterface: 3a05bdcb47e7512d54950ad2579b60b2e9589db4
  libwebp: 946cb3063cea9236285f7e9a8505d806d30e07f3
  LKAppLinkExternal: 687c868abfeab5a7c8e48a6f3d8c0bb9140a1d58
  LKNativeAppContainer: f1e6218deacbcd50f6f06dd57466137644398e22
  LKNativeAppExtension: 73065bc5e1018c366d4722272510ff589f28699c
  LKNativeAppExtensionAbility: e363099975bc7f8107f29e15a8738d80b181e962
  Masonry: 678fab65091a9290e40e2832a55e7ab731aad201
  MBProgressHUD: 3ee5efcc380f6a79a7cc9b363dd669c5e1ae7406
  SocketRocket: fccef3f9c5cedea1353a9ef6ada904fde10d6608

PODFILE CHECKSUM: 5f58fa901d7b6fe4aded1ff8f3381b5ef7d3d593

COCOAPODS: 1.11.2
