PODS:
  - AppContainer (0.23.13):
    - BootManager
    - LarkContainer
    - LarkSceneManager
    - LKCommonsLogging
    - Swinject
    - ThreadSafeDataStructure
  - BDALog (0.3.7)
  - BDAlogProtocol (1.2.2)
  - BDDataDecorator/Data (2.1.0)
  - BootManager (0.13.12):
    - LKCommonsLogging
    - RunloopTools
    - Swinject
  - boringssl (0.1.5-alpha.10-SMOnline):
    - boringssl/openssl (= 0.1.5-alpha.10-SMOnline)
  - boringssl/openssl (0.1.5-alpha.10-SMOnline)
  - CryptoSwift (1.3.3)
  - EEAtomic (0.1.5)
  - EENavigator (0.10.27-scene.4):
    - EEAtomic
    - EETroubleKiller
    - SuiteCodable
  - EEPodInfoDebugger (0.0.4):
    - CryptoSwift
    - LarkLocalizations
    - SnapKit
  - EETroubleKiller (1.2.7):
    - LKCommonsLogging
  - Godzippa (2.1.1)
  - Homeric (0.2.763)
  - LarkAccountInterface (4.1.0.3):
    - LarkAccountInterface/Authorization (= 4.1.0.3)
    - LarkAccountInterface/Chatter (= 4.1.0.3)
    - LarkAccountInterface/Core (= 4.1.0.3)
  - LarkAccountInterface/Authorization (4.1.0.3):
    - LarkAccountInterface/Core
  - LarkAccountInterface/Chatter (4.1.0.3):
    - LarkModel
  - LarkAccountInterface/Core (4.1.0.3):
    - EENavigator
    - LarkContainer
    - LarkLocalizations
    - RxSwift
    - ThreadSafeDataStructure
  - LarkActivityIndicatorView (1.21.2)
  - LarkCombine (0.0.11):
    - LarkOpenCombine
    - LarkOpenCombineDispatch
    - LarkOpenCombineFoundation
  - LarkCompatible (0.22.2)
  - LarkContainer (1.18.5):
    - RxCocoa
    - RxSwift
    - Swinject
  - LarkDebug (3.41.2-scene.1):
    - AppContainer
    - BootManager
    - EENavigator
    - EEPodInfoDebugger
    - LarkAccountInterface
    - LarkDebug/core (= 3.41.2-scene.1)
    - LarkDebugExtensionPoint
    - LarkFoundation
    - LarkRustClient
    - Logger
    - RxSwift
    - SnapKit
    - Swinject
  - LarkDebug/core (3.41.2-scene.1):
    - AppContainer
    - BootManager
    - EENavigator
    - EEPodInfoDebugger
    - LarkAccountInterface
    - LarkDebugExtensionPoint
    - LarkFoundation
    - LarkRustClient
    - Logger
    - RxSwift
    - SnapKit
    - Swinject
  - LarkDebugExtensionPoint (3.41.3)
  - LarkFoundation (1.7.4):
    - LarkCompatible
    - LarkFoundation/Date (= 1.7.4)
    - LarkFoundation/Encryption (= 1.7.4)
    - LarkFoundation/Error (= 1.7.4)
    - LarkFoundation/Extensions (= 1.7.4)
    - LarkFoundation/File (= 1.7.4)
    - LarkFoundation/FuncContext (= 1.7.4)
    - LarkFoundation/JumpApplication (= 1.7.4)
    - LarkFoundation/ProepertyWrapper (= 1.7.4)
    - LarkFoundation/Resource (= 1.7.4)
    - LarkFoundation/URL (= 1.7.4)
    - LarkFoundation/Utils (= 1.7.4)
  - LarkFoundation/Date (1.7.4):
    - LarkCompatible
  - LarkFoundation/Encryption (1.7.4):
    - LarkCompatible
  - LarkFoundation/Error (1.7.4):
    - LarkCompatible
  - LarkFoundation/Extensions (1.7.4):
    - LarkCompatible
  - LarkFoundation/File (1.7.4):
    - LarkCompatible
  - LarkFoundation/FuncContext (1.7.4):
    - LarkCompatible
  - LarkFoundation/JumpApplication (1.7.4):
    - LarkCompatible
  - LarkFoundation/ProepertyWrapper (1.7.4):
    - LarkCompatible
  - LarkFoundation/Resource (1.7.4):
    - LarkCompatible
    - LarkFoundation/Extensions
  - LarkFoundation/URL (1.7.4):
    - LarkCompatible
  - LarkFoundation/Utils (1.7.4):
    - LarkCompatible
    - LarkFoundation/Extensions
  - LarkLocalizations (1.16.4):
    - EEAtomic
  - LarkModel (100.14.4):
    - LKCommonsLogging
    - RustPB
    - ServerPB
  - LarkOpenCombine (0.0.7)
  - LarkOpenCombineDispatch (0.0.5):
    - LarkOpenCombine
  - LarkOpenCombineFoundation (0.0.5):
    - LarkOpenCombine
  - LarkRustClient (3.42.11):
    - LarkRustClient/Client (= 3.42.11)
    - LarkRustClient/Interface (= 3.42.11)
  - LarkRustClient/Client (3.42.11):
    - EEAtomic
    - LarkRustClient/Interface
    - LKCommonsLogging
    - LKCommonsTracker
    - ReachabilitySwift
    - RustPB (>= 3.7.0-alpha)
    - RxSwift
    - ServerPB
  - LarkRustClient/Interface (3.42.11):
    - LarkCombine
    - RustPB
    - RxSwift
    - ServerPB
  - LarkSceneManager (0.1.18):
    - LarkSceneManager/Core (= 0.1.18)
  - LarkSceneManager/Core (0.1.18):
    - Homeric
    - LarkLocalizations
    - LKCommonsLogging
    - LKCommonsTracker
    - RoundedHUD
  - LarkSQLCipher (1.0.0-alpha.7734-dev)
  - LKCommonsLogging (0.4.14)
  - LKCommonsTracker (0.4.11)
  - Logger (1.4.15):
    - Logger/Core (= 1.4.15)
  - Logger/Core (1.4.15):
    - LarkFoundation
    - LKCommonsLogging
  - protobuf_lite (1.0.2)
  - ReachabilitySwift (5.0.0)
  - RoundedHUD (1.21.9):
    - LarkActivityIndicatorView
    - LarkLocalizations
    - SnapKit
  - RunloopTools (0.22.2):
    - LKCommonsLogging
    - ThreadSafeDataStructure
  - RustPB (4.0.0-alpha.48-dev):
    - LarkSQLCipher (= 1.0.0-alpha.7734-dev)
    - SwiftProtobuf (~> 1.15.0)
  - RxCocoa (6.1.0):
    - RxRelay (= 6.1.0)
    - RxSwift (= 6.1.0)
  - RxRelay (6.1.0):
    - RxSwift (= 6.1.0)
  - RxSwift (6.1.0)
  - ServerPB (1.0.871):
    - SwiftProtobuf
  - SnapKit (5.0.9)
  - SuiteCodable (0.1.7)
  - SwiftProtobuf (1.15.0)
  - Swinject (10.15.2)
  - ThreadSafeDataStructure (0.21.2)
  - TTNetworkManager (4.0.51.1-rc.0):
    - TTNetworkManager/Core (= 4.0.51.1-rc.0)
  - TTNetworkManager/Core (4.0.51.1-rc.0):
    - BDALog (>= 0.2.2)
    - BDAlogProtocol (>= 1.2.2)
    - BDDataDecorator/Data (>= 1.0.3)
    - boringssl (~> 0.1.4)
    - Godzippa
    - protobuf_lite (= 1.0.2)

DEPENDENCIES:
  - boringssl (= 0.1.5-alpha.10-SMOnline)
  - CryptoSwift (= 1.3.3)
  - EENavigator (= 0.10.27-scene.4)
  - LarkAccountInterface (= 4.1.0.3)
  - LarkDebug (from `.`)
  - LarkFoundation (= 1.7.4)
  - RustPB (= 4.0.0-alpha.48-dev)
  - TTNetworkManager (= 4.0.51.1-rc.0)

SPEC REPOS:
  "git@code.byted.org:ee/pods_specs.git":
    - BDAlogProtocol
    - CryptoSwift
    - EENavigator
    - Homeric
    - LarkActivityIndicatorView
    - LarkDebugExtensionPoint
    - LarkFoundation
    - LarkSQLCipher
    - LKCommonsTracker
    - RoundedHUD
    - RustPB
    - ServerPB
  "git@code.byted.org:iOS_Library/lark_source_repo.git":
    - AppContainer
    - BootManager
    - EEAtomic
    - EEPodInfoDebugger
    - EETroubleKiller
    - LarkAccountInterface
    - LarkCompatible
    - LarkContainer
    - LarkLocalizations
    - LarkModel
    - LarkRustClient
    - LarkSceneManager
    - LKCommonsLogging
    - Logger
    - RunloopTools
    - SuiteCodable
    - Swinject
    - ThreadSafeDataStructure
  "git@code.byted.org:iOS_Library/privatethird_source_repo.git":
    - BDALog
    - BDDataDecorator
    - LarkCombine
    - LarkOpenCombine
    - LarkOpenCombineDispatch
    - LarkOpenCombineFoundation
    - SnapKit
  "git@code.byted.org:iOS_Library/toutiao_source_repo.git":
    - boringssl
    - protobuf_lite
    - TTNetworkManager
  "git@code.byted.org:lark/pod_master_fork.git":
    - Godzippa
    - ReachabilitySwift
    - RxCocoa
    - RxRelay
  trunk:
    - RxSwift
    - SwiftProtobuf

EXTERNAL SOURCES:
  LarkDebug:
    :path: "."

SPEC CHECKSUMS:
  AppContainer: a99081819bb95f044bd67107d77f94cda689d4af
  BDALog: 6d81bfb627f0728ccddb0087a68d0e5f98a1530a
  BDAlogProtocol: d7f8d2374d45dd9d7fbceac16a23896ab3703a5a
  BDDataDecorator: 77a485720d00b3b568b2f4aeadaaf425df6c7c60
  BootManager: cab163404996c471ffb021b8ed842051bbd3568a
  boringssl: 3d751ad531b930e5b04cefd6bdb45a54adbb193c
  CryptoSwift: 2ecb3ab7b890c618ed71e1995906f1882d919c54
  EEAtomic: f9fb73f8c6778baaec72eca484f3d2af56fc8aa0
  EENavigator: b22ac53bdaa362b972e866945a353ad2cc5f1da4
  EEPodInfoDebugger: 9e3b02fb9f11efe60f78794e5e1667ff32ee26e4
  EETroubleKiller: 7889f3d23225e208ce47551e5581b129d5f390d5
  Godzippa: f438af100364a775ef0707d29ab152c356375fbf
  Homeric: 7162521c34bc00a309773d6a98459ffbdee501dc
  LarkAccountInterface: b4c06e7725b6912faa6a9edc99fc7a60391ab2d1
  LarkActivityIndicatorView: 4ac4108638832919c54722afca9cea604cd78ed6
  LarkCombine: c9c136778bdd385f3b711a328849be392b4c8332
  LarkCompatible: 7ecfbd1a199e06541e24ef47f4b759d4ee2e7b86
  LarkContainer: b9a6b354b8ed50870883c9768a2917e16b7e8a76
  LarkDebug: 1bd699af9c12b3c22afbe76b5128ad9b0e3c1219
  LarkDebugExtensionPoint: ac1dfe05c897ba648952fd84d42e88641cb10eb7
  LarkFoundation: 75ac7a88e3095e9c4ffaeb5c0948b982b70e4830
  LarkLocalizations: b4e4d8ae49a8d6b454a5ef21d4b8a0669c6ef550
  LarkModel: da0fde122ef37476de8f21b33cffbb49d8e5a611
  LarkOpenCombine: 3af09c103782bee7e0629e4fc047096ee6c1b166
  LarkOpenCombineDispatch: 1d2b957da2aa23aa18859eddae46a13d3bbf5b57
  LarkOpenCombineFoundation: e9feedaa3f92a7407c8334a16b1b5af542294531
  LarkRustClient: 59e8fdadbd3400255014e611d8abf23955a8b4da
  LarkSceneManager: b9b024baba54c6cf74ca4726681ea3a8ac0549e7
  LarkSQLCipher: b9652ff4352e8e78c999be2730a70e8127a9e0d1
  LKCommonsLogging: c4ab8026cd656d305326a8835325bd0d51ec717f
  LKCommonsTracker: 96b90c23e27fa89ea626b0df8f7cbb18dcfe8833
  Logger: 935cea1a09cd0ab6fddf1dc9ad8d058a01216a68
  protobuf_lite: 5bfeef9b1f90ff650c753b9f2b6c3906595f25ec
  ReachabilitySwift: 985039c6f7b23a1da463388634119492ff86c825
  RoundedHUD: aee7661a31e50d675906fdca5c998d7079ad41fe
  RunloopTools: 16354a736038561dffa19f8036ca2054f4d8fd19
  RustPB: f026a1e4cc0a8e20ac6df69d53c1520301ed6525
  RxCocoa: 5c51f02d562cbd94629f6c26cf0c80fe4ab8d343
  RxRelay: 483e1a19fad961b41f0b0c0bee506f46c1ae14fe
  RxSwift: a834e5c538e89eca0cae86f403f4fbf0336786ce
  ServerPB: 0020cb6c5c1b9edea9185f0383f3f868656c1331
  SnapKit: 6e3aeecc0c504881a40ab33f3208831e5c77c3a9
  SuiteCodable: d9cc4408797ffc1a4bcf8f90fa9de6a31830628a
  SwiftProtobuf: 3320217e9d8fb75f36b40282e78c482640fd75dd
  Swinject: 032c1e3b98df75ac2f00b3a40bfab2981bd725bc
  ThreadSafeDataStructure: abed97b3b62dcb1f1c1426f3ed85b961f6d2209e
  TTNetworkManager: 6f93be01b51a3e3f9dfb211d867288c840eb3aa3

PODFILE CHECKSUM: dfc02039edc1a6bb4e0fc5bd7c3588e37e3fff70

COCOAPODS: 1.9.3
