// !$*UTF8*$!
{
	archiveVersion = 1;
	classes = {
	};
	objectVersion = 54;
	objects = {

/* Begin PBXBuildFile section */
		1256442156B113D6DDA07E52C69E07D5 /* InfoPlist.strings in Resources */ = {isa = PBXBuildFile; fileRef = 0582342314161634B92737D5604DD28D /* InfoPlist.strings */; };
		184A4472652C708232D55667F5BFC8EC /* simpleLogger.swift in Sources */ = {isa = PBXBuildFile; fileRef = 266CFFF0B68EB6A61949FB131867185A /* simpleLogger.swift */; };
		41584E88BEC478B17121C9CB3B3A182D /* VideoEngineApplicationDelegate.swift in Sources */ = {isa = PBXBuildFile; fileRef = 02BE4A2A6A867099B0AEBE38DC03006D /* VideoEngineApplicationDelegate.swift */; };
		4542B507F8CAEACFD27C74BD487517BB /* MineViewController.swift in Sources */ = {isa = PBXBuildFile; fileRef = 344D27468A4257B39057C8A6472462F0 /* MineViewController.swift */; };
		512BE13C970129A261A488A2260C3B32 /* Assets.xcassets in Resources */ = {isa = PBXBuildFile; fileRef = 31DBE6443C3F38FFFD3B65E3C1E9B79D /* Assets.xcassets */; };
		5E528F9FE0AAC62E4866955EDA871972 /* SetupServerPushTask.swift in Sources */ = {isa = PBXBuildFile; fileRef = 64D57727DCD08777EB12D279870300FD /* SetupServerPushTask.swift */; };
		67B05AFE9B0E78BB3252A7E2019DD07A /* MockAssembly.swift in Sources */ = {isa = PBXBuildFile; fileRef = C89814A465D33A3ABDEBD4A56CED79F6 /* MockAssembly.swift */; };
		73D78EE641D3C24D649BBEDE4FCFA262 /* MockNewGuideTask.swift in Sources */ = {isa = PBXBuildFile; fileRef = 9C6B558A5C95F7E9BCA06DFBAD79C570 /* MockNewGuideTask.swift */; };
		7A9C58DD9264AF11CE01E2E8A13E5608 /* Pods_LarkMinutesDemo.framework in Frameworks */ = {isa = PBXBuildFile; fileRef = 9A11E23775EF3F86941FBC9F8AA66755 /* Pods_LarkMinutesDemo.framework */; };
		7B4B2C493F1268D8561FAA922923BBAD /* LaunchScreen.storyboard in Resources */ = {isa = PBXBuildFile; fileRef = 8AB5B55156339E48E6EA80DFA200FC5C /* LaunchScreen.storyboard */; };
		875E0EBFEBA706B320603061822C5FC0 /* MockNavigationAPI.swift in Sources */ = {isa = PBXBuildFile; fileRef = BE58107D1F30EBF7C1064E04D40266C8 /* MockNavigationAPI.swift */; };
		A23DE30FD4EDD795C1227A8A41497F3D /* SetupUATask.swift in Sources */ = {isa = PBXBuildFile; fileRef = A7B865A25998DD2351101D441279931D /* SetupUATask.swift */; };
		A81F79ECE96E70E3CF9860555A6A88AB /* AppReciableSDKTask.swift in Sources */ = {isa = PBXBuildFile; fileRef = C08BD3B59147A08727FE210FAB7DA0DA /* AppReciableSDKTask.swift */; };
		BA3C6C1005EB37C997CF32AF /* BaseAssembly.swift in Sources */ = {isa = PBXBuildFile; fileRef = B1557CF8550DE59FA511FEE1 /* BaseAssembly.swift */; };
		C1C1D3A12B2B49F92216AE5BF4CDD10B /* ListTableViewController.swift in Sources */ = {isa = PBXBuildFile; fileRef = CCDCD8C0D446510DD3CACC0BC34866E3 /* ListTableViewController.swift */; };
		C4DB47D18CB4C7ED2310EBEAE54FFAE0 /* main.swift in Sources */ = {isa = PBXBuildFile; fileRef = DD0C5A5C1FDD4C575CDA32C081C6B2F1 /* main.swift */; };
		D682F639533EE7F24BFE640474FE802F /* SetupDispatcherTask.swift in Sources */ = {isa = PBXBuildFile; fileRef = 99CE43301B1722F30D82B91641AC87ED /* SetupDispatcherTask.swift */; };
		F270395EC13FD4012B35E174F5C43367 /* LarkGuideDependencyImpl.swift in Sources */ = {isa = PBXBuildFile; fileRef = 4A93AF36B4C6A1BB22C15C475CDF45A7 /* LarkGuideDependencyImpl.swift */; };
/* End PBXBuildFile section */

/* Begin PBXContainerItemProxy section */
		F1F2F2800929A44358913D0898DBBFD7 /* PBXContainerItemProxy */ = {
			isa = PBXContainerItemProxy;
			containerPortal = FB1DA50216BE23D1B6DC0B27344DD75A /* Project object */;
			proxyType = 1;
			remoteGlobalIDString = 845EEAADD4D0E4CF10CCF8C7D4806501;
			remoteInfo = LarkMinutesDemo;
		};
/* End PBXContainerItemProxy section */

/* Begin PBXFileReference section */
		02BE4A2A6A867099B0AEBE38DC03006D /* VideoEngineApplicationDelegate.swift */ = {isa = PBXFileReference; fileEncoding = 4; lastKnownFileType = sourcecode.swift; name = VideoEngineApplicationDelegate.swift; path = src/Mocked/VideoEngineApplicationDelegate.swift; sourceTree = "<group>"; };
		0659765CF412F7477732A903CDE379BD /* Pods-LarkMinutesDemo.release.xcconfig */ = {isa = PBXFileReference; includeInIndex = 1; lastKnownFileType = text.xcconfig; name = "Pods-LarkMinutesDemo.release.xcconfig"; path = "Target Support Files/Pods-LarkMinutesDemo/Pods-LarkMinutesDemo.release.xcconfig"; sourceTree = "<group>"; };
		08B9D38159D32E4CDFEA17F0AC237864 /* Info.plist */ = {isa = PBXFileReference; fileEncoding = 4; lastKnownFileType = text.plist.xml; path = Info.plist; sourceTree = "<group>"; };
		17363F1C0CAB16B055AC3F5A3D0E25E3 /* LarkMinutes.app */ = {isa = PBXFileReference; explicitFileType = wrapper.application; includeInIndex = 0; path = LarkMinutes.app; sourceTree = BUILT_PRODUCTS_DIR; };
		266CFFF0B68EB6A61949FB131867185A /* simpleLogger.swift */ = {isa = PBXFileReference; fileEncoding = 4; lastKnownFileType = sourcecode.swift; name = simpleLogger.swift; path = src/Mocked/simpleLogger.swift; sourceTree = "<group>"; };
		2DD172526103C188FA29DA493338A204 /* ja */ = {isa = PBXFileReference; lastKnownFileType = text.plist.strings; name = ja; path = ja.lproj/InfoPlist.strings; sourceTree = "<group>"; };
		31DBE6443C3F38FFFD3B65E3C1E9B79D /* Assets.xcassets */ = {isa = PBXFileReference; lastKnownFileType = folder.assetcatalog; path = Assets.xcassets; sourceTree = "<group>"; };
		344D27468A4257B39057C8A6472462F0 /* MineViewController.swift */ = {isa = PBXFileReference; fileEncoding = 4; lastKnownFileType = sourcecode.swift; name = MineViewController.swift; path = src/ViewController/MineViewController.swift; sourceTree = "<group>"; };
		4A93AF36B4C6A1BB22C15C475CDF45A7 /* LarkGuideDependencyImpl.swift */ = {isa = PBXFileReference; fileEncoding = 4; lastKnownFileType = sourcecode.swift; name = LarkGuideDependencyImpl.swift; path = src/Mocked/LarkGuideDependencyImpl.swift; sourceTree = "<group>"; };
		64D57727DCD08777EB12D279870300FD /* SetupServerPushTask.swift */ = {isa = PBXFileReference; fileEncoding = 4; lastKnownFileType = sourcecode.swift; name = SetupServerPushTask.swift; path = src/Mocked/SetupServerPushTask.swift; sourceTree = "<group>"; };
		67CE57EBD4CE88C97CA2FC17513C0E7B /* en */ = {isa = PBXFileReference; lastKnownFileType = text.plist.strings; name = en; path = en.lproj/InfoPlist.strings; sourceTree = "<group>"; };
		8AB5B55156339E48E6EA80DFA200FC5C /* LaunchScreen.storyboard */ = {isa = PBXFileReference; lastKnownFileType = file.storyboard; path = LaunchScreen.storyboard; sourceTree = "<group>"; };
		99CE43301B1722F30D82B91641AC87ED /* SetupDispatcherTask.swift */ = {isa = PBXFileReference; fileEncoding = 4; lastKnownFileType = sourcecode.swift; name = SetupDispatcherTask.swift; path = src/Mocked/SetupDispatcherTask.swift; sourceTree = "<group>"; };
		9A11E23775EF3F86941FBC9F8AA66755 /* Pods_LarkMinutesDemo.framework */ = {isa = PBXFileReference; explicitFileType = wrapper.framework; includeInIndex = 0; path = Pods_LarkMinutesDemo.framework; sourceTree = BUILT_PRODUCTS_DIR; };
		9C6B558A5C95F7E9BCA06DFBAD79C570 /* MockNewGuideTask.swift */ = {isa = PBXFileReference; fileEncoding = 4; lastKnownFileType = sourcecode.swift; name = MockNewGuideTask.swift; path = src/Mocked/MockNewGuideTask.swift; sourceTree = "<group>"; };
		A7B865A25998DD2351101D441279931D /* SetupUATask.swift */ = {isa = PBXFileReference; fileEncoding = 4; lastKnownFileType = sourcecode.swift; name = SetupUATask.swift; path = src/Mocked/SetupUATask.swift; sourceTree = "<group>"; };
		AE5467AE7C38B355008B6FE69F93EBE3 /* Pods-LarkMinutesDemo.debug.xcconfig */ = {isa = PBXFileReference; includeInIndex = 1; lastKnownFileType = text.xcconfig; name = "Pods-LarkMinutesDemo.debug.xcconfig"; path = "Target Support Files/Pods-LarkMinutesDemo/Pods-LarkMinutesDemo.debug.xcconfig"; sourceTree = "<group>"; };
		B1557CF8550DE59FA511FEE1 /* BaseAssembly.swift */ = {isa = PBXFileReference; fileEncoding = 4; lastKnownFileType = sourcecode.swift; path = BaseAssembly.swift; sourceTree = "<group>"; };
		BE58107D1F30EBF7C1064E04D40266C8 /* MockNavigationAPI.swift */ = {isa = PBXFileReference; fileEncoding = 4; lastKnownFileType = sourcecode.swift; name = MockNavigationAPI.swift; path = src/Mocked/MockNavigationAPI.swift; sourceTree = "<group>"; };
		C08BD3B59147A08727FE210FAB7DA0DA /* AppReciableSDKTask.swift */ = {isa = PBXFileReference; fileEncoding = 4; lastKnownFileType = sourcecode.swift; name = AppReciableSDKTask.swift; path = src/Mocked/AppReciableSDKTask.swift; sourceTree = "<group>"; };
		C89814A465D33A3ABDEBD4A56CED79F6 /* MockAssembly.swift */ = {isa = PBXFileReference; fileEncoding = 4; lastKnownFileType = sourcecode.swift; name = MockAssembly.swift; path = src/Mocked/MockAssembly.swift; sourceTree = "<group>"; };
		CCDCD8C0D446510DD3CACC0BC34866E3 /* ListTableViewController.swift */ = {isa = PBXFileReference; fileEncoding = 4; lastKnownFileType = sourcecode.swift; name = ListTableViewController.swift; path = src/ViewController/ListTableViewController.swift; sourceTree = "<group>"; };
		DD0C5A5C1FDD4C575CDA32C081C6B2F1 /* main.swift */ = {isa = PBXFileReference; fileEncoding = 4; lastKnownFileType = sourcecode.swift; path = main.swift; sourceTree = "<group>"; };
		F63C72B3F96E7CCFB77473C7658D3CE8 /* zh-Hans */ = {isa = PBXFileReference; lastKnownFileType = text.plist.strings; name = "zh-Hans"; path = "zh-Hans.lproj/InfoPlist.strings"; sourceTree = "<group>"; };
		FA0A90BC6DB411AA6E85F297FF11DC68 /* LarkMinutesUnitTest.xctest */ = {isa = PBXFileReference; explicitFileType = wrapper.cfbundle; includeInIndex = 0; path = LarkMinutesUnitTest.xctest; sourceTree = BUILT_PRODUCTS_DIR; };
/* End PBXFileReference section */

/* Begin PBXFrameworksBuildPhase section */
		06ED8212514F30DC3A46F9EDCD653AC7 /* Frameworks */ = {
			isa = PBXFrameworksBuildPhase;
			buildActionMask = 2147483647;
			files = (
				7A9C58DD9264AF11CE01E2E8A13E5608 /* Pods_LarkMinutesDemo.framework in Frameworks */,
			);
			runOnlyForDeploymentPostprocessing = 0;
		};
		2E396D06477FCD579FD86311D7BF620C /* Frameworks */ = {
			isa = PBXFrameworksBuildPhase;
			buildActionMask = 2147483647;
			files = (
			);
			runOnlyForDeploymentPostprocessing = 0;
		};
/* End PBXFrameworksBuildPhase section */

/* Begin PBXGroup section */
		0172A7834837A533F96411DA1CDABC8D = {
			isa = PBXGroup;
			children = (
				18B50B366821468FF2C1B7A45349BA99 /* Frameworks */,
				707386DA8694E1785D5DA2F4B841E223 /* LarkMinutesDemo */,
				ED5CC2E7ED631790D0544A76A7823048 /* Pods */,
				CA610A7F81EA704E32CA5C13BDF72F5C /* Products */,
			);
			sourceTree = "<group>";
		};
		18B50B366821468FF2C1B7A45349BA99 /* Frameworks */ = {
			isa = PBXGroup;
			children = (
				9A11E23775EF3F86941FBC9F8AA66755 /* Pods_LarkMinutesDemo.framework */,
			);
			name = Frameworks;
			sourceTree = "<group>";
		};
		707386DA8694E1785D5DA2F4B841E223 /* LarkMinutesDemo */ = {
			isa = PBXGroup;
			children = (
				C08BD3B59147A08727FE210FAB7DA0DA /* AppReciableSDKTask.swift */,
				31DBE6443C3F38FFFD3B65E3C1E9B79D /* Assets.xcassets */,
				08B9D38159D32E4CDFEA17F0AC237864 /* Info.plist */,
				0582342314161634B92737D5604DD28D /* InfoPlist.strings */,
				4A93AF36B4C6A1BB22C15C475CDF45A7 /* LarkGuideDependencyImpl.swift */,
				8AB5B55156339E48E6EA80DFA200FC5C /* LaunchScreen.storyboard */,
				CCDCD8C0D446510DD3CACC0BC34866E3 /* ListTableViewController.swift */,
				344D27468A4257B39057C8A6472462F0 /* MineViewController.swift */,
				C89814A465D33A3ABDEBD4A56CED79F6 /* MockAssembly.swift */,
				BE58107D1F30EBF7C1064E04D40266C8 /* MockNavigationAPI.swift */,
				9C6B558A5C95F7E9BCA06DFBAD79C570 /* MockNewGuideTask.swift */,
				99CE43301B1722F30D82B91641AC87ED /* SetupDispatcherTask.swift */,
				64D57727DCD08777EB12D279870300FD /* SetupServerPushTask.swift */,
				A7B865A25998DD2351101D441279931D /* SetupUATask.swift */,
				02BE4A2A6A867099B0AEBE38DC03006D /* VideoEngineApplicationDelegate.swift */,
				DD0C5A5C1FDD4C575CDA32C081C6B2F1 /* main.swift */,
				266CFFF0B68EB6A61949FB131867185A /* simpleLogger.swift */,
				B1557CF8550DE59FA511FEE1 /* BaseAssembly.swift */,
			);
			path = LarkMinutesDemo;
			sourceTree = "<group>";
		};
		CA610A7F81EA704E32CA5C13BDF72F5C /* Products */ = {
			isa = PBXGroup;
			children = (
				FA0A90BC6DB411AA6E85F297FF11DC68 /* LarkMinutesUnitTest.xctest */,
				17363F1C0CAB16B055AC3F5A3D0E25E3 /* LarkMinutes.app */,
			);
			name = Products;
			sourceTree = "<group>";
		};
		ED5CC2E7ED631790D0544A76A7823048 /* Pods */ = {
			isa = PBXGroup;
			children = (
				AE5467AE7C38B355008B6FE69F93EBE3 /* Pods-LarkMinutesDemo.debug.xcconfig */,
				0659765CF412F7477732A903CDE379BD /* Pods-LarkMinutesDemo.release.xcconfig */,
			);
			path = Pods;
			sourceTree = "<group>";
		};
/* End PBXGroup section */

/* Begin PBXNativeTarget section */
		845EEAADD4D0E4CF10CCF8C7D4806501 /* LarkMinutesDemo */ = {
			isa = PBXNativeTarget;
			buildConfigurationList = F5231A1A69A2E27722797A9E09034914 /* Build configuration list for PBXNativeTarget "LarkMinutesDemo" */;
			buildPhases = (
				A4FCB3620FACC45366975CCC5B6E718C /* [CP] Check Pods Manifest.lock */,
				EB3FC8616EC39D8E929668BFEE6182C4 /* [CP-User] Hummer-before-hooks */,
				973A4E5271AADC851532E9B31C7DD2E5 /* Sources */,
				06ED8212514F30DC3A46F9EDCD653AC7 /* Frameworks */,
				4D1AB0C962A265F8F22F729E8C864ACB /* Resources */,
				BAFA913A9413CB8CE0785E71770C99F1 /* [CP] Record Xcode SRCROOT */,
				7FE2A3871AE03319E7D3D9A0DCA8AA70 /* [CP] Copy Pods Resources */,
				2C72B6B35B214B9AFD64FE75FF63A13A /* [CP-User] Hummer-after-hooks */,
				321C08DC935564E257A52BDE /* [CP] Embed Pods Frameworks */,
			);
			buildRules = (
			);
			dependencies = (
			);
			name = LarkMinutesDemo;
			productName = LarkFileDemo;
			productReference = 17363F1C0CAB16B055AC3F5A3D0E25E3 /* LarkMinutes.app */;
			productType = "com.apple.product-type.application";
		};
		A2F39ACD5DCE63F0192D750DF5FB95C4 /* LarkMinutesUnitTest */ = {
			isa = PBXNativeTarget;
			buildConfigurationList = 9F35093CB50181DF430B12CB07D318AC /* Build configuration list for PBXNativeTarget "LarkMinutesUnitTest" */;
			buildPhases = (
				FE42F4435B8718B803336A199B37B17A /* Sources */,
				2E396D06477FCD579FD86311D7BF620C /* Frameworks */,
				BC0C4C41F400430B8ADD46B64399A0D2 /* Resources */,
				47F075A6C8E1ED04869AF39F9F6FD37F /* [CP] Record Xcode SRCROOT */,
			);
			buildRules = (
			);
			dependencies = (
				4A47A723CEACC1FE60AB881C45E39F63 /* PBXTargetDependency */,
			);
			name = LarkMinutesUnitTest;
			productName = LarkMessengerUnitTest;
			productReference = FA0A90BC6DB411AA6E85F297FF11DC68 /* LarkMinutesUnitTest.xctest */;
			productType = "com.apple.product-type.bundle.unit-test";
		};
/* End PBXNativeTarget section */

/* Begin PBXProject section */
		FB1DA50216BE23D1B6DC0B27344DD75A /* Project object */ = {
			isa = PBXProject;
			attributes = {
				LastSwiftUpdateCheck = 1140;
				LastUpgradeCheck = 1120;
				ORGANIZATIONNAME = Bytedance.Inc;
				TargetAttributes = {
					845EEAADD4D0E4CF10CCF8C7D4806501 = {
						CreatedOnToolsVersion = 11.1;
						LastSwiftMigration = 1230;
					};
					A2F39ACD5DCE63F0192D750DF5FB95C4 = {
						CreatedOnToolsVersion = 11.3;
					};
				};
			};
			buildConfigurationList = 4D51601EEBA73E96758EB01FAF11A128 /* Build configuration list for PBXProject "LarkMinutes" */;
			compatibilityVersion = "Xcode 12.0";
			developmentRegion = en;
			hasScannedForEncodings = 0;
			knownRegions = (
				Base,
				en,
				"zh-Hans",
				ja,
			);
			mainGroup = 0172A7834837A533F96411DA1CDABC8D;
			productRefGroup = CA610A7F81EA704E32CA5C13BDF72F5C /* Products */;
			projectDirPath = "";
			projectRoot = "";
			targets = (
				845EEAADD4D0E4CF10CCF8C7D4806501 /* LarkMinutesDemo */,
				A2F39ACD5DCE63F0192D750DF5FB95C4 /* LarkMinutesUnitTest */,
			);
		};
/* End PBXProject section */

/* Begin PBXResourcesBuildPhase section */
		4D1AB0C962A265F8F22F729E8C864ACB /* Resources */ = {
			isa = PBXResourcesBuildPhase;
			buildActionMask = 2147483647;
			files = (
				512BE13C970129A261A488A2260C3B32 /* Assets.xcassets in Resources */,
				1256442156B113D6DDA07E52C69E07D5 /* InfoPlist.strings in Resources */,
				7B4B2C493F1268D8561FAA922923BBAD /* LaunchScreen.storyboard in Resources */,
			);
			runOnlyForDeploymentPostprocessing = 0;
		};
		BC0C4C41F400430B8ADD46B64399A0D2 /* Resources */ = {
			isa = PBXResourcesBuildPhase;
			buildActionMask = 2147483647;
			files = (
			);
			runOnlyForDeploymentPostprocessing = 0;
		};
/* End PBXResourcesBuildPhase section */

/* Begin PBXShellScriptBuildPhase section */
		2C72B6B35B214B9AFD64FE75FF63A13A /* [CP-User] Hummer-after-hooks */ = {
			isa = PBXShellScriptBuildPhase;
			buildActionMask = 2147483647;
			files = (
			);
			name = "[CP-User] Hummer-after-hooks";
			runOnlyForDeploymentPostprocessing = 0;
			shellPath = /bin/sh;
			shellScript = "if [ -f \"${PODS_ROOT}/hummer_after_hooks.sh\" ];then\n  bash \"${PODS_ROOT}/hummer_after_hooks.sh\"\nfi\n";
		};
		321C08DC935564E257A52BDE /* [CP] Embed Pods Frameworks */ = {
			isa = PBXShellScriptBuildPhase;
			buildActionMask = 2147483647;
			files = (
			);
			inputFileListPaths = (
				"${PODS_ROOT}/Target Support Files/Pods-LarkMinutesDemo/Pods-LarkMinutesDemo-frameworks-${CONFIGURATION}-input-files.xcfilelist",
			);
			name = "[CP] Embed Pods Frameworks";
			outputFileListPaths = (
				"${PODS_ROOT}/Target Support Files/Pods-LarkMinutesDemo/Pods-LarkMinutesDemo-frameworks-${CONFIGURATION}-output-files.xcfilelist",
			);
			runOnlyForDeploymentPostprocessing = 0;
			shellPath = /bin/sh;
			shellScript = "\"${PODS_ROOT}/Target Support Files/Pods-LarkMinutesDemo/Pods-LarkMinutesDemo-frameworks.sh\"\n";
			showEnvVarsInLog = 0;
		};
		47F075A6C8E1ED04869AF39F9F6FD37F /* [CP] Record Xcode SRCROOT */ = {
			isa = PBXShellScriptBuildPhase;
			buildActionMask = 2147483647;
			files = (
			);
			inputFileListPaths = (
			);
			inputPaths = (
			);
			name = "[CP] Record Xcode SRCROOT";
			outputFileListPaths = (
			);
			outputPaths = (
			);
			runOnlyForDeploymentPostprocessing = 0;
			shellPath = /bin/sh;
			shellScript = "echo \"$SRCROOT\" > ~/.last_xcode_root\n";
			showEnvVarsInLog = 0;
		};
		7FE2A3871AE03319E7D3D9A0DCA8AA70 /* [CP] Copy Pods Resources */ = {
			isa = PBXShellScriptBuildPhase;
			buildActionMask = 2147483647;
			files = (
			);
			inputFileListPaths = (
				"${PODS_ROOT}/Target Support Files/Pods-LarkMinutesDemo/Pods-LarkMinutesDemo-resources-${CONFIGURATION}-input-files.xcfilelist",
			);
			name = "[CP] Copy Pods Resources";
			outputFileListPaths = (
				"${PODS_ROOT}/Target Support Files/Pods-LarkMinutesDemo/Pods-LarkMinutesDemo-resources-${CONFIGURATION}-output-files.xcfilelist",
			);
			runOnlyForDeploymentPostprocessing = 0;
			shellPath = /bin/sh;
			shellScript = "\"${PODS_ROOT}/Target Support Files/Pods-LarkMinutesDemo/Pods-LarkMinutesDemo-resources.sh\"\n";
			showEnvVarsInLog = 0;
		};
		A4FCB3620FACC45366975CCC5B6E718C /* [CP] Check Pods Manifest.lock */ = {
			isa = PBXShellScriptBuildPhase;
			buildActionMask = 2147483647;
			files = (
			);
			inputFileListPaths = (
			);
			inputPaths = (
				"${PODS_PODFILE_DIR_PATH}/Podfile.lock",
				"${PODS_ROOT}/Manifest.lock",
			);
			name = "[CP] Check Pods Manifest.lock";
			outputFileListPaths = (
			);
			outputPaths = (
				"$(DERIVED_FILE_DIR)/Pods-LarkMinutesDemo-checkManifestLockResult.txt",
			);
			runOnlyForDeploymentPostprocessing = 0;
			shellPath = /bin/sh;
			shellScript = "diff \"${PODS_PODFILE_DIR_PATH}/Podfile.lock\" \"${PODS_ROOT}/Manifest.lock\" > /dev/null\nif [ $? != 0 ] ; then\n    # print error to STDERR\n    echo \"error: The sandbox is not in sync with the Podfile.lock. Run 'pod install' or update your CocoaPods installation.\" >&2\n    exit 1\nfi\n# This output is used by Xcode 'outputs' to avoid re-running this script phase.\necho \"SUCCESS\" > \"${SCRIPT_OUTPUT_FILE_0}\"\n";
			showEnvVarsInLog = 0;
		};
		BAFA913A9413CB8CE0785E71770C99F1 /* [CP] Record Xcode SRCROOT */ = {
			isa = PBXShellScriptBuildPhase;
			buildActionMask = 2147483647;
			files = (
			);
			inputFileListPaths = (
			);
			inputPaths = (
			);
			name = "[CP] Record Xcode SRCROOT";
			outputFileListPaths = (
			);
			outputPaths = (
			);
			runOnlyForDeploymentPostprocessing = 0;
			shellPath = /bin/sh;
			shellScript = "echo \"$SRCROOT\" > ~/.last_xcode_root\n";
			showEnvVarsInLog = 0;
		};
		EB3FC8616EC39D8E929668BFEE6182C4 /* [CP-User] Hummer-before-hooks */ = {
			isa = PBXShellScriptBuildPhase;
			buildActionMask = 2147483647;
			files = (
			);
			name = "[CP-User] Hummer-before-hooks";
			runOnlyForDeploymentPostprocessing = 0;
			shellPath = /bin/sh;
			shellScript = "if [ -f \"${PODS_ROOT}/hummer_before_hooks.sh\" ];then\n  bash \"${PODS_ROOT}/hummer_before_hooks.sh\"\nfi\n";
		};
/* End PBXShellScriptBuildPhase section */

/* Begin PBXSourcesBuildPhase section */
		973A4E5271AADC851532E9B31C7DD2E5 /* Sources */ = {
			isa = PBXSourcesBuildPhase;
			buildActionMask = 2147483647;
			files = (
				A81F79ECE96E70E3CF9860555A6A88AB /* AppReciableSDKTask.swift in Sources */,
				F270395EC13FD4012B35E174F5C43367 /* LarkGuideDependencyImpl.swift in Sources */,
				C1C1D3A12B2B49F92216AE5BF4CDD10B /* ListTableViewController.swift in Sources */,
				4542B507F8CAEACFD27C74BD487517BB /* MineViewController.swift in Sources */,
				67B05AFE9B0E78BB3252A7E2019DD07A /* MockAssembly.swift in Sources */,
				875E0EBFEBA706B320603061822C5FC0 /* MockNavigationAPI.swift in Sources */,
				73D78EE641D3C24D649BBEDE4FCFA262 /* MockNewGuideTask.swift in Sources */,
				D682F639533EE7F24BFE640474FE802F /* SetupDispatcherTask.swift in Sources */,
				5E528F9FE0AAC62E4866955EDA871972 /* SetupServerPushTask.swift in Sources */,
				A23DE30FD4EDD795C1227A8A41497F3D /* SetupUATask.swift in Sources */,
				41584E88BEC478B17121C9CB3B3A182D /* VideoEngineApplicationDelegate.swift in Sources */,
				C4DB47D18CB4C7ED2310EBEAE54FFAE0 /* main.swift in Sources */,
				184A4472652C708232D55667F5BFC8EC /* simpleLogger.swift in Sources */,
				BA3C6C1005EB37C997CF32AF /* BaseAssembly.swift in Sources */,
			);
			runOnlyForDeploymentPostprocessing = 0;
		};
		FE42F4435B8718B803336A199B37B17A /* Sources */ = {
			isa = PBXSourcesBuildPhase;
			buildActionMask = 2147483647;
			files = (
			);
			runOnlyForDeploymentPostprocessing = 0;
		};
/* End PBXSourcesBuildPhase section */

/* Begin PBXTargetDependency section */
		4A47A723CEACC1FE60AB881C45E39F63 /* PBXTargetDependency */ = {
			isa = PBXTargetDependency;
			target = 845EEAADD4D0E4CF10CCF8C7D4806501 /* LarkMinutesDemo */;
			targetProxy = F1F2F2800929A44358913D0898DBBFD7 /* PBXContainerItemProxy */;
		};
/* End PBXTargetDependency section */

/* Begin PBXVariantGroup section */
		0582342314161634B92737D5604DD28D /* InfoPlist.strings */ = {
			isa = PBXVariantGroup;
			children = (
				67CE57EBD4CE88C97CA2FC17513C0E7B /* en */,
				2DD172526103C188FA29DA493338A204 /* ja */,
				F63C72B3F96E7CCFB77473C7658D3CE8 /* zh-Hans */,
			);
			name = InfoPlist.strings;
			sourceTree = "<group>";
		};
/* End PBXVariantGroup section */

/* Begin XCBuildConfiguration section */
		1FC15E708EA8B5BB5507F63214FA2F66 /* Release */ = {
			isa = XCBuildConfiguration;
			baseConfigurationReference = 0659765CF412F7477732A903CDE379BD /* Pods-LarkMinutesDemo.release.xcconfig */;
			buildSettings = {
				ASSETCATALOG_COMPILER_APPICON_NAME = AppIcon;
				CLANG_ANALYZER_NUMBER_OBJECT_CONVERSION = YES_AGGRESSIVE;
				CLANG_ENABLE_MODULES = YES;
				CLANG_ENABLE_OBJC_WEAK = YES;
				CLANG_WARN_UNGUARDED_AVAILABILITY = YES_AGGRESSIVE;
				CODE_SIGN_IDENTITY = "Apple Development";
				CODE_SIGN_STYLE = Automatic;
				CURRENT_PROJECT_VERSION = 10000;
				DEVELOPMENT_TEAM = XY6NLV7YTS;
				ENABLE_BITCODE = "$(inherited)";
				GCC_C_LANGUAGE_STANDARD = gnu11;
				GCC_OPTIMIZATION_LEVEL = z;
				INFOPLIST_FILE = "$(SRCROOT)/LarkMinutesDemo/Info.plist";
				LD_RUNPATH_SEARCH_PATHS = (
					"$(inherited)",
					"@executable_path/Frameworks",
				);
				MARKETING_VERSION = "5.15.0-minutes";
				MTL_FAST_MATH = YES;
				OTHER_SWIFT_FLAGS = "$(inherited) -Xcc -Wno-error=non-modular-include-in-framework-module -Xfrontend -no-serialize-debugging-options";
				PRODUCT_BUNDLE_IDENTIFIER = com.bytedance.ee.lark.vc.demo;
				PRODUCT_NAME = LarkMinutes;
				PROVISIONING_PROFILE_SPECIFIER = "";
				SWIFT_OBJC_BRIDGING_HEADER = "";
				SWIFT_OPTIMIZATION_LEVEL = "-Osize";
				TARGETED_DEVICE_FAMILY = "1,2";
				WARNING_CFLAGS = (
					"-Wno-nullability-completeness",
					"-Wno-nonnull",
				);
			};
			name = Release;
		};
		2A247122DD146AEDA83EF882B8221780 /* Release */ = {
			isa = XCBuildConfiguration;
			buildSettings = {
				CLANG_ANALYZER_NUMBER_OBJECT_CONVERSION = YES_AGGRESSIVE;
				CLANG_ENABLE_OBJC_WEAK = YES;
				CLANG_WARN_UNGUARDED_AVAILABILITY = YES_AGGRESSIVE;
				CODE_SIGN_STYLE = Automatic;
				DEVELOPMENT_TEAM = XY6NLV7YTS;
				GCC_C_LANGUAGE_STANDARD = gnu11;
				GCC_OPTIMIZATION_LEVEL = 3;
				INFOPLIST_FILE = LarkMessengerUnitTest/Info.plist;
				LD_RUNPATH_SEARCH_PATHS = (
					"$(inherited)",
					"@executable_path/Frameworks",
					"@loader_path/Frameworks",
				);
				MTL_FAST_MATH = YES;
				OTHER_SWIFT_FLAGS = "$(inherited)  -Xcc -Wno-error=non-modular-include-in-framework-module";
				PRODUCT_BUNDLE_IDENTIFIER = CharlieSu.LarkMessengerUnitTest;
				PRODUCT_NAME = "$(TARGET_NAME)";
				TARGETED_DEVICE_FAMILY = "1,2";
				TEST_HOST = "$(BUILT_PRODUCTS_DIR)/UnitTestHost.app/UnitTestHost";
			};
			name = Release;
		};
		6929E70765445B6D2CADA7603634FA00 /* Release */ = {
			isa = XCBuildConfiguration;
			buildSettings = {
				ALWAYS_SEARCH_USER_PATHS = NO;
				CLANG_ANALYZER_LOCALIZABILITY_NONLOCALIZED = YES;
				CLANG_ANALYZER_NONNULL = YES;
				CLANG_CXX_LANGUAGE_STANDARD = "gnu++0x";
				CLANG_CXX_LIBRARY = "libc++";
				CLANG_ENABLE_MODULES = YES;
				CLANG_ENABLE_OBJC_ARC = YES;
				CLANG_WARN_BLOCK_CAPTURE_AUTORELEASING = YES;
				CLANG_WARN_BOOL_CONVERSION = YES;
				CLANG_WARN_COMMA = YES;
				CLANG_WARN_CONSTANT_CONVERSION = YES;
				CLANG_WARN_DEPRECATED_OBJC_IMPLEMENTATIONS = YES;
				CLANG_WARN_DIRECT_OBJC_ISA_USAGE = YES_ERROR;
				CLANG_WARN_DOCUMENTATION_COMMENTS = YES;
				CLANG_WARN_EMPTY_BODY = YES;
				CLANG_WARN_ENUM_CONVERSION = YES;
				CLANG_WARN_INFINITE_RECURSION = YES;
				CLANG_WARN_INT_CONVERSION = YES;
				CLANG_WARN_NON_LITERAL_NULL_CONVERSION = YES;
				CLANG_WARN_OBJC_IMPLICIT_RETAIN_SELF = YES;
				CLANG_WARN_OBJC_LITERAL_CONVERSION = YES;
				CLANG_WARN_OBJC_ROOT_CLASS = YES_ERROR;
				CLANG_WARN_RANGE_LOOP_ANALYSIS = YES;
				CLANG_WARN_STRICT_PROTOTYPES = YES;
				CLANG_WARN_SUSPICIOUS_MOVE = YES;
				CLANG_WARN_UNREACHABLE_CODE = YES;
				CLANG_WARN__DUPLICATE_METHOD_MATCH = YES;
				"CODE_SIGN_IDENTITY[sdk=iphoneos*]" = "iPhone Developer";
				COPY_PHASE_STRIP = NO;
				DEBUG_INFORMATION_FORMAT = "dwarf-with-dsym";
				ENABLE_BITCODE = NO;
				ENABLE_NS_ASSERTIONS = NO;
				ENABLE_STRICT_OBJC_MSGSEND = YES;
				"EXCLUDED_ARCHS[sdk=iphonesimulator*]" = arm64;
				GCC_C_LANGUAGE_STANDARD = gnu99;
				GCC_NO_COMMON_BLOCKS = YES;
				GCC_WARN_64_TO_32_BIT_CONVERSION = YES;
				GCC_WARN_ABOUT_RETURN_TYPE = YES_ERROR;
				GCC_WARN_UNDECLARED_SELECTOR = YES;
				GCC_WARN_UNINITIALIZED_AUTOS = YES_AGGRESSIVE;
				GCC_WARN_UNUSED_FUNCTION = YES;
				GCC_WARN_UNUSED_VARIABLE = YES;
				IPHONEOS_DEPLOYMENT_TARGET = 12.0;
				MTL_ENABLE_DEBUG_INFO = NO;
				OTHER_SWIFT_FLAGS = "-Xcc -Wno-nullability-completeness -Xcc -Wno-nonnull -Xcc -Wno-incomplete-umbrella";
				SDKROOT = iphoneos;
				SWIFT_COMPILATION_MODE = wholemodule;
				SWIFT_OPTIMIZATION_LEVEL = "-O";
				SWIFT_VERSION = 5.0;
				TARGETED_DEVICE_FAMILY = "1,2";
				VALIDATE_PRODUCT = YES;
				WARNING_CFLAGS = (
					"-Wno-nullability-completeness",
					"-Wno-nonnull",
					"-Wno-incomplete-umbrella",
				);
			};
			name = Release;
		};
		8B5D79EFEC360C6039EDEA46DD02C0B8 /* Debug */ = {
			isa = XCBuildConfiguration;
			buildSettings = {
				ALWAYS_SEARCH_USER_PATHS = NO;
				CLANG_ANALYZER_LOCALIZABILITY_NONLOCALIZED = YES;
				CLANG_ANALYZER_NONNULL = YES;
				CLANG_CXX_LANGUAGE_STANDARD = "gnu++0x";
				CLANG_CXX_LIBRARY = "libc++";
				CLANG_ENABLE_MODULES = YES;
				CLANG_ENABLE_OBJC_ARC = YES;
				CLANG_WARN_BLOCK_CAPTURE_AUTORELEASING = YES;
				CLANG_WARN_BOOL_CONVERSION = YES;
				CLANG_WARN_COMMA = YES;
				CLANG_WARN_CONSTANT_CONVERSION = YES;
				CLANG_WARN_DEPRECATED_OBJC_IMPLEMENTATIONS = YES;
				CLANG_WARN_DIRECT_OBJC_ISA_USAGE = YES_ERROR;
				CLANG_WARN_DOCUMENTATION_COMMENTS = YES;
				CLANG_WARN_EMPTY_BODY = YES;
				CLANG_WARN_ENUM_CONVERSION = YES;
				CLANG_WARN_INFINITE_RECURSION = YES;
				CLANG_WARN_INT_CONVERSION = YES;
				CLANG_WARN_NON_LITERAL_NULL_CONVERSION = YES;
				CLANG_WARN_OBJC_IMPLICIT_RETAIN_SELF = YES;
				CLANG_WARN_OBJC_LITERAL_CONVERSION = YES;
				CLANG_WARN_OBJC_ROOT_CLASS = YES_ERROR;
				CLANG_WARN_RANGE_LOOP_ANALYSIS = YES;
				CLANG_WARN_STRICT_PROTOTYPES = YES;
				CLANG_WARN_SUSPICIOUS_MOVE = YES;
				CLANG_WARN_UNREACHABLE_CODE = YES;
				CLANG_WARN__DUPLICATE_METHOD_MATCH = YES;
				"CODE_SIGN_IDENTITY[sdk=iphoneos*]" = "iPhone Developer";
				COPY_PHASE_STRIP = NO;
				DEBUG_INFORMATION_FORMAT = dwarf;
				ENABLE_BITCODE = NO;
				ENABLE_STRICT_OBJC_MSGSEND = YES;
				ENABLE_TESTABILITY = YES;
				"EXCLUDED_ARCHS[sdk=iphonesimulator*]" = arm64;
				GCC_C_LANGUAGE_STANDARD = gnu99;
				GCC_DYNAMIC_NO_PIC = NO;
				GCC_NO_COMMON_BLOCKS = YES;
				GCC_OPTIMIZATION_LEVEL = 0;
				GCC_PREPROCESSOR_DEFINITIONS = (
					"DEBUG=1",
					"$(inherited)",
				);
				GCC_WARN_64_TO_32_BIT_CONVERSION = YES;
				GCC_WARN_ABOUT_RETURN_TYPE = YES_ERROR;
				GCC_WARN_UNDECLARED_SELECTOR = YES;
				GCC_WARN_UNINITIALIZED_AUTOS = YES_AGGRESSIVE;
				GCC_WARN_UNUSED_FUNCTION = YES;
				GCC_WARN_UNUSED_VARIABLE = YES;
				IPHONEOS_DEPLOYMENT_TARGET = 12.0;
				MTL_ENABLE_DEBUG_INFO = YES;
				ONLY_ACTIVE_ARCH = YES;
				OTHER_SWIFT_FLAGS = "-Xcc -Wno-nullability-completeness -Xcc -Wno-nonnull -Xcc -Wno-incomplete-umbrella";
				SDKROOT = iphoneos;
				SWIFT_ACTIVE_COMPILATION_CONDITIONS = DEBUG;
				SWIFT_OPTIMIZATION_LEVEL = "-Onone";
				SWIFT_VERSION = 5.0;
				TARGETED_DEVICE_FAMILY = "1,2";
				WARNING_CFLAGS = (
					"-Wno-nullability-completeness",
					"-Wno-nonnull",
					"-Wno-incomplete-umbrella",
				);
			};
			name = Debug;
		};
		9C21C8545B0D262BEEFA46C4D45398A1 /* Debug */ = {
			isa = XCBuildConfiguration;
			buildSettings = {
				CLANG_ANALYZER_NUMBER_OBJECT_CONVERSION = YES_AGGRESSIVE;
				CLANG_ENABLE_OBJC_WEAK = YES;
				CLANG_WARN_UNGUARDED_AVAILABILITY = YES_AGGRESSIVE;
				CODE_SIGN_STYLE = Automatic;
				DEVELOPMENT_TEAM = XY6NLV7YTS;
				GCC_C_LANGUAGE_STANDARD = gnu11;
				INFOPLIST_FILE = LarkMessengerUnitTest/Info.plist;
				LD_RUNPATH_SEARCH_PATHS = (
					"$(inherited)",
					"@executable_path/Frameworks",
					"@loader_path/Frameworks",
				);
				MTL_ENABLE_DEBUG_INFO = INCLUDE_SOURCE;
				MTL_FAST_MATH = YES;
				OTHER_SWIFT_FLAGS = "$(inherited)  -Xcc -Wno-error=non-modular-include-in-framework-module";
				PRODUCT_BUNDLE_IDENTIFIER = CharlieSu.LarkMessengerUnitTest;
				PRODUCT_NAME = "$(TARGET_NAME)";
				TARGETED_DEVICE_FAMILY = "1,2";
				TEST_HOST = "$(BUILT_PRODUCTS_DIR)/UnitTestHost.app/UnitTestHost";
			};
			name = Debug;
		};
		AD8B21F7EA8DC4517CF459646A873C4F /* Debug */ = {
			isa = XCBuildConfiguration;
			baseConfigurationReference = AE5467AE7C38B355008B6FE69F93EBE3 /* Pods-LarkMinutesDemo.debug.xcconfig */;
			buildSettings = {
				ASSETCATALOG_COMPILER_APPICON_NAME = AppIcon;
				CLANG_ANALYZER_NUMBER_OBJECT_CONVERSION = YES_AGGRESSIVE;
				CLANG_ENABLE_MODULES = YES;
				CLANG_ENABLE_OBJC_WEAK = YES;
				CLANG_WARN_UNGUARDED_AVAILABILITY = YES_AGGRESSIVE;
				CODE_SIGN_IDENTITY = "Apple Development";
				CODE_SIGN_STYLE = Automatic;
				CURRENT_PROJECT_VERSION = 10000;
				DEVELOPMENT_TEAM = XY6NLV7YTS;
				ENABLE_BITCODE = "$(inherited)";
				GCC_C_LANGUAGE_STANDARD = gnu11;
				INFOPLIST_FILE = "$(SRCROOT)/LarkMinutesDemo/Info.plist";
				LD_RUNPATH_SEARCH_PATHS = (
					"$(inherited)",
					"@executable_path/Frameworks",
				);
				MARKETING_VERSION = "5.15.0-minutes";
				MTL_ENABLE_DEBUG_INFO = INCLUDE_SOURCE;
				MTL_FAST_MATH = YES;
				OTHER_LDFLAGS = "$(inherited)";
				OTHER_SWIFT_FLAGS = "$(inherited) -Xcc -Wno-error=non-modular-include-in-framework-module -Xfrontend -no-serialize-debugging-options";
				PRODUCT_BUNDLE_IDENTIFIER = com.bytedance.ee.lark.vc.demo;
				PRODUCT_NAME = LarkMinutes;
				PROVISIONING_PROFILE_SPECIFIER = "";
				SWIFT_OBJC_BRIDGING_HEADER = "";
				SWIFT_OPTIMIZATION_LEVEL = "-Onone";
				TARGETED_DEVICE_FAMILY = "1,2";
				WARNING_CFLAGS = (
					"-Wno-nullability-completeness",
					"-Wno-nonnull",
				);
			};
			name = Debug;
		};
/* End XCBuildConfiguration section */

/* Begin XCConfigurationList section */
		4D51601EEBA73E96758EB01FAF11A128 /* Build configuration list for PBXProject "LarkMinutes" */ = {
			isa = XCConfigurationList;
			buildConfigurations = (
				8B5D79EFEC360C6039EDEA46DD02C0B8 /* Debug */,
				6929E70765445B6D2CADA7603634FA00 /* Release */,
			);
			defaultConfigurationIsVisible = 0;
			defaultConfigurationName = Release;
		};
		9F35093CB50181DF430B12CB07D318AC /* Build configuration list for PBXNativeTarget "LarkMinutesUnitTest" */ = {
			isa = XCConfigurationList;
			buildConfigurations = (
				9C21C8545B0D262BEEFA46C4D45398A1 /* Debug */,
				2A247122DD146AEDA83EF882B8221780 /* Release */,
			);
			defaultConfigurationIsVisible = 0;
			defaultConfigurationName = Release;
		};
		F5231A1A69A2E27722797A9E09034914 /* Build configuration list for PBXNativeTarget "LarkMinutesDemo" */ = {
			isa = XCConfigurationList;
			buildConfigurations = (
				AD8B21F7EA8DC4517CF459646A873C4F /* Debug */,
				1FC15E708EA8B5BB5507F63214FA2F66 /* Release */,
			);
			defaultConfigurationIsVisible = 0;
			defaultConfigurationName = Release;
		};
/* End XCConfigurationList section */
	};
	rootObject = FB1DA50216BE23D1B6DC0B27344DD75A /* Project object */;
}
