PODS:
  - EEAtomic (0.1.8)
  - LarkLocalizations (1.16.19):
    - EEAtomic
  - LKWindowManager (5.28.0.5371565):
    - LarkLocalizations

DEPENDENCIES:
  - LKWindowManager (from `.`)

SPEC REPOS:
  "git@code.byted.org:iOS_Library/lark_source_repo.git":
    - EEAtomic
    - LarkLocalizations

EXTERNAL SOURCES:
  LKWindowManager:
    :path: "."

SPEC CHECKSUMS:
  EEAtomic: f15c2791cdbdfb49667e7790d3be008a59318670
  LarkLocalizations: 268b97593d43c4272e3c77acaa072a05d451bd1a
  LKWindowManager: e7eb6da060a326de75339a6a1c89026a0c373cf4

PODFILE CHECKSUM: f761b27c2dddce7bb4c88556f923a6d66cdf6ee7

COCOAPODS: 1.11.2
