PODS:
  - EEAtomic (0.1.4)
  - Kingfisher (5.3.1-lark.11):
    - LarkCache
  - LarkCache (0.6.1):
    - LarkFoundation
    - LKCommonsLogging
    - LKCommonsTracker
    - ThreadSafeDataStructure
    - YYCache
  - LarkCompatible (0.4.0)
  - LarkFoundation (1.6.6):
    - LarkCompatible
    - LarkFoundation/Encryption (= 1.6.6)
    - LarkFoundation/Error (= 1.6.6)
    - LarkFoundation/Extensions (= 1.6.6)
    - LarkFoundation/File (= 1.6.6)
    - LarkFoundation/FuncContext (= 1.6.6)
    - LarkFoundation/JumpApplication (= 1.6.6)
    - LarkFoundation/ProepertyWrapper (= 1.6.6)
    - LarkFoundation/Resource (= 1.6.6)
    - LarkFoundation/URL (= 1.6.6)
    - LarkFoundation/Utils (= 1.6.6)
  - LarkFoundation/Encryption (1.6.6):
    - LarkCompatible
  - LarkFoundation/Error (1.6.6):
    - LarkCompatible
  - LarkFoundation/Extensions (1.6.6):
    - LarkCompatible
  - LarkFoundation/File (1.6.6):
    - LarkCompatible
  - LarkFoundation/FuncContext (1.6.6):
    - LarkCompatible
  - LarkFoundation/JumpApplication (1.6.6):
    - LarkCompatible
  - LarkFoundation/ProepertyWrapper (1.6.6):
    - LarkCompatible
  - LarkFoundation/Resource (1.6.6):
    - LarkCompatible
    - LarkFoundation/Extensions
  - LarkFoundation/URL (1.6.6):
    - LarkCompatible
  - LarkFoundation/Utils (1.6.6):
    - LarkCompatible
    - LarkFoundation/Extensions
  - LarkLocalizations (1.9.1):
    - EEAtomic
  - LKCommonsLogging (0.4.11)
  - LKCommonsTracker (0.4.4)
  - Nocilla (0.10.0)
  - ThreadSafeDataStructure (0.5.1):
    - LarkLocalizations
  - YYCache (4.5.0)

DEPENDENCIES:
  - Kingfisher (from `.`)
  - Nocilla (from `https://github.com/onevcat/Nocilla.git`, branch `swift4`)

SPEC REPOS:
  "git@code.byted.org:ee/pods_specs.git":
    - EEAtomic
    - LarkCache
    - LarkCompatible
    - LarkFoundation
    - LarkLocalizations
    - LKCommonsLogging
    - LKCommonsTracker
    - ThreadSafeDataStructure
    - YYCache

EXTERNAL SOURCES:
  Kingfisher:
    :path: "."
  Nocilla:
    :branch: swift4
    :git: https://github.com/onevcat/Nocilla.git

CHECKOUT OPTIONS:
  Nocilla:
    :commit: 9207f9ec0e84d56eed117b37a99b091677c78fe2
    :git: https://github.com/onevcat/Nocilla.git

SPEC CHECKSUMS:
  EEAtomic: 3f3aad1bb862e2a8eaf70efe1ead31d51d148d97
  Kingfisher: d3a905e0ebb56449451f143a4a06b62c8ea565dc
  LarkCache: 7053a2db33f215763e8cc0a54326548ae29bda45
  LarkCompatible: fca2300caaccb9cfe04c606fc4faaac9f2098927
  LarkFoundation: 83f4cda7ce5270e5194688a0f7728fb0c2e9b11c
  LarkLocalizations: 6544ef503759e11c5dcd05a28cd0a584d5d68dc5
  LKCommonsLogging: 3011a1f9d6f4972232b8a0980d3f1569c733203e
  LKCommonsTracker: ec36239588ee39f01d8efb4492d7a36da10b7960
  Nocilla: c31f714d1f0a24a983c430e99a1283908ed9c1d7
  ThreadSafeDataStructure: aac24d9fc7cca2743eaba8e7a1242b6cfa228609
  YYCache: e0a92c212b7974bf66161356072a26add8cb3377

PODFILE CHECKSUM: 5b54dbfb615a3979178b0b2b8442a34f3fee306a

COCOAPODS: 1.8.4
