PODS:
  - ABRInterface (0.8.0)
  - AnimatedTabBar (0.26.8):
    - Homeric
    - LarkBadge
    - LarkColor
    - LarkExtensions
    - LarkInteraction
    - LarkKeyboardKit
    - LarkLocalizations
    - LarkTab
    - LarkTraitCollection
    - LKCommonsLogging
    - LKCommonsTracker
    - RoundedHUD
    - SnapKit
    - UniverseDesignColor
  - AppContainer (0.23.17):
    - BootManager
    - LarkContainer
    - LarkSceneManager
    - LKCommonsLogging
    - LKLoadable
    - Swinject
    - ThreadSafeDataStructure
    - UniverseDesignTheme
  - AppReciableSDK (0.1.17):
    - EEAtomic
    - LKCommonsTracker
    - ThreadSafeDataStructure
  - AsyncComponent (0.1.20):
    - EEAtomic
    - EEFlexiable
    - RichLabel
    - ThreadSafeDataStructure
    - Yoga (<= 1.9.0)
  - audiosdk (7.4.4-common.1.binary):
    - bytenn-ios
    - yaml-cpp (~> 0.6.2)
  - BDABTestSDK (1.0.2):
    - BDABTestSDK/Core (= 1.0.2)
    - TTNetworkManager
  - BDABTestSDK/Core (1.0.2):
    - TTNetworkManager
  - BDALog (0.3.2-alpha.0.1.binary)
  - BDAlogProtocol (1.2.2)
  - BDDataDecorator (2.0.1.1-binary):
    - BDDataDecorator/Data (= 2.0.1.1-binary)
  - BDDataDecorator/Data (2.0.1.1-binary)
  - BDDataDecoratorTob (1.0.3):
    - BDDataDecoratorTob/Data (= 1.0.3)
  - BDDataDecoratorTob/Data (1.0.3)
  - BDFishhook (0.2.1)
  - BDTrackerProtocol (2.6.10)
  - BootManager (0.13.20):
    - LKCommonsLogging
    - RunloopTools
    - Swinject
  - boringssl (0.1.5-alpha.10-SMOnline):
    - boringssl/openssl (= 0.1.5-alpha.10-SMOnline)
  - boringssl/openssl (0.1.5-alpha.10-SMOnline)
  - bytenn-ios (2.9.31):
    - espresso (~> 2.7.1)
  - CookieManager (0.2.6):
    - LarkAccountInterface
    - LarkAppConfig
    - LarkExtensions
    - LarkRustClient
    - LKCommonsLogging
    - RustPB
    - Swinject
  - CryptoSwift (1.3.3)
  - DateToolsSwift (5.0.0)
  - EditTextView (0.22.3):
    - LarkColor
    - LarkFoundation
    - LKCommonsLogging
    - RxCocoa
    - RxSwift
  - EEAtomic (0.1.4)
  - EEFlexiable (0.1.9):
    - Yoga
  - EEImageService (0.23.35):
    - EEImageService/Core (= 0.23.35)
  - EEImageService/Core (0.23.35):
    - AppReciableSDK
    - Kingfisher (< 5.4)
    - KingfisherWebP
    - LarkExtensions
    - LarkFoundation
    - LKCommonsLogging
    - RxSwift
  - EEKeyValue (0.2.11):
    - EEKeyValue/Core (= 0.2.11)
    - EEKeyValue/UserDefaults (= 0.2.11)
    - EEKeyValue/UserSpace (= 0.2.11)
  - EEKeyValue/Core (0.2.11)
  - EEKeyValue/UserDefaults (0.2.11):
    - EEKeyValue/Core
    - LarkFoundation
    - LKCommonsLogging
  - EEKeyValue/UserSpace (0.2.11):
    - RxSwift
  - EENavigator (0.10.39):
    - EEAtomic
    - EETroubleKiller
    - LKLoadable
    - SuiteCodable
  - EENotification (0.14.1):
    - LKCommonsLogging
  - EEPodInfoDebugger (0.0.4):
    - CryptoSwift
    - LarkLocalizations
    - SnapKit
  - EETroubleKiller (1.2.8):
    - LKCommonsLogging
    - LKLoadable
  - espresso (2.7.1)
  - ExtensionMessenger (0.22.2):
    - CryptoSwift
    - Swinject
  - FMDB (2.7.11):
    - BDAlogProtocol
    - FMDB/standard (= 2.7.11)
  - FMDB/standard (2.7.11):
    - BDAlogProtocol
  - Godzippa (1.1.2)
  - Heimdallr (0.7.25-rc.4):
    - Heimdallr/Core (= 0.7.25-rc.4)
    - Heimdallr/CrashDetector (= 0.7.25-rc.4)
    - Heimdallr/Monitors (= 0.7.25-rc.4)
    - Heimdallr/TTMonitor (= 0.7.25-rc.4)
  - Heimdallr/ALog (0.7.25-rc.4):
    - BDALog (>= 0.2.6)
    - BDAlogProtocol (>= 0.1.7)
    - BDFishhook (>= 0.1.1)
    - Heimdallr/Core
    - Heimdallr/CrashDetector
    - Heimdallr/DeviceInfo
    - SSZipArchive (>= 1.6.3)
  - Heimdallr/BootingProtect (0.7.25-rc.4):
    - Heimdallr/Core
    - Heimdallr/CrashDetector
    - Heimdallr/HMDOOMCrash
  - Heimdallr/Core (0.7.25-rc.4):
    - Heimdallr/DeviceInfo
    - Heimdallr/HMDAlogProtocol
    - Heimdallr/HMDConfig
    - Heimdallr/HMDSession
    - Heimdallr/HMDStore
    - Heimdallr/Network
    - Heimdallr/Upload
    - Heimdallr/Utility
    - TTMacroManager (>= 1.0.0)
    - TTReachability (>= 1.8.1)
  - Heimdallr/CrashCapture (0.7.25-rc.4):
    - BDFishhook (>= 0.1.1)
    - Heimdallr/Core
    - Heimdallr/HMDConfig
    - Heimdallr/Mach
    - Heimdallr/Network
    - Heimdallr/Utility
    - TTMacroManager (>= 1.0.0)
  - Heimdallr/CrashDetector (0.7.25-rc.4):
    - Heimdallr/Core
    - Heimdallr/CrashCapture
  - Heimdallr/Dart (0.7.25-rc.4):
    - Heimdallr/Core
  - Heimdallr/DeviceInfo (0.7.25-rc.4):
    - Heimdallr/HMDAlogProtocol
    - Heimdallr/Mach
    - Heimdallr/Utility
  - Heimdallr/HMDAlogProtocol (0.7.25-rc.4)
  - Heimdallr/HMDANR (0.7.25-rc.4):
    - Heimdallr/Core
    - Heimdallr/Log
    - Heimdallr/Mach
    - Heimdallr/Runloop
    - Heimdallr/Utility
  - Heimdallr/HMDConfig (0.7.25-rc.4):
    - Heimdallr/HMDSession
    - Heimdallr/HMDStore
    - Heimdallr/Network
  - Heimdallr/HMDCoreDump (0.7.25-rc.4):
    - Heimdallr/Core
    - Heimdallr/CrashCapture
    - Heimdallr/Mach
    - Heimdallr/Utility
    - SSZipArchive (>= 1.6.3)
  - Heimdallr/HMDDomestic (0.7.25-rc.4):
    - Heimdallr/HMDConfig
  - Heimdallr/HMDLaunchTracing (0.7.25-rc.4):
    - Heimdallr/Core
    - Heimdallr/HMDStart
    - Heimdallr/OpenTracing
  - Heimdallr/HMDOOM (0.7.25-rc.4):
    - Heimdallr/Core
    - Heimdallr/DeviceInfo
    - Heimdallr/HMDOOMCrash
    - Heimdallr/Log
    - Heimdallr/Mach
    - Heimdallr/Monitors
    - Heimdallr/Utility
  - Heimdallr/HMDOOMCrash (0.7.25-rc.4):
    - Heimdallr/Core
    - Heimdallr/CrashCapture
    - Heimdallr/CrashDetector
    - Heimdallr/HMDWatchDog
    - Heimdallr/Mach
    - Heimdallr/Utility
  - Heimdallr/HMDSession (0.7.25-rc.4):
    - Heimdallr/DeviceInfo
    - Heimdallr/HMDStore
    - Heimdallr/Network
  - Heimdallr/HMDStart (0.7.25-rc.4):
    - Heimdallr/Core
  - Heimdallr/HMDStore (0.7.25-rc.4):
    - FMDB (>= 2.6.2)
    - Heimdallr/HMDAlogProtocol
    - Heimdallr/Utility
  - Heimdallr/HMDURLProtocolTracker (0.7.25-rc.4):
    - Heimdallr/Core
    - Heimdallr/HTTPRequestTracker
  - Heimdallr/HMDWatchDog (0.7.25-rc.4):
    - Heimdallr/Core
    - Heimdallr/Log
    - Heimdallr/Mach
    - Heimdallr/Runloop
    - Heimdallr/Utility
  - Heimdallr/HTTPRequestTracker (0.7.25-rc.4):
    - Heimdallr/Core
  - Heimdallr/Log (0.7.25-rc.4):
    - Heimdallr/DeviceInfo
    - Heimdallr/HMDAlogProtocol
    - Heimdallr/Mach
    - Heimdallr/Utility
  - Heimdallr/Mach (0.7.25-rc.4):
    - Heimdallr/HMDAlogProtocol
    - Heimdallr/Utility
  - Heimdallr/MemoryGraph (0.7.25-rc.4):
    - Heimdallr/Core
    - MemoryGraphCapture (>= 1.2.4)
    - SSZipArchive (>= 1.6.3)
  - Heimdallr/Monitors (0.7.25-rc.4):
    - Heimdallr/Core
  - Heimdallr/Network (0.7.25-rc.4):
    - BDDataDecorator (>= 2.0.0)
    - Heimdallr/DeviceInfo
    - Heimdallr/HMDAlogProtocol
    - Heimdallr/Utility
    - TTReachability (>= 1.8.1)
  - Heimdallr/Offline (0.7.25-rc.4):
    - Heimdallr/ALog
    - Heimdallr/BootingProtect
    - Heimdallr/Core
    - Heimdallr/CrashDetector
    - Heimdallr/Dart
    - Heimdallr/HMDANR
    - Heimdallr/HMDOOMCrash
    - Heimdallr/HMDStart
    - Heimdallr/HMDURLProtocolTracker
    - Heimdallr/HMDWatchDog
    - Heimdallr/Monitors
    - Heimdallr/Runloop
    - Heimdallr/TTMonitor
    - Heimdallr/UITracker
    - Heimdallr/UserException
  - Heimdallr/OpenTracing (0.7.25-rc.4):
    - Heimdallr/Core
    - Heimdallr/Utility
  - Heimdallr/Runloop (0.7.25-rc.4):
    - Heimdallr/HMDSession
    - Heimdallr/Utility
  - Heimdallr/TTMonitor (0.7.25-rc.4):
    - Heimdallr/Core
    - Heimdallr/DeviceInfo
    - Heimdallr/HMDAlogProtocol
    - Heimdallr/HMDConfig
    - Heimdallr/HMDSession
    - Heimdallr/HMDStore
    - Heimdallr/Upload
    - Heimdallr/Utility
  - Heimdallr/UIFrozen (0.7.25-rc.4):
    - Heimdallr/Core
    - Heimdallr/UITracker
    - Heimdallr/UserException
  - Heimdallr/UITracker (0.7.25-rc.4):
    - Heimdallr/Core
    - Heimdallr/Mach
    - Heimdallr/Monitors
    - Heimdallr/Utility
  - Heimdallr/Upload (0.7.25-rc.4):
    - Heimdallr/DeviceInfo
    - Heimdallr/HMDConfig
    - Heimdallr/HMDSession
    - Heimdallr/HMDStore
    - Heimdallr/Network
    - TTMacroManager (>= 1.0.0)
    - TTReachability (>= 1.8.1)
  - Heimdallr/UserException (0.7.25-rc.4):
    - Heimdallr/Core
    - Heimdallr/Log
    - Heimdallr/Mach
  - Heimdallr/Utility (0.7.25-rc.4):
    - Heimdallr/HMDAlogProtocol
  - Heimdallr/WatchdogProtect (0.7.25-rc.4):
    - Heimdallr/Core
    - Heimdallr/HMDAlogProtocol
    - Heimdallr/UserException
  - Heimdallr/Zombie (0.7.25-rc.4):
    - Heimdallr/Core
    - Heimdallr/CrashCapture
    - Heimdallr/Mach
    - Heimdallr/Utility
  - Homeric (0.2.783)
  - HTTProtocol (0.1.6):
    - EEAtomic
    - LKCommonsLogging
  - IESGeckoKit (2.0.1-rc.1):
    - IESGeckoKit/Core (= 2.0.1-rc.1)
  - IESGeckoKit/Core (2.0.1-rc.1):
    - BDTrackerProtocol (>= 2.0)
    - SSZipArchive
  - Kingfisher (5.3.1-lark.22):
    - LarkCache
  - KingfisherWebP (0.6.0-lark.0):
    - Kingfisher (~> 5.0)
    - libwebp (>= 0.5.0)
  - LarkAccountInterface (4.2.0.1):
    - LarkAccountInterface/Authorization (= 4.2.0.1)
    - LarkAccountInterface/Chatter (= 4.2.0.1)
    - LarkAccountInterface/Core (= 4.2.0.1)
  - LarkAccountInterface/Authorization (4.2.0.1):
    - LarkAccountInterface/Core
  - LarkAccountInterface/Chatter (4.2.0.1):
    - LarkModel
  - LarkAccountInterface/Core (4.2.0.1):
    - EENavigator
    - LarkContainer
    - LarkLocalizations
    - RxSwift
    - ThreadSafeDataStructure
  - LarkActionSheet (0.24.9):
    - LarkColor
    - LarkExtensions
    - LarkInteraction
    - LarkLocalizations
    - LarkTraitCollection
    - RxSwift
    - SnapKit
  - LarkActivityIndicatorView (1.21.1)
  - LarkAlertController (0.22.7):
    - LarkColor
    - LarkInteraction
    - LarkLocalizations
    - SnapKit
  - LarkAppConfig (3.41.13):
    - AppContainer
    - LarkContainer
    - LarkDebugExtensionPoint
    - LarkEnv
    - LarkKAFeatureSwitch
    - LarkLocalizations
    - LarkPerf
    - LarkReleaseConfig
    - LarkRustClient
    - RunloopTools
    - RxRelay
    - RxSwift
    - Swinject
  - LarkAppLog (3.41.5):
    - LarkFeatureSwitch
    - LarkKAFeatureSwitch
    - LarkLocalizations
    - LarkReleaseConfig
    - LKCommonsLogging
    - RangersAppLog/Core
    - RangersAppLog/ET
    - RangersAppLog/Filter
  - LarkBadge (0.23.7):
    - EEImageService
    - LarkColor
    - SnapKit
    - ThreadSafeDataStructure
  - LarkBaseService (3.43.3):
    - LarkBaseService/Core (= 3.43.3)
  - LarkBaseService/Core (3.43.3):
    - AppContainer
    - BDABTestSDK
    - BDDataDecoratorTob
    - BootManager
    - CookieManager
    - EEKeyValue
    - EENavigator
    - EETroubleKiller
    - ExtensionMessenger
    - Heimdallr
    - Heimdallr/ALog
    - Homeric
    - LarkAccountInterface
    - LarkAppConfig
    - LarkBGTaskScheduler
    - LarkCache
    - LarkCanvas
    - LarkContainer
    - LarkDebug
    - LarkExtensionCommon
    - LarkFileKit
    - LarkFileSystem
    - LarkFoundation
    - LarkKAFeatureSwitch
    - LarkMonitor
    - LarkNotificationServiceExtensionLib
    - LarkOrientation
    - LarkPerf
    - LarkPushTokenUploader
    - LarkReleaseConfig
    - LarkResource
    - LarkRustClient
    - LarkRustClientAssembly
    - LarkRustHTTP
    - LarkSafety
    - LarkSceneManager/Core
    - LarkSceneManager/Extensions
    - LarkShareToken
    - LarkSnsShare
    - LarkTracker
    - LarkUIExtension
    - LarkUIKit
    - LKCommonsLogging
    - LKCommonsTracker
    - LKMetric
    - Logger/Lark
    - NotificationUserInfo
    - OfflineResourceManager
    - PushKitService
    - RangersAppLog/Core
    - RunloopTools
    - RustPB
    - RxSwift
    - Swinject
    - TTVideoEngine
  - LarkBGTaskScheduler (1.18.2):
    - ThreadSafeDataStructure
  - LarkButton (0.22.4):
    - LarkColor
  - LarkCache (0.12.10):
    - LarkCache/Core (= 0.12.10)
  - LarkCache/Core (0.12.10):
    - EEAtomic
    - LarkDebugExtensionPoint
    - LarkFileKit
    - LarkFoundation
    - LKCommonsLogging
    - LKCommonsTracker
    - RxSwift
    - ThreadSafeDataStructure
    - YYCache
  - LarkCanvas (2.0.8):
    - Homeric
    - LarkColor
    - LarkFoundation
    - LarkKeyCommandKit/Extensions
    - LarkLocalizations
    - LarkUIKit
    - LKCommonsLogging
    - LKCommonsTracker
    - RoundedHUD
    - RxSwift
    - SnapKit
    - UniverseDesignActionPanel
  - LarkColor (0.25.3):
    - LarkColor/Core (= 0.25.3)
    - UniverseDesignColor
  - LarkColor/Core (0.25.3):
    - UniverseDesignColor
  - LarkCombine (0.0.10):
    - LarkOpenCombine
    - LarkOpenCombineDispatch
    - LarkOpenCombineFoundation
  - LarkCompatible (0.1.1)
  - LarkContainer (1.18.5):
    - RxCocoa
    - RxSwift
    - Swinject
  - LarkDebug (100.13.11):
    - AppContainer
    - BootManager
    - EENavigator
    - EEPodInfoDebugger
    - LarkAccountInterface
    - LarkDebug/core (= 100.13.11)
    - LarkDebugExtensionPoint
    - LarkFoundation
    - LarkRustClient
    - Logger
    - RxSwift
    - SnapKit
    - Swinject
  - LarkDebug/core (100.13.11):
    - AppContainer
    - BootManager
    - EENavigator
    - EEPodInfoDebugger
    - LarkAccountInterface
    - LarkDebugExtensionPoint
    - LarkFoundation
    - LarkRustClient
    - Logger
    - RxSwift
    - SnapKit
    - Swinject
  - LarkDebugExtensionPoint (3.41.3)
  - LarkDynamicResource (0.1.6):
    - BootManager
    - IESGeckoKit
    - LarkAccountInterface
    - LarkFeatureGating/Core
    - LarkLocalizations
    - LarkResource
    - LKCommonsLogging
    - OfflineResourceManager
    - UniverseDesignTheme
  - LarkEmotion (0.23.4):
    - LarkEmotion/Core (= 0.23.4)
  - LarkEmotion/Core (0.23.4):
    - Homeric
    - LarkLocalizations
    - LKCommonsTracker
    - ThreadSafeDataStructure
  - LarkEnv (3.41.4):
    - LarkReleaseConfig
    - LKCommonsLogging
    - RxSwift
  - LarkExtensionCommon (3.40.0)
  - LarkExtensions (0.22.5):
    - CryptoSwift
    - LarkColor
    - LarkCompatible
    - LarkTimeFormatUtils
    - SnapKit
    - UniverseDesignColor
  - LarkFeatureGating (3.44.7):
    - LarkContainer
    - LarkFeatureGating/Core (= 3.44.7)
    - LarkFeatureGating/LarkAssemble (= 3.44.7)
    - LarkFoundation
    - ThreadSafeDataStructure
  - LarkFeatureGating/Core (3.44.7):
    - LarkContainer
    - LarkFoundation
    - ThreadSafeDataStructure
  - LarkFeatureGating/LarkAssemble (3.44.7):
    - BootManager
    - EENavigator
    - LarkAccountInterface
    - LarkActionSheet
    - LarkContainer
    - LarkDebugExtensionPoint
    - LarkFeatureGating/Core
    - LarkFoundation
    - LarkRustClient
    - ThreadSafeDataStructure
  - LarkFeatureSwitch (3.41.4):
    - ThreadSafeDataStructure
  - LarkFileKit (0.6.5)
  - LarkFileSystem (1.17.2):
    - DateToolsSwift
    - Heimdallr/UserException
    - LKCommonsLogging
    - LKCommonsTracker
    - RustPB
  - LarkFoundation (1.7.5):
    - LarkCompatible
    - LarkFoundation/Date (= 1.7.5)
    - LarkFoundation/Encryption (= 1.7.5)
    - LarkFoundation/Error (= 1.7.5)
    - LarkFoundation/Extensions (= 1.7.5)
    - LarkFoundation/File (= 1.7.5)
    - LarkFoundation/FuncContext (= 1.7.5)
    - LarkFoundation/JumpApplication (= 1.7.5)
    - LarkFoundation/ProepertyWrapper (= 1.7.5)
    - LarkFoundation/Resource (= 1.7.5)
    - LarkFoundation/URL (= 1.7.5)
    - LarkFoundation/Utils (= 1.7.5)
    - LKLoadable
  - LarkFoundation/Date (1.7.5):
    - LarkCompatible
    - LKLoadable
  - LarkFoundation/Encryption (1.7.5):
    - LarkCompatible
    - LKLoadable
  - LarkFoundation/Error (1.7.5):
    - LarkCompatible
    - LKLoadable
  - LarkFoundation/Extensions (1.7.5):
    - LarkCompatible
    - LKLoadable
  - LarkFoundation/File (1.7.5):
    - LarkCompatible
    - LKLoadable
  - LarkFoundation/FuncContext (1.7.5):
    - LarkCompatible
    - LKLoadable
  - LarkFoundation/JumpApplication (1.7.5):
    - LarkCompatible
    - LKLoadable
  - LarkFoundation/ProepertyWrapper (1.7.5):
    - LarkCompatible
    - LKLoadable
  - LarkFoundation/Resource (1.7.5):
    - LarkCompatible
    - LarkFoundation/Extensions
    - LKLoadable
  - LarkFoundation/URL (1.7.5):
    - LarkCompatible
    - LKLoadable
  - LarkFoundation/Utils (1.7.5):
    - LarkCompatible
    - LarkFoundation/Extensions
    - LKLoadable
  - LarkInteraction (0.19.5):
    - LKCommonsLogging
    - ThreadSafeDataStructure
  - LarkKAFeatureSwitch (3.41.12):
    - LarkDebugExtensionPoint
    - LarkDynamicResource
    - LarkReleaseConfig
  - LarkKeyboardKit (0.8.1):
    - RxCocoa
    - RxRelay
    - RxSwift
  - LarkKeyCommandKit (0.21.7):
    - LarkKeyCommandKit/Core (= 0.21.7)
  - LarkKeyCommandKit/Core (0.21.7):
    - LarkKeyboardKit
  - LarkKeyCommandKit/Extensions (0.21.7):
    - LarkKeyCommandKit/Core
  - LarkLocalizations (1.16.4):
    - EEAtomic
  - LarkModel (100.14.9):
    - LKCommonsLogging
    - RustPB
    - ServerPB
  - LarkMonitor (1.18.6):
    - BootManager
    - DateToolsSwift
    - EENavigator
    - Heimdallr/ALog
    - Heimdallr/BootingProtect
    - Heimdallr/CrashDetector
    - Heimdallr/HMDLaunchTracing
    - Heimdallr/OpenTracing
    - Heimdallr/TTMonitor
    - Heimdallr/UIFrozen
    - Heimdallr/UserException
    - Homeric
    - LarkAlertController
    - LarkContainer
    - LarkKeyboardKit
    - LarkLocalizations
    - LarkOpenTrace
    - LarkRustClient
    - LKCommonsLogging
    - LKCommonsTracker
    - LKLoadable
    - RustPB
    - RxCocoa
    - RxSwift
    - Swinject
  - LarkNotificationServiceExtensionLib (3.40.2):
    - ExtensionMessenger
    - LarkReleaseConfig
    - LKMetric
    - RxSwift
  - LarkOpenCombine (0.0.7)
  - LarkOpenCombineDispatch (0.0.5):
    - LarkOpenCombine
  - LarkOpenCombineFoundation (0.0.5):
    - LarkOpenCombine
  - LarkOpenTrace (1.2.5):
    - Heimdallr/OpenTracing
    - LKCommonsLogging
  - LarkOrientation (0.21.2):
    - LarkFoundation
  - LarkPerf (3.41.12):
    - AppContainer
    - AppReciableSDK
    - Heimdallr/HMDANR
    - LKCommonsLogging
    - LKCommonsTracker
    - ThreadSafeDataStructure
  - LarkPushTokenUploader (0.24.6):
    - BootManager
    - EENotification
    - LarkAccountInterface
    - LarkAppConfig
    - LarkContainer
    - LarkFeatureGating
    - LarkReleaseConfig
    - LarkRustClient
    - LarkTracker
    - LKCommonsLogging
    - LKMetric
    - RustPB
    - RxSwift
    - Swinject
  - LarkReleaseConfig (0.12.1)
  - LarkResource (0.0.11):
    - EEAtomic
    - LKCommonsLogging
  - LarkRustClient (3.42.12):
    - LarkRustClient/Client (= 3.42.12)
    - LarkRustClient/Interface (= 3.42.12)
  - LarkRustClient/Client (3.42.12):
    - EEAtomic
    - LarkRustClient/Interface
    - LKCommonsLogging
    - LKCommonsTracker
    - ReachabilitySwift
    - RustPB (>= 3.7.0-alpha)
    - RxSwift
    - ServerPB
  - LarkRustClient/Interface (3.42.12):
    - LarkCombine
    - RustPB
    - RxSwift
    - ServerPB
  - LarkRustClientAssembly (3.44.14):
    - AppContainer
    - BootManager
    - EENavigator
    - LarkAccountInterface
    - LarkAlertController
    - LarkAppConfig
    - LarkContainer
    - LarkDebugExtensionPoint
    - LarkEnv
    - LarkFoundation
    - LarkLocalizations
    - LarkMonitor
    - LarkPerf
    - LarkReleaseConfig
    - LarkRustClient
    - LarkTTNetInitializor
    - LarkUIKit
    - LKCommonsLogging
    - ReachabilitySwift
    - RustPB
    - RxSwift
    - Swinject
    - ZeroTrust
  - LarkRustHTTP (0.25.4):
    - EEAtomic
    - HTTProtocol
    - LarkRustClient
    - LKCommonsLogging
    - RustPB (>= 2.6.0-alpha)
  - LarkSafety (0.22.2)
  - LarkSceneManager (0.1.19):
    - LarkSceneManager/Core (= 0.1.19)
  - LarkSceneManager/Core (0.1.19):
    - Homeric
    - LarkLocalizations
    - LKCommonsLogging
    - LKCommonsTracker
    - RoundedHUD
  - LarkSceneManager/Extensions (0.1.19):
    - LarkColor
    - LarkKeyCommandKit/Core
    - LarkKeyCommandKit/Extensions
    - SnapKit
  - LarkShareToken (0.12.1):
    - LarkShareToken/base (= 0.12.1)
  - LarkShareToken/base (0.12.1)
  - LarkSnsShare (2.9.5):
    - LarkSnsShare/Base (= 2.9.5)
    - LarkSnsShare/ExpansionAbility (= 2.9.5)
    - LarkSnsShare/Interface (= 2.9.5)
  - LarkSnsShare/Base (2.9.5):
    - AppContainer
    - AsyncComponent
    - EENavigator
    - LarkColor
    - LarkExtensions
    - LarkFeatureGating
    - LarkLocalizations
    - LarkSnsShare/Interface
    - LarkUIKit
    - LKCommonsLogging
    - LKLoadable
    - RxCocoa
    - RxSwift
    - SnapKit
  - LarkSnsShare/ExpansionAbility (2.9.5):
    - Kingfisher
    - LarkAccountInterface
    - LarkReleaseConfig
    - LarkRustClient
    - LarkShareToken
    - LarkSnsShare/Base
    - LarkSnsShare/Interface
    - LKCommonsTracker
    - RustPB
  - LarkSnsShare/Interface (2.9.5):
    - RxSwift
  - LarkSplitViewController (0.15.25):
    - AnimatedTabBar
    - Homeric
    - LarkFeatureGating
    - LarkInteraction
    - LarkKeyCommandKit
    - LKCommonsTracker
    - SnapKit
  - LarkSQLCipher (1.0.0-alpha.8014-alpha)
  - LarkTab (0.2.5):
    - RxCocoa
    - RxSwift
    - ThreadSafeDataStructure
  - LarkTimeFormatUtils (4.2.0.4):
    - LarkLocalizations
  - LarkTracker (100.13.12):
    - CryptoSwift
    - LarkAppConfig
    - LarkAppLog
    - LarkContainer
    - LarkDebugExtensionPoint
    - LarkReleaseConfig
    - LarkRustClient
    - LKCommonsLogging
    - RangersAppLog/Core
    - RangersAppLog/ET
    - RangersAppLog/Filter
    - RustPB
    - RxSwift
    - ThreadSafeDataStructure
    - TTNetworkManager
  - LarkTraitCollection (0.3.1):
    - RxRelay
    - RxSwift
  - LarkTTNetInitializor (0.0.6):
    - LarkFoundation
    - LarkReleaseConfig
    - RustPB
    - TTNetworkManager
  - LarkUIExtension (0.18.1):
    - LarkResource
    - LKCommonsLogging
    - ThreadSafeDataStructure
  - LarkUIKit (100.13.91):
    - LarkUIKit/Base (= 100.13.91)
    - LarkUIKit/BaseComponent (= 100.13.91)
    - LarkUIKit/BreadcrumbNavigation (= 100.13.91)
    - LarkUIKit/Checkbox (= 100.13.91)
    - LarkUIKit/Common (= 100.13.91)
    - LarkUIKit/ConfirmContainer (= 100.13.91)
    - LarkUIKit/FloatWindow (= 100.13.91)
    - LarkUIKit/LanguageSelector (= 100.13.91)
    - LarkUIKit/LoadPlaceholder (= 100.13.91)
    - LarkUIKit/Menu (= 100.13.91)
    - LarkUIKit/MobileCodeSelect (= 100.13.91)
    - LarkUIKit/NaviAimation (= 100.13.91)
    - LarkUIKit/NaviBar (= 100.13.91)
    - LarkUIKit/NaviProtocol (= 100.13.91)
    - LarkUIKit/OtherDependency (= 100.13.91)
    - LarkUIKit/Others (= 100.13.91)
    - LarkUIKit/Resources (= 100.13.91)
    - LarkUIKit/Switch (= 100.13.91)
    - LarkUIKit/TextField (= 100.13.91)
    - LarkUIKit/Utils (= 100.13.91)
  - LarkUIKit/Base (100.13.91):
    - EditTextView
    - Kingfisher
    - LarkActionSheet
    - LarkAlertController
    - LarkColor
    - LarkExtensions
    - LarkInteraction
    - LarkSceneManager
    - LarkSplitViewController
    - LarkTraitCollection
    - LarkUIKit/Utils
    - LKCommonsLogging
    - RoundedHUD
    - RxSwift
    - SnapKit
    - UniverseDesignColor
    - UniverseDesignEmpty
  - LarkUIKit/BaseComponent (100.13.91):
    - LarkUIKit/Checkbox
    - LarkUIKit/ConfirmContainer
    - LarkUIKit/FloatWindow
    - LarkUIKit/Switch
  - LarkUIKit/BreadcrumbNavigation (100.13.91):
    - UniverseDesignBreadcrumb
  - LarkUIKit/Checkbox (100.13.91):
    - LarkColor
  - LarkUIKit/Common (100.13.91):
    - LarkFoundation
    - LarkUIKit/Resources
  - LarkUIKit/ConfirmContainer (100.13.91):
    - LarkColor
    - SnapKit
  - LarkUIKit/FloatWindow (100.13.91)
  - LarkUIKit/LanguageSelector (100.13.91)
  - LarkUIKit/LoadPlaceholder (100.13.91):
    - lottie-ios (~> 2.0)
  - LarkUIKit/Menu (100.13.91):
    - LarkBadge
    - LarkColor
    - SnapKit
  - LarkUIKit/MobileCodeSelect (100.13.91):
    - LarkColor
    - LarkReleaseConfig
    - LarkUIKit/Common
    - SnapKit
  - LarkUIKit/NaviAimation (100.13.91):
    - LarkUIKit/Base
  - LarkUIKit/NaviBar (100.13.91):
    - LarkBadge
    - LarkUIKit/NaviProtocol
    - LarkUIKit/TextField
  - LarkUIKit/NaviProtocol (100.13.91):
    - RxCocoa
    - RxSwift
    - SnapKit
  - LarkUIKit/OtherDependency (100.13.91):
    - LarkActivityIndicatorView
    - LarkExtensions
    - LarkLocalizations
    - LarkReleaseConfig
    - RichLabel
  - LarkUIKit/Others (100.13.91):
    - Kingfisher
    - LarkActionSheet
    - LarkAlertController
    - LarkBadge
    - LarkButton
    - LarkEmotion
    - LarkFoundation
    - LarkInteraction
    - LarkKeyCommandKit
    - LarkUIKit/Common
    - RxCocoa
    - RxSwift
    - SnapKit
  - LarkUIKit/Resources (100.13.91):
    - LarkResource
  - LarkUIKit/Switch (100.13.91):
    - LarkColor
    - SnapKit
  - LarkUIKit/TextField (100.13.91):
    - LarkInteraction
  - LarkUIKit/Utils (100.13.91):
    - Kingfisher
    - LarkFoundation
    - LarkLocalizations
  - lib_h_dec (1.2.4-alpha.0.1.binary)
  - libwebp (0.6.1.1-binary):
    - libwebp/core (= 0.6.1.1-binary)
    - libwebp/dec (= 0.6.1.1-binary)
    - libwebp/demux (= 0.6.1.1-binary)
    - libwebp/dsp (= 0.6.1.1-binary)
    - libwebp/enc (= 0.6.1.1-binary)
    - libwebp/mux (= 0.6.1.1-binary)
    - libwebp/utils (= 0.6.1.1-binary)
    - libwebp/webp (= 0.6.1.1-binary)
  - libwebp/core (0.6.1.1-binary):
    - libwebp/webp
  - libwebp/dec (0.6.1.1-binary):
    - libwebp/core
  - libwebp/demux (0.6.1.1-binary):
    - libwebp/core
  - libwebp/dsp (0.6.1.1-binary):
    - libwebp/core
  - libwebp/enc (0.6.1.1-binary):
    - libwebp/core
  - libwebp/mux (0.6.1.1-binary):
    - libwebp/core
  - libwebp/utils (0.6.1.1-binary):
    - libwebp/core
  - libwebp/webp (0.6.1.1-binary)
  - LKCommonsLogging (0.4.15)
  - LKCommonsTracker (0.4.13)
  - LKLoadable (0.0.1)
  - LKMetric (0.23.1):
    - LKCommonsLogging
    - LKTracing
  - LKTracing (0.19.1)
  - Logger (1.4.16):
    - Logger/Core (= 1.4.16)
  - Logger/Core (1.4.16):
    - LarkFoundation
    - LKCommonsLogging
  - Logger/Lark (1.4.16):
    - BDAlogProtocol
    - LKMetric
    - Logger/Core
  - lottie-ios (2.6.5)
  - MDLMediaDataLoader (1.1.27.10):
    - TTPlayerSDK (~> 2.8)
    - VCNVCloudNetwork (~> 3.1.0)
  - MemoryGraphCapture (1.2.9)
  - NotificationUserInfo (0.23.5)
  - OfflineResourceManager (0.22.8):
    - EEAtomic
    - IESGeckoKit/Core
    - LKCommonsLogging
  - protobuf_lite (1.0.2)
  - PushKitService (0.2.16):
    - PushKitService/Core (= 0.2.16)
  - PushKitService/Core (0.2.16):
    - LKCommonsLogging
    - RxSwift
  - RangersAppLog/Core (5.6.4):
    - BDDataDecoratorTob
  - RangersAppLog/ET (5.6.4):
    - RangersAppLog/Core
  - RangersAppLog/Filter (5.6.4):
    - RangersAppLog/Core
  - ReachabilitySwift (4.3.0)
  - RichLabel (0.22.12):
    - LarkCompatible
    - LarkExtensions
  - RoundedHUD (1.21.14):
    - LarkLocalizations
    - UniverseDesignToast
  - RunloopTools (0.1.0):
    - LarkLocalizations
    - LKCommonsLogging
    - ThreadSafeDataStructure
  - RustPB (4.1.0-alpha.115-alpha):
    - LarkSQLCipher (= 1.0.0-alpha.8014-alpha)
    - SwiftProtobuf (~> 1.15.0)
    - TTNetworkManager
  - RxCocoa (5.1.1):
    - RxRelay (~> 5)
    - RxSwift (~> 5)
  - RxRelay (5.1.1):
    - RxSwift (~> 5)
  - RxSwift (5.1.1)
  - ServerPB (1.0.920):
    - SwiftProtobuf
  - SnapKit (5.0.1)
  - SSZipArchive (2.2.2)
  - Stinger (1.0.2.1-binary):
    - Stinger/Core (= 1.0.2.1-binary)
    - Stinger/libffi (= 1.0.2.1-binary)
  - Stinger/Core (1.0.2.1-binary):
    - Stinger/libffi
  - Stinger/libffi (1.0.2.1-binary)
  - SuiteCodable (0.1.4)
  - SwiftProtobuf (1.15.0)
  - Swinject (10.13.1)
  - ThreadSafeDataStructure (0.18.1)
  - TTFFmpeg (1.25.27.12):
    - boringssl (~> 0.1)
    - lib_h_dec (>= 1.2.2.3-bugfix)
    - TTFFmpeg/libavcodec (= 1.25.27.12)
    - TTFFmpeg/libavdevice (= 1.25.27.12)
    - TTFFmpeg/libavfilter (= 1.25.27.12)
    - TTFFmpeg/libavformat (= 1.25.27.12)
    - TTFFmpeg/libavresample (= 1.25.27.12)
    - TTFFmpeg/libavutil (= 1.25.27.12)
    - TTFFmpeg/libpostproc (= 1.25.27.12)
    - TTFFmpeg/libswresample (= 1.25.27.12)
    - TTFFmpeg/libswscale (= 1.25.27.12)
  - TTFFmpeg/libavcodec (1.25.27.12):
    - boringssl (~> 0.1)
    - lib_h_dec (>= 1.2.2.3-bugfix)
  - TTFFmpeg/libavdevice (1.25.27.12):
    - boringssl (~> 0.1)
    - lib_h_dec (>= 1.2.2.3-bugfix)
  - TTFFmpeg/libavfilter (1.25.27.12):
    - boringssl (~> 0.1)
    - lib_h_dec (>= 1.2.2.3-bugfix)
  - TTFFmpeg/libavformat (1.25.27.12):
    - boringssl (~> 0.1)
    - lib_h_dec (>= 1.2.2.3-bugfix)
  - TTFFmpeg/libavresample (1.25.27.12):
    - boringssl (~> 0.1)
    - lib_h_dec (>= 1.2.2.3-bugfix)
  - TTFFmpeg/libavutil (1.25.27.12):
    - boringssl (~> 0.1)
    - lib_h_dec (>= 1.2.2.3-bugfix)
  - TTFFmpeg/libpostproc (1.25.27.12):
    - boringssl (~> 0.1)
    - lib_h_dec (>= 1.2.2.3-bugfix)
  - TTFFmpeg/libswresample (1.25.27.12):
    - boringssl (~> 0.1)
    - lib_h_dec (>= 1.2.2.3-bugfix)
  - TTFFmpeg/libswscale (1.25.27.12):
    - boringssl (~> 0.1)
    - lib_h_dec (>= 1.2.2.3-bugfix)
  - TTMacroManager (1.0.3)
  - TTNetworkManager (4.0.52.1):
    - TTNetworkManager/Core (= 4.0.52.1)
  - TTNetworkManager/Core (4.0.52.1):
    - BDALog (>= 0.2.2)
    - BDAlogProtocol (>= 1.2.2)
    - BDDataDecorator/Data (>= 1.0.3)
    - boringssl (~> 0.1.4)
    - Godzippa
    - protobuf_lite (= 1.0.2)
  - TTNetworkPredict/interface (0.1.6)
  - TTPlayerSDK (2.10.27.32):
    - audiosdk
    - boringssl
    - TTFFmpeg
    - TTNetworkManager
  - TTReachability (1.8.5)
  - TTTopSignature (0.0.6)
  - TTVideoEngine (1.10.27.21):
    - ABRInterface (~> 0.8.0)
    - BDAlogProtocol
    - MDLMediaDataLoader (>= 1.1.27.1)
    - TTNetworkPredict/interface (~> 0.1.0)
    - TTPlayerSDK (~> 2.10)
    - TTTopSignature (~> 0.0.4)
    - TTVideoEngine/Base (= 1.10.27.21)
    - VCPreloadStrategy (~> 0.1.0)
  - TTVideoEngine/Base (1.10.27.21):
    - ABRInterface (~> 0.8.0)
    - BDAlogProtocol
    - MDLMediaDataLoader (>= 1.1.27.1)
    - TTNetworkPredict/interface (~> 0.1.0)
    - TTPlayerSDK (~> 2.10)
    - TTTopSignature (~> 0.0.4)
    - TTVideoEngine/NewLogger
    - TTVideoEngine/OldModel
    - TTVideoEngine/Private
    - TTVideoEngine/Public
    - VCPreloadStrategy (~> 0.1.0)
  - TTVideoEngine/CN (1.10.27.21):
    - ABRInterface (~> 0.8.0)
    - BDAlogProtocol
    - MDLMediaDataLoader (>= 1.1.27.1)
    - TTNetworkPredict/interface (~> 0.1.0)
    - TTPlayerSDK (~> 2.10)
    - TTTopSignature (~> 0.0.4)
    - TTVideoEngine/Base
    - VCPreloadStrategy (~> 0.1.0)
  - TTVideoEngine/NewLogger (1.10.27.21):
    - ABRInterface (~> 0.8.0)
    - BDAlogProtocol
    - MDLMediaDataLoader (>= 1.1.27.1)
    - TTNetworkPredict/interface (~> 0.1.0)
    - TTPlayerSDK (~> 2.10)
    - TTTopSignature (~> 0.0.4)
    - VCPreloadStrategy (~> 0.1.0)
  - TTVideoEngine/OldModel (1.10.27.21):
    - ABRInterface (~> 0.8.0)
    - BDAlogProtocol
    - MDLMediaDataLoader (>= 1.1.27.1)
    - TTNetworkPredict/interface (~> 0.1.0)
    - TTPlayerSDK (~> 2.10)
    - TTTopSignature (~> 0.0.4)
    - VCPreloadStrategy (~> 0.1.0)
  - TTVideoEngine/Private (1.10.27.21):
    - ABRInterface (~> 0.8.0)
    - BDAlogProtocol
    - MDLMediaDataLoader (>= 1.1.27.1)
    - TTNetworkPredict/interface (~> 0.1.0)
    - TTPlayerSDK (~> 2.10)
    - TTTopSignature (~> 0.0.4)
    - VCPreloadStrategy (~> 0.1.0)
  - TTVideoEngine/Public (1.10.27.21):
    - ABRInterface (~> 0.8.0)
    - BDAlogProtocol
    - MDLMediaDataLoader (>= 1.1.27.1)
    - TTNetworkPredict/interface (~> 0.1.0)
    - TTPlayerSDK (~> 2.10)
    - TTTopSignature (~> 0.0.4)
    - VCPreloadStrategy (~> 0.1.0)
  - UniverseDesignActionPanel (0.4.0):
    - SnapKit
    - UniverseDesignColor
    - UniverseDesignFont
    - UniverseDesignPopover
    - UniverseDesignStyle
  - UniverseDesignBreadcrumb (0.4.7):
    - SnapKit
    - UniverseDesignColor
    - UniverseDesignFont
    - UniverseDesignIcon
    - UniverseDesignStyle
  - UniverseDesignButton (0.4.8):
    - SnapKit
    - UniverseDesignColor
    - UniverseDesignIcon
    - UniverseDesignStyle
  - UniverseDesignColor (0.4.7):
    - UniverseDesignTheme
  - UniverseDesignEmpty (0.4.0):
    - SnapKit
    - UniverseDesignButton
    - UniverseDesignColor
    - UniverseDesignFont
  - UniverseDesignFont (0.4.4):
    - UniverseDesignTheme
  - UniverseDesignIcon (0.4.7):
    - UniverseDesignColor
  - UniverseDesignPopover (0.4.0):
    - SnapKit
    - UniverseDesignColor
  - UniverseDesignStyle (0.4.2):
    - UniverseDesignColor
    - UniverseDesignTheme
  - UniverseDesignTheme (0.4.8)
  - UniverseDesignToast (0.4.7):
    - SnapKit
    - UniverseDesignColor
    - UniverseDesignFont
    - UniverseDesignIcon
  - VCNVCloudNetwork (3.1.0):
    - boringssl (~> 0.1)
    - VCNVCloudNetwork/Core (= 3.1.0)
  - VCNVCloudNetwork/Core (3.1.0):
    - boringssl (~> 0.1)
  - VCPreloadStrategy (0.1.2):
    - VCPreloadStrategy/Default (= 0.1.2)
  - VCPreloadStrategy/Core (0.1.2):
    - VCPreloadStrategy/Core/Bridge (= 0.1.2)
    - VCPreloadStrategy/Core/Imp (= 0.1.2)
  - VCPreloadStrategy/Core/Bridge (0.1.2)
  - VCPreloadStrategy/Core/Imp (0.1.2)
  - VCPreloadStrategy/Default (0.1.2):
    - VCPreloadStrategy/Core
    - VCPreloadStrategy/Interface
  - VCPreloadStrategy/Interface (0.1.2)
  - yaml-cpp (0.6.2.4)
  - Yoga (1.9.0)
  - YYCache (4.11.1)
  - ZeroTrust (0.4.2):
    - ZeroTrust/Common (= 0.4.2)
  - ZeroTrust/Base (0.4.2)
  - ZeroTrust/Common (0.4.2):
    - EENavigator
    - LarkContainer
    - LarkExtensions
    - LarkFeatureGating
    - LarkFoundation
    - LarkLocalizations
    - LarkRustClient
    - LKCommonsLogging
    - RoundedHUD
    - RustPB
    - RxSwift
    - Swinject
    - ZeroTrust/Base

DEPENDENCIES:
  - BDABTestSDK (= 1.0.2)
  - BDDataDecorator/Data (= 2.0.1.1-binary)
  - Heimdallr/ALog (= 0.7.25-rc.4)
  - Heimdallr/CrashDetector (= 0.7.25-rc.4)
  - Heimdallr/HMDANR (= 0.7.25-rc.4)
  - Heimdallr/HMDCoreDump (= 0.7.25-rc.4)
  - Heimdallr/HMDDomestic (= 0.7.25-rc.4)
  - Heimdallr/HMDOOM (= 0.7.25-rc.4)
  - Heimdallr/HMDOOMCrash (= 0.7.25-rc.4)
  - Heimdallr/HMDStart (= 0.7.25-rc.4)
  - Heimdallr/HMDWatchDog (= 0.7.25-rc.4)
  - Heimdallr/MemoryGraph (= 0.7.25-rc.4)
  - Heimdallr/Monitors (= 0.7.25-rc.4)
  - Heimdallr/Offline (= 0.7.25-rc.4)
  - Heimdallr/TTMonitor (= 0.7.25-rc.4)
  - Heimdallr/UIFrozen (= 0.7.25-rc.4)
  - Heimdallr/UITracker (= 0.7.25-rc.4)
  - Heimdallr/UserException (= 0.7.25-rc.4)
  - Heimdallr/WatchdogProtect (= 0.7.25-rc.4)
  - Heimdallr/Zombie (= 0.7.25-rc.4)
  - LarkBaseService (from `.`)
  - Stinger (= 1.0.2.1-binary)
  - TTVideoEngine/CN (= 1.10.27.21)
  - YYCache (= 4.11.1)

SPEC REPOS:
  "git@code.byted.org:ee/pods_specs.git":
    - AppReciableSDK
    - CryptoSwift
    - DateToolsSwift
    - EEAtomic
    - EEFlexiable
    - EENotification
    - ExtensionMessenger
    - Homeric
    - HTTProtocol
    - Kingfisher
    - KingfisherWebP
    - LarkActivityIndicatorView
    - LarkCompatible
    - LarkDebugExtensionPoint
    - LarkEnv
    - LarkExtensionCommon
    - LarkFileKit
    - LarkKeyboardKit
    - LarkOpenTrace
    - LarkReleaseConfig
    - LarkShareToken
    - LarkSQLCipher
    - LarkTraitCollection
    - LKTracing
    - PushKitService
    - ReachabilitySwift
    - RunloopTools
    - RustPB
    - RxCocoa
    - RxSwift
    - ServerPB
    - SnapKit
    - SSZipArchive
    - SuiteCodable
    - SwiftProtobuf
    - Swinject
    - ThreadSafeDataStructure
    - TTMacroManager
    - UniverseDesignActionPanel
    - UniverseDesignEmpty
    - UniverseDesignPopover
    - yaml-cpp
    - Yoga
    - YYCache
    - ZeroTrust
  "git@code.byted.org:iOS_Library/lark_source_repo.git":
    - AnimatedTabBar
    - AppContainer
    - AsyncComponent
    - BootManager
    - CookieManager
    - EditTextView
    - EEImageService
    - EEKeyValue
    - EENavigator
    - EEPodInfoDebugger
    - EETroubleKiller
    - LarkAccountInterface
    - LarkActionSheet
    - LarkAlertController
    - LarkAppConfig
    - LarkAppLog
    - LarkBadge
    - LarkBGTaskScheduler
    - LarkButton
    - LarkCache
    - LarkColor
    - LarkCombine
    - LarkContainer
    - LarkDebug
    - LarkEmotion
    - LarkExtensions
    - LarkFeatureGating
    - LarkFeatureSwitch
    - LarkFileSystem
    - LarkFoundation
    - LarkInteraction
    - LarkKAFeatureSwitch
    - LarkKeyCommandKit
    - LarkLocalizations
    - LarkModel
    - LarkMonitor
    - LarkNotificationServiceExtensionLib
    - LarkOrientation
    - LarkPerf
    - LarkPushTokenUploader
    - LarkResource
    - LarkRustClient
    - LarkRustClientAssembly
    - LarkRustHTTP
    - LarkSafety
    - LarkSceneManager
    - LarkSnsShare
    - LarkSplitViewController
    - LarkTab
    - LarkTracker
    - LarkTTNetInitializor
    - LarkUIExtension
    - LarkUIKit
    - LKCommonsLogging
    - LKCommonsTracker
    - LKLoadable
    - LKMetric
    - Logger
    - NotificationUserInfo
    - OfflineResourceManager
    - RichLabel
    - RoundedHUD
    - UniverseDesignBreadcrumb
    - UniverseDesignButton
    - UniverseDesignColor
    - UniverseDesignFont
    - UniverseDesignIcon
    - UniverseDesignStyle
    - UniverseDesignTheme
    - UniverseDesignToast
  "git@code.byted.org:iOS_Library/privatethird_binary_repo.git":
    - audiosdk
    - BDALog
    - BDDataDecorator
    - lib_h_dec
    - Stinger
  "git@code.byted.org:iOS_Library/privatethird_source_repo.git":
    - ABRInterface
    - BDAlogProtocol
    - BDDataDecoratorTob
    - BDFishhook
    - BDTrackerProtocol
    - bytenn-ios
    - espresso
    - FMDB
    - Heimdallr
    - IESGeckoKit
    - LarkCanvas
    - LarkDynamicResource
    - LarkOpenCombine
    - LarkOpenCombineDispatch
    - LarkOpenCombineFoundation
    - LarkTimeFormatUtils
    - lottie-ios
    - MDLMediaDataLoader
    - MemoryGraphCapture
    - RangersAppLog
    - TTFFmpeg
    - TTNetworkPredict
    - TTPlayerSDK
    - TTReachability
    - TTTopSignature
    - VCPreloadStrategy
  "git@code.byted.org:iOS_Library/publicthird_binary_repo.git":
    - libwebp
  "git@code.byted.org:iOS_Library/publicthird_source_repo.git":
    - Godzippa
    - RxRelay
  "git@code.byted.org:iOS_Library/toutiao_source_repo.git":
    - BDABTestSDK
    - boringssl
    - protobuf_lite
    - TTNetworkManager
  "git@code.byted.org:TTVideo/ttvideo-pods.git":
    - TTVideoEngine
    - VCNVCloudNetwork

EXTERNAL SOURCES:
  LarkBaseService:
    :path: "."

SPEC CHECKSUMS:
  ABRInterface: da9b30b2ae35a9be17ae279b60a3a64b9250cdeb
  AnimatedTabBar: 3ddbf61bfb183b57c18541ed859ee3eaa407d7c6
  AppContainer: 9b723be1cafcd8a5f93cd50b5c1d3778eb7206b4
  AppReciableSDK: f0d96bfef0f8cd0839efd336f340917b4ef97173
  AsyncComponent: 098b11ea1d853007160234b439a03be3132542e5
  audiosdk: 59dfa51eaacfa755c5beb134cfc05742f1061b1e
  BDABTestSDK: 7381e86406e6091b50ba7e1b88481511949d4572
  BDALog: f5da7ecec256e1cb9caf507cd893554b70285898
  BDAlogProtocol: 25d6b184d9234554557b635bcb35acdf80a189ea
  BDDataDecorator: 31e878788f218051958a8cfdf0f1e8b3cea68bfe
  BDDataDecoratorTob: 00e84d49c560d1e854047e8f793972c2de0f2f03
  BDFishhook: 21c104b6385b906a6174a34fb7e652f18bd290c2
  BDTrackerProtocol: 8f2262e03d072d775c8aa0a7cc199c895949f017
  BootManager: c2363d0ad68b029fe311e4a09ca8f06cbb06ccfd
  boringssl: 3d751ad531b930e5b04cefd6bdb45a54adbb193c
  bytenn-ios: 9333d9779ea7ce0343c2f11f7ade9fd440765f5f
  CookieManager: a00169a66edd0bc73947e8ab32e13c55205d92b8
  CryptoSwift: 2ecb3ab7b890c618ed71e1995906f1882d919c54
  DateToolsSwift: 1b7b5dc78e2bd32afb5ea97d4ec6679e9ea214ab
  EditTextView: 3cb9600a34154341ded4cb1dfd8a3b4379cdf020
  EEAtomic: 3f3aad1bb862e2a8eaf70efe1ead31d51d148d97
  EEFlexiable: 11467b7b6f29fa4e5e862e251fe7753ee299cb4d
  EEImageService: f8688eb7505156e12cb0935ef58e2daad283d5d7
  EEKeyValue: 4c1d9de7bd1c3470185db1f2005b5afaf976c876
  EENavigator: 557fd9268de8e1d7d82a470e8316c9f17138c466
  EENotification: 0d0108b1cc2e7a07919ec2b4176d0a8dad439e41
  EEPodInfoDebugger: 9e3b02fb9f11efe60f78794e5e1667ff32ee26e4
  EETroubleKiller: 898c983095d516b03b88f3e600da4aef5cc5f6cb
  espresso: 2c1867cf076865936934b2482ff0c708e334eb36
  ExtensionMessenger: 2c2c1094f98114530c1ec8b39052a6e43420e538
  FMDB: 82f3ef42adac8705d2d3c0c3faf76e38aa5bdfd4
  Godzippa: 5012bcfb251ddb62ed4900d92b1a59bd414e4cc1
  Heimdallr: 3c7dabe265484fc6a375b72a7950ec3611779534
  Homeric: 1419210ea0ba76230af89c247814a10ef26773a6
  HTTProtocol: dd0c193ecf2d66a95612b2f72a3b2689efa190ab
  IESGeckoKit: 9a12e1649b36fc47012be616d57ca49736d9956e
  Kingfisher: 5794f381d3697064d33fe9f049c9e8fa4a0e6515
  KingfisherWebP: 3f23a1e4d8dff52ef70fd701b75ace4a5101cbcc
  LarkAccountInterface: d93b9f215be36d8f99ae79a56765c2df9ad563b3
  LarkActionSheet: ff7a7583bdec0ec3e301d9c23a07eff3d7951ac6
  LarkActivityIndicatorView: 99b2cf7d77c50b6141014da7500f1449aa0b2d4c
  LarkAlertController: 8f33c45e5f76e7e89ee3295a893fc3a3b245cacd
  LarkAppConfig: ba5c60bf90533370eb9877245e8f6b4512a3065d
  LarkAppLog: 7dd6f173fe00d22ba0edaaaf6d4222ebd017f623
  LarkBadge: 8dfae201e9af5b38c60e3271c091b128f193de3a
  LarkBaseService: 0423bb080b7005bd950449846e322a27e621d1c8
  LarkBGTaskScheduler: 073cf103466cd684518b974817b3fe97e58c67df
  LarkButton: 4cecfe94d7ba78d61c391ba021cf6ecc18be9348
  LarkCache: 770e2cab2c2072e533ad1336e35f3a424bc48626
  LarkCanvas: f150bb9e3eb6f38c3d79e0c6fdfa92cfd64aa442
  LarkColor: 3d8323a3d5d576d39542ac8f21082ed677f6bcf2
  LarkCombine: 2a140162532bca9c19ef4d70a2f97c7bd282323e
  LarkCompatible: 50d38c6c780fb2324a7d967d3c9167ab8a8de80c
  LarkContainer: b9a6b354b8ed50870883c9768a2917e16b7e8a76
  LarkDebug: 2986e113648cd1d3876eff6eada974578d1a0e21
  LarkDebugExtensionPoint: ac1dfe05c897ba648952fd84d42e88641cb10eb7
  LarkDynamicResource: bf6fe49df06401a96ca197bb928f27778d6ebc4f
  LarkEmotion: d532586bcbfd684f0249124fdaa4bd8fcc3efd30
  LarkEnv: dc8e78226029fc4f1cd3918edf980dc8fe6a22b4
  LarkExtensionCommon: 209f1f72a99fa5b2e7fcf2226130af513695a371
  LarkExtensions: 7c57c17084d610013ecff087f626b3a510faaeee
  LarkFeatureGating: bece9b8c25106e89d9153142550d064e83c0dfa2
  LarkFeatureSwitch: 28bedbed55c42e594f41d7a3960d158f8c6f198f
  LarkFileKit: cbb5aa3abb0759a3cbe4d2aa94db7ed36b276c61
  LarkFileSystem: 766584c5e8dc190518af057f4a152e83cdae4fc2
  LarkFoundation: d3086617c40b0d10417e21bcb103a743ed1e968a
  LarkInteraction: 1aabab963a13c39be65701ebdcf7d8ff559e45b4
  LarkKAFeatureSwitch: b9e0a4b1f22625c9968cc739e1e63ea64b771099
  LarkKeyboardKit: 5e10c953a6e1bb694ac4d5bfb3d9781a30740197
  LarkKeyCommandKit: 4be4f79f339356a35682fb6533fc99c54d6a0f09
  LarkLocalizations: b4e4d8ae49a8d6b454a5ef21d4b8a0669c6ef550
  LarkModel: 14d10a4c5223393816a74f443867c07684a4fafb
  LarkMonitor: cf09471bf83960289e580aefa2e21516fc3b26b1
  LarkNotificationServiceExtensionLib: 36a3b7e05899bacf2fea02333b5baef4b1737d2a
  LarkOpenCombine: 3af09c103782bee7e0629e4fc047096ee6c1b166
  LarkOpenCombineDispatch: 1d2b957da2aa23aa18859eddae46a13d3bbf5b57
  LarkOpenCombineFoundation: e9feedaa3f92a7407c8334a16b1b5af542294531
  LarkOpenTrace: 683343240a8a6700fee10b38a6148cfc2fb9c032
  LarkOrientation: 4085ceac1383760de295a9b15c698a24fb221638
  LarkPerf: 8e36a773d97e0032951914adb3741752654eafd5
  LarkPushTokenUploader: 664eb232095c81f2291178d5c0ab03e7a48c43e1
  LarkReleaseConfig: ae2e4265f8c5cd3b5d7d2296d872c4c85954d8c7
  LarkResource: 74da195ee099e1a578fd06f7ee0ef36599c7ac42
  LarkRustClient: 9814fc942c6b941efc66590ba0a050d581f1d393
  LarkRustClientAssembly: cb613d5afa91a91e67cd1182180c48474e5d6b78
  LarkRustHTTP: 5b630086025de2081694ab6ca7067902b8a677a5
  LarkSafety: 194c3f57c471dff3b04541e717b311df009e8066
  LarkSceneManager: 4d43d08b5f2dfb5a1871ce2f7b20fdcdbf5389af
  LarkShareToken: 7d166adbf8f32379013e5b08192f78ba03a457be
  LarkSnsShare: 2331f6122cf86c64215413cf2dcf55b2ab153585
  LarkSplitViewController: 9e3659e77520c5dea1309b4ee79d53bb5b1a2cfe
  LarkSQLCipher: 4452645bd05f81795ddb53662c219e500329cdc5
  LarkTab: 7c30fba39f89583b31da1986f15b86d532246b2f
  LarkTimeFormatUtils: a69d7505486f31c1186c8dddd015856543dabbac
  LarkTracker: 7951c5d44ca309b6763587a23a118bb28eac6364
  LarkTraitCollection: 37a6022f13c65aa13eddc08b383bc1c7dc636c14
  LarkTTNetInitializor: 6995812740ba3f3f1d137402711084458890719f
  LarkUIExtension: f2917cd9d910cf57523d6cb184bd5b423335fd8c
  LarkUIKit: fac862c6bc95c3ac7ce0abcfc3d1fa83630dc0d8
  lib_h_dec: ab088450cb6355207c440d9b960ad4040f5ed17b
  libwebp: c184f52cefe46b52c753216233ac467ba8f61730
  LKCommonsLogging: 3296e36f75f7d708a613280744bf213f97467ab6
  LKCommonsTracker: f71c82b9ed320ee9a7903242e82e3b5c51aa60b8
  LKLoadable: 171fc2b0ce440ccc546381fa67562e77bf18bce3
  LKMetric: 781bf85d29262782792c2bd8234fef33839c2b82
  LKTracing: 41c1ec32e995713ea99699302276f20a25bb58bb
  Logger: cd4ac721d307e8eaf7bef0603086bec7ec2181d1
  lottie-ios: 82e2074b264ca70c74e0040309ef9c7fc28d75b3
  MDLMediaDataLoader: 302f15d21699472286f0f3501827108ea594e4d2
  MemoryGraphCapture: 10f8067f9ae64ad570c3cfc79d722da174cf89f7
  NotificationUserInfo: b8eaf942ee5697b98d9233471ce5377bc51ac191
  OfflineResourceManager: cb5569b698559ce53364179dbfa8fb3df5d2c573
  protobuf_lite: 5bfeef9b1f90ff650c753b9f2b6c3906595f25ec
  PushKitService: f02f7fa7fe8dacc72fa0f10961e3b497e9642c2d
  RangersAppLog: ef8951275b7f0ec4da0f7fd08cd6cd7273cb2a4e
  ReachabilitySwift: d4031fa37abaf309f1187b31151042a644400dce
  RichLabel: ea4253ef145b1627a11c8e73bdf417f5f45827ce
  RoundedHUD: fa1f597cb896f4cc34376c34d3ccecb5cd49092b
  RunloopTools: 67b162233e464dbce0fe50d566e9b4b9a1fc9214
  RustPB: 28d85a955ec3a18554e7b37dc8c6ea42985c2745
  RxCocoa: 00733d20b77c44fc096705afeacaff737f4ae2dc
  RxRelay: e12f9a648a7da4cf833e977b82ea6a0ed1ff7f0c
  RxSwift: 25af47d498e336a2b0d8e30b65a6a161516a0f77
  ServerPB: de94a575bd6de5c6d1a692d6f7ed9f4e353341c4
  SnapKit: 1151856f0f44d50235970e5a711db83424674c7a
  SSZipArchive: cf082948ecc56df8ad8ea4451add8808fe21f37a
  Stinger: d12c32c452c80dcbebd4b120803a5c8a10e44af2
  SuiteCodable: 2be4d90c14a02a4cd325856dedb45b9297201b72
  SwiftProtobuf: 39e22f6f0a4b368c76e532a19708bf63d2dc2b2f
  Swinject: 939da453bcacc4c9e28c3de1eec67629ea5d6c7d
  ThreadSafeDataStructure: 87a72a5cff4f4c6024345575dd19562a8200f118
  TTFFmpeg: 027da2ee79566331d67f9ff55063045bad997e76
  TTMacroManager: 5cead968edfaf6d039c1e7a5653c24805494c7cd
  TTNetworkManager: 0a89c747ca02df56bca194ee7e985093de24ba34
  TTNetworkPredict: f77ffc759ea71d82b77c4f51aa46db73532a9c30
  TTPlayerSDK: d6a5b3e23824f674f2a54f4a0aa580f670c63f17
  TTReachability: f6a26604763a643fc072aebec8d9febda6d4d3cb
  TTTopSignature: 975490b9bfbf08893649da6a7ac7c5fe862c5aa4
  TTVideoEngine: c6618018a38099e7142d829f228aa107dbba5edd
  UniverseDesignActionPanel: 70e20fdb4921b27391f2986492abda04582b5679
  UniverseDesignBreadcrumb: 6c83b39a28328d579032a22fb9fb02ad20dead98
  UniverseDesignButton: e52c3cd027ce7943f82a795fe0e2fcd0936fea2b
  UniverseDesignColor: 09ce51459ea7c760d936644c18c89a19d55a2816
  UniverseDesignEmpty: efd521abc52de53607d24595497701cd29ab7b5c
  UniverseDesignFont: b38491b1155cb1bd0c94ad8de3d6d68c27161874
  UniverseDesignIcon: 007b6531c183aaa34015ea42b87d2e7886301307
  UniverseDesignPopover: 20103cc9ee8c75e086ff5be004196467675e93fd
  UniverseDesignStyle: dfa25f8532ccbea753a1e218909c9cefa43a6655
  UniverseDesignTheme: 31362e9c0d7c4c493e23cc79433c494cdbbe4608
  UniverseDesignToast: 73b36ab7fb99b9af06e481f5e6aecc69f6eed4d8
  VCNVCloudNetwork: 49b41eb99c40ca0c5e8ec2c442f304730fa4b9e8
  VCPreloadStrategy: a6da1d925cce3daff05fbc621a90c76b0d0af0d0
  yaml-cpp: 9b537e96e1f2504cf866dd980104735afbefa303
  Yoga: ad167a0fd712ab618851346fc3ee4387152738bd
  YYCache: 448b918a3348a0add8ebb450b14f65da1c85a41c
  ZeroTrust: c80fa3ff2b0360a4f68d4bf46115b6ba386ba35b

PODFILE CHECKSUM: 6f8e5b5855e300fb9e6c9395929ce3241058e74a

COCOAPODS: 1.9.3
