PODS:
  - AnimatedTabBar (0.19.1):
    - LarkBadge
    - LarkColor
    - LarkKeyboardKit
    - LarkSplitViewController
    - LarkTraitCollection
    - LKCommonsLogging
    - SnapKit
  - AppContainer (0.16.1):
    - BootManager
    - LarkContainer
    - LKCommonsLogging
    - Swinject
    - ThreadSafeDataStructure
  - AppReciableSDK (0.0.7):
    - EEAtomic
    - LKCommonsTracker
    - ThreadSafeDataStructure
  - AudioSessionScenario (0.6.7):
    - AudioSessionScenario/Core (= 0.6.7)
    - LKCommonsLogging
    - RxCocoa
    - RxSwift
  - AudioSessionScenario/Core (0.6.7):
    - LKCommonsLogging
    - RxCocoa
    - RxSwift
  - BDAlogProtocol (1.2.2)
  - BDDataDecorator (2.0.4):
    - BDDataDecorator/Data (= 2.0.4)
  - BDDataDecorator/Data (2.0.4)
  - BootManager (0.6.1):
    - LarkLocalizations
    - LKCommonsLogging
    - RunloopTools
    - Swinject
  - CryptoSwift (1.3.3)
  - DateToolsSwift (5.0.0)
  - EditTextView (0.12.1):
    - LarkColor
    - LKCommonsLogging
    - RxCocoa
    - RxSwift
  - EEAtomic (0.1.4)
  - EEImageService (0.18.2):
    - AppReciableSDK
    - Kingfisher (< 5.4)
    - KingfisherWebP
    - LarkExtensions
    - LarkFoundation
    - LKCommonsLogging
    - RxSwift
  - EENavigator (0.10.27):
    - EEAtomic
    - EETroubleKiller
    - SuiteCodable
  - EEPodInfoDebugger (0.0.3):
    - CryptoSwift
    - LarkLocalizations
    - SnapKit
  - EETroubleKiller (1.2.6):
    - LKCommonsLogging
  - FMDB (2.7.9):
    - BDAlogProtocol
    - FMDB/standard (= 2.7.9)
  - FMDB/standard (2.7.9):
    - BDAlogProtocol
  - Heimdallr/BootingProtect (0.7.19-rc.39):
    - Heimdallr/Core
    - Heimdallr/CrashDetector
    - Heimdallr/HMDOOMCrash
  - Heimdallr/Core (0.7.19-rc.39):
    - Heimdallr/DeviceInfo
    - Heimdallr/HMDAlogProtocol
    - Heimdallr/HMDConfig
    - Heimdallr/HMDSession
    - Heimdallr/HMDStore
    - Heimdallr/Network
    - Heimdallr/Upload
    - Heimdallr/Utility
    - TTMacroManager
    - TTReachability (>= 0.10.0)
  - Heimdallr/CrashCapture (0.7.19-rc.39):
    - Heimdallr/HMDConfig
    - Heimdallr/Mach
    - Heimdallr/Network
    - Heimdallr/Utility
    - TTMacroManager
  - Heimdallr/CrashDetector (0.7.19-rc.39):
    - Heimdallr/Core
    - Heimdallr/CrashCapture
  - Heimdallr/DeviceInfo (0.7.19-rc.39):
    - Heimdallr/HMDAlogProtocol
    - Heimdallr/Mach
    - Heimdallr/Utility
  - Heimdallr/HMDAlogProtocol (0.7.19-rc.39)
  - Heimdallr/HMDANR (0.7.19-rc.39):
    - Heimdallr/Core
    - Heimdallr/Log
    - Heimdallr/Mach
    - Heimdallr/Runloop
    - Heimdallr/Utility
  - Heimdallr/HMDConfig (0.7.19-rc.39):
    - Heimdallr/HMDSession
    - Heimdallr/HMDStore
    - Heimdallr/Network
  - Heimdallr/HMDLaunchTracing (0.7.19-rc.39):
    - Heimdallr/Core
    - Heimdallr/HMDStart
    - Heimdallr/OpenTracing
  - Heimdallr/HMDOOM (0.7.19-rc.39):
    - Heimdallr/Core
    - Heimdallr/DeviceInfo
    - Heimdallr/HMDOOMCrash
    - Heimdallr/Log
    - Heimdallr/Mach
    - Heimdallr/Monitors
    - Heimdallr/Utility
  - Heimdallr/HMDOOMCrash (0.7.19-rc.39):
    - Heimdallr/Core
    - Heimdallr/CrashCapture
    - Heimdallr/CrashDetector
    - Heimdallr/HMDWatchDog
    - Heimdallr/Mach
    - Heimdallr/Utility
  - Heimdallr/HMDSession (0.7.19-rc.39):
    - Heimdallr/DeviceInfo
    - Heimdallr/HMDStore
    - Heimdallr/Network
  - Heimdallr/HMDStart (0.7.19-rc.39):
    - Heimdallr/Core
  - Heimdallr/HMDStore (0.7.19-rc.39):
    - FMDB
    - Heimdallr/HMDAlogProtocol
    - Heimdallr/Utility
  - Heimdallr/HMDWatchDog (0.7.19-rc.39):
    - Heimdallr/Core
    - Heimdallr/Log
    - Heimdallr/Mach
    - Heimdallr/Runloop
    - Heimdallr/Utility
  - Heimdallr/Log (0.7.19-rc.39):
    - Heimdallr/DeviceInfo
    - Heimdallr/HMDAlogProtocol
    - Heimdallr/Mach
    - Heimdallr/Utility
  - Heimdallr/Mach (0.7.19-rc.39):
    - Heimdallr/HMDAlogProtocol
    - Heimdallr/Utility
  - Heimdallr/Monitors (0.7.19-rc.39):
    - Heimdallr/Core
  - Heimdallr/Network (0.7.19-rc.39):
    - BDDataDecorator
    - Heimdallr/DeviceInfo
    - Heimdallr/HMDAlogProtocol
    - Heimdallr/Utility
    - TTReachability (>= 0.8.1)
  - Heimdallr/OpenTracing (0.7.19-rc.39):
    - Heimdallr/Core
    - Heimdallr/Utility
  - Heimdallr/Runloop (0.7.19-rc.39):
    - Heimdallr/HMDSession
    - Heimdallr/Utility
  - Heimdallr/TTMonitor (0.7.19-rc.39):
    - Heimdallr/Core
    - Heimdallr/DeviceInfo
    - Heimdallr/HMDAlogProtocol
    - Heimdallr/HMDConfig
    - Heimdallr/HMDSession
    - Heimdallr/HMDStore
    - Heimdallr/Upload
    - Heimdallr/Utility
  - Heimdallr/UIFrozen (0.7.19-rc.39):
    - Heimdallr/Core
    - Heimdallr/UITracker
    - Heimdallr/UserException
  - Heimdallr/UITracker (0.7.19-rc.39):
    - Heimdallr/Core
    - Heimdallr/Mach
    - Heimdallr/Monitors
    - Heimdallr/Utility
  - Heimdallr/Upload (0.7.19-rc.39):
    - Heimdallr/DeviceInfo
    - Heimdallr/HMDConfig
    - Heimdallr/HMDSession
    - Heimdallr/HMDStore
    - Heimdallr/Network
    - TTMacroManager
    - TTReachability (>= 0.8.1)
  - Heimdallr/UserException (0.7.19-rc.39):
    - Heimdallr/Core
    - Heimdallr/Log
    - Heimdallr/Mach
  - Heimdallr/Utility (0.7.19-rc.39)
  - Homeric (0.2.548)
  - KeychainAccess (4.2.1)
  - Kingfisher (5.3.1-lark.12):
    - LarkCache
  - KingfisherWebP (0.6.0-lark.0):
    - Kingfisher (~> 5.0)
    - libwebp (>= 0.5.0)
  - LarkAccountInterface (3.36.1):
    - BootManager
    - EENavigator
    - LarkContainer
    - LarkModel
    - LarkPerf
    - LarkRustClient
    - RunloopTools
    - RxSwift
    - ThreadSafeDataStructure
  - LarkActionSheet (0.16.2):
    - LarkColor
    - LarkExtensions
    - LarkLocalizations
    - LarkTraitCollection
    - RxSwift
    - SnapKit
  - LarkActivityIndicatorView (1.0.3):
    - LarkLocalizations
  - LarkAlertController (0.11.2):
    - LarkColor
    - LarkLocalizations
    - SnapKit
  - LarkAppConfig (3.31.1):
    - AppContainer
    - LarkContainer
    - LarkPerf
    - LarkReleaseConfig
    - LarkRustClient
    - RunloopTools
    - RxRelay
    - RxSwift
    - Swinject
  - LarkAppResources (3.34.1):
    - LarkLocalizations
  - LarkAvatar (0.16.2):
    - EEImageService
    - EENavigator
    - LarkColor
    - LarkLocalizations
    - LarkUIKit
  - LarkBadge (0.12.1):
    - EEImageService
    - LarkColor
    - LarkLocalizations
    - SnapKit
    - ThreadSafeDataStructure
  - LarkButton (0.1.7):
    - LarkColor
  - LarkCache (0.6.1):
    - LarkFoundation
    - LKCommonsLogging
    - LKCommonsTracker
    - ThreadSafeDataStructure
    - YYCache
  - LarkCamera (0.14.2):
    - LarkLocalizations
    - LarkScene
  - LarkColor (0.11.0):
    - LarkColor/Core (= 0.11.0)
  - LarkColor/Core (0.11.0)
  - LarkCombine (0.0.11.1-binary):
    - LarkOpenCombine
    - LarkOpenCombineDispatch
    - LarkOpenCombineFoundation
  - LarkCompatible (0.4.0)
  - LarkContainer (1.9.1):
    - RxCocoa
    - RxSwift
    - Swinject
  - LarkCrashSanitizer (3.41.0):
    - LarkFoundation
    - LarkMonitor
    - LarkSetting
    - LKCommonsLogging
    - LKCommonsTracker
    - LKLoadable
    - RunloopTools
  - LarkDebug (3.33.1):
    - AppContainer
    - BootManager
    - EENavigator
    - EEPodInfoDebugger
    - LarkAccountInterface
    - LarkDebug/core (= 3.33.1)
    - LarkDebugExtensionPoint
    - LarkFoundation
    - LarkRustClient
    - Logger
    - RunloopTools
    - RxCocoa
    - RxSwift
    - SnapKit
    - Swinject
  - LarkDebug/core (3.33.1):
    - AppContainer
    - BootManager
    - EENavigator
    - EEPodInfoDebugger
    - LarkAccountInterface
    - LarkDebugExtensionPoint
    - LarkFoundation
    - LarkRustClient
    - Logger
    - RunloopTools
    - RxCocoa
    - RxSwift
    - SnapKit
    - Swinject
  - LarkDebugExtensionPoint (3.32.1):
    - LarkLocalizations
  - LarkEmotion (0.15.1)
  - LarkExtensions (0.15.3):
    - CryptoSwift
    - LarkColor
    - LarkCompatible
    - LarkLocalizations
    - LarkTimeFormatUtils
    - SnapKit
  - LarkFeatureGating (3.37.4):
    - LarkContainer
    - LarkFoundation
    - LarkRustClient
    - ThreadSafeDataStructure
  - LarkFeatureSwitch (3.30.1):
    - ThreadSafeDataStructure
  - LarkFoundation (1.6.6):
    - LarkCompatible
    - LarkFoundation/Encryption (= 1.6.6)
    - LarkFoundation/Error (= 1.6.6)
    - LarkFoundation/Extensions (= 1.6.6)
    - LarkFoundation/File (= 1.6.6)
    - LarkFoundation/FuncContext (= 1.6.6)
    - LarkFoundation/JumpApplication (= 1.6.6)
    - LarkFoundation/ProepertyWrapper (= 1.6.6)
    - LarkFoundation/Resource (= 1.6.6)
    - LarkFoundation/URL (= 1.6.6)
    - LarkFoundation/Utils (= 1.6.6)
  - LarkFoundation/Encryption (1.6.6):
    - LarkCompatible
  - LarkFoundation/Error (1.6.6):
    - LarkCompatible
  - LarkFoundation/Extensions (1.6.6):
    - LarkCompatible
  - LarkFoundation/File (1.6.6):
    - LarkCompatible
  - LarkFoundation/FuncContext (1.6.6):
    - LarkCompatible
  - LarkFoundation/JumpApplication (1.6.6):
    - LarkCompatible
  - LarkFoundation/ProepertyWrapper (1.6.6):
    - LarkCompatible
  - LarkFoundation/Resource (1.6.6):
    - LarkCompatible
    - LarkFoundation/Extensions
  - LarkFoundation/URL (1.6.6):
    - LarkCompatible
  - LarkFoundation/Utils (1.6.6):
    - LarkCompatible
    - LarkFoundation/Extensions
  - LarkGuide (3.5.0):
    - EEImageService
    - Homeric
    - LarkAccountInterface
    - LarkContainer
    - LarkGuideUI
    - LarkRustClient
    - LarkSDKInterface
    - LarkUIKit
    - LKCommonsLogging
    - Swinject
    - ThreadSafeDataStructure
  - LarkGuideUI (0.10.0):
    - Kingfisher
    - LarkColor
    - LarkExtensions
    - LKCommonsLogging
    - RxCocoa
    - RxSwift
    - SnapKit
  - LarkInteraction (0.2.4):
    - LKCommonsLogging
    - ThreadSafeDataStructure
  - LarkKeyboardKit (0.8.1):
    - RxCocoa
    - RxRelay
    - RxSwift
  - LarkKeyCommandKit (0.0.2)
  - LarkLeanMode (0.15.3):
    - BootManager
    - EEImageService
    - EENavigator
    - Homeric
    - LarkAccountInterface
    - LarkAlertController
    - LarkAvatar
    - LarkFeatureGating
    - LarkLocalizations
    - LarkRustClient
    - LarkUIKit
    - RoundedHUD
    - RunloopTools
    - SnapKit
    - SuiteAppConfig
    - Swinject
  - LarkLocalizations (1.9.1):
    - EEAtomic
  - LarkModel (3.37.2):
    - LKCommonsLogging
    - RustPB
  - LarkMonitor (1.9.2):
    - BootManager
    - DateToolsSwift
    - EENavigator
    - Heimdallr/BootingProtect (~> 0.7.17)
    - Heimdallr/CrashDetector (~> 0.7.17)
    - Heimdallr/HMDLaunchTracing (~> 0.7.17)
    - Heimdallr/OpenTracing (~> 0.7.17)
    - Heimdallr/TTMonitor (~> 0.7.17)
    - Heimdallr/UserException (~> 0.7.17)
    - Homeric
    - LarkAlertController
    - LarkContainer
    - LarkKeyboardKit
    - LarkLocalizations
    - LarkNavigation
    - LarkRustClient
    - LKCommonsLogging
    - LKCommonsTracker
    - RustPB
    - RxCocoa
    - RxSwift
    - Swinject
  - LarkNavigation (3.36.3):
    - AnimatedTabBar
    - AppReciableSDK
    - BootManager
    - EEImageService
    - Homeric
    - LarkAccountInterface
    - LarkAlertController
    - LarkAppConfig
    - LarkAppResources
    - LarkAvatar
    - LarkColor
    - LarkContainer
    - LarkDebug
    - LarkDebugExtensionPoint
    - LarkExtensions
    - LarkFeatureGating
    - LarkFeatureSwitch
    - LarkFoundation
    - LarkGuide
    - LarkLeanMode
    - LarkLocalizations
    - LarkModel
    - LarkPerf
    - LarkReleaseConfig
    - LarkRustClient
    - LarkScene
    - LarkTag
    - LarkUIKit
    - LKCommonsTracker
    - RunloopTools
    - RustPB
    - RxCocoa
    - RxSwift
    - SnapKit
    - SuiteAppConfig
    - Swinject
  - LarkOpenCombine (0.0.9.1-binary)
  - LarkOpenCombineDispatch (0.0.7.1-binary):
    - LarkOpenCombine
  - LarkOpenCombineFoundation (0.0.7.1-binary):
    - LarkOpenCombine
  - LarkPerf (3.36.2):
    - AppContainer
    - AppReciableSDK
    - Heimdallr/HMDANR
    - LKCommonsLogging
    - LKCommonsTracker
    - ThreadSafeDataStructure
  - LarkReleaseConfig (0.12.1)
  - LarkRustClient (1.25.3):
    - LarkRustClient/Client (= 1.25.3)
    - LarkRustClient/Interface (= 1.25.3)
  - LarkRustClient/Client (1.25.3):
    - EEAtomic
    - LarkRustClient/Interface
    - LKCommonsLogging
    - ReachabilitySwift
    - RustPB (>= 3.7.0-alpha)
    - RxSwift
    - ServerPB
  - LarkRustClient/Interface (1.25.3):
    - RustPB
    - RxSwift
    - ServerPB
  - LarkScene (0.1.1):
    - RxSwift
  - LarkSDKInterface (3.36.7):
    - LarkAccountInterface
    - LarkCache
    - LarkContainer
    - LarkFoundation
    - LarkModel
    - LarkRustClient
    - RoundedHUD
    - RxCocoa
    - RxSwift
  - LarkSetting (0.0.71):
    - LarkSetting/Core (= 0.0.71)
  - LarkSetting/Core (0.0.71):
    - LarkCache
    - LarkCombine
    - LarkReleaseConfig
    - LKCommonsLogging
    - RxCocoa
    - RxSwift
    - ThreadSafeDataStructure
  - LarkSplitViewController (0.4.1):
    - LarkKeyCommandKit
    - SnapKit
  - LarkSQLCipher (3.36.3)
  - LarkTag (0.17.2):
    - LarkColor
    - LarkLocalizations
    - SnapKit
  - LarkTimeFormatUtils (1.0.7):
    - LarkLocalizations
  - LarkTraitCollection (0.3.1):
    - RxRelay
    - RxSwift
  - LarkUIKit (1.30.1):
    - AnimatedTabBar
    - EditTextView
    - LarkActivityIndicatorView
    - LarkAppConfig
    - LarkExtensions
    - LarkReleaseConfig
    - LarkSplitViewController
    - LarkTraitCollection
    - LarkUIKit/ActivityIndicator (= 1.30.1)
    - LarkUIKit/AssetPickerSuite (= 1.30.1)
    - LarkUIKit/AssetsBrowser (= 1.30.1)
    - LarkUIKit/BaseComponent (= 1.30.1)
    - LarkUIKit/Checkbox (= 1.30.1)
    - LarkUIKit/Common (= 1.30.1)
    - LarkUIKit/ConfirmContainer (= 1.30.1)
    - LarkUIKit/FloatWindow (= 1.30.1)
    - LarkUIKit/HUD (= 1.30.1)
    - LarkUIKit/ImagePicker (= 1.30.1)
    - LarkUIKit/LanguageSelector (= 1.30.1)
    - LarkUIKit/LoadingHUD (= 1.30.1)
    - LarkUIKit/MobileCodeSelect (= 1.30.1)
    - LarkUIKit/Others (= 1.30.1)
    - LarkUIKit/PhotoScrollPicker (= 1.30.1)
    - LarkUIKit/Resources (= 1.30.1)
    - LarkUIKit/SelectiveDrawer (= 1.30.1)
    - LarkUIKit/Switch (= 1.30.1)
    - RichLabel
  - LarkUIKit/ActivityIndicator (1.30.1):
    - AnimatedTabBar
    - EditTextView
    - LarkActivityIndicatorView
    - LarkAppConfig
    - LarkExtensions
    - LarkReleaseConfig
    - LarkSplitViewController
    - LarkTraitCollection
    - RichLabel
  - LarkUIKit/AssetPickerSuite (1.30.1):
    - AnimatedTabBar
    - AudioSessionScenario
    - EditTextView
    - LarkActivityIndicatorView
    - LarkAppConfig
    - LarkCamera
    - LarkExtensions
    - LarkFoundation
    - LarkReleaseConfig
    - LarkSplitViewController
    - LarkTraitCollection
    - LarkUIKit/ImagePicker
    - LarkUIKit/PhotoScrollPicker
    - RichLabel
  - LarkUIKit/AssetsBrowser (1.30.1):
    - AnimatedTabBar
    - EditTextView
    - Kingfisher
    - LarkActionSheet
    - LarkActivityIndicatorView
    - LarkAppConfig
    - LarkExtensions
    - LarkFoundation
    - LarkReleaseConfig
    - LarkSplitViewController
    - LarkTraitCollection
    - LarkUIKit/Common
    - LarkUIKit/HUD
    - LarkUIKit/Resources
    - RichLabel
    - RoundedHUD
    - SnapKit
  - LarkUIKit/BaseComponent (1.30.1):
    - AnimatedTabBar
    - EditTextView
    - LarkActivityIndicatorView
    - LarkAppConfig
    - LarkExtensions
    - LarkReleaseConfig
    - LarkSplitViewController
    - LarkTraitCollection
    - LarkUIKit/ActivityIndicator
    - LarkUIKit/Checkbox
    - LarkUIKit/ConfirmContainer
    - LarkUIKit/FloatWindow
    - LarkUIKit/HUD
    - LarkUIKit/LoadingHUD
    - LarkUIKit/Switch
    - RichLabel
  - LarkUIKit/Checkbox (1.30.1):
    - AnimatedTabBar
    - EditTextView
    - LarkActivityIndicatorView
    - LarkAppConfig
    - LarkColor
    - LarkExtensions
    - LarkReleaseConfig
    - LarkSplitViewController
    - LarkTraitCollection
    - RichLabel
  - LarkUIKit/Common (1.30.1):
    - AnimatedTabBar
    - EditTextView
    - LarkActivityIndicatorView
    - LarkAppConfig
    - LarkExtensions
    - LarkFoundation
    - LarkReleaseConfig
    - LarkSplitViewController
    - LarkTraitCollection
    - LarkUIKit/Resources
    - RichLabel
  - LarkUIKit/ConfirmContainer (1.30.1):
    - AnimatedTabBar
    - EditTextView
    - LarkActivityIndicatorView
    - LarkAppConfig
    - LarkColor
    - LarkExtensions
    - LarkReleaseConfig
    - LarkSplitViewController
    - LarkTraitCollection
    - RichLabel
    - SnapKit
  - LarkUIKit/FloatWindow (1.30.1):
    - AnimatedTabBar
    - EditTextView
    - LarkActivityIndicatorView
    - LarkAppConfig
    - LarkExtensions
    - LarkReleaseConfig
    - LarkSplitViewController
    - LarkTraitCollection
    - RichLabel
  - LarkUIKit/HUD (1.30.1):
    - AnimatedTabBar
    - EditTextView
    - LarkActivityIndicatorView
    - LarkAppConfig
    - LarkExtensions
    - LarkReleaseConfig
    - LarkSplitViewController
    - LarkTraitCollection
    - MBProgressHUD
    - RichLabel
  - LarkUIKit/ImagePicker (1.30.1):
    - AnimatedTabBar
    - EditTextView
    - LarkActivityIndicatorView
    - LarkAlertController
    - LarkAppConfig
    - LarkExtensions
    - LarkReleaseConfig
    - LarkSplitViewController
    - LarkTraitCollection
    - LarkUIKit/Resources
    - RichLabel
    - RxCocoa
    - RxSwift
    - SnapKit
  - LarkUIKit/LanguageSelector (1.30.1):
    - AnimatedTabBar
    - EditTextView
    - LarkActivityIndicatorView
    - LarkAppConfig
    - LarkExtensions
    - LarkReleaseConfig
    - LarkSplitViewController
    - LarkTraitCollection
    - RichLabel
  - LarkUIKit/LoadingHUD (1.30.1):
    - AnimatedTabBar
    - EditTextView
    - LarkActivityIndicatorView
    - LarkAppConfig
    - LarkExtensions
    - LarkReleaseConfig
    - LarkSplitViewController
    - LarkTraitCollection
    - LarkUIKit/ActivityIndicator
    - LarkUIKit/Common
    - RichLabel
    - SnapKit
  - LarkUIKit/MobileCodeSelect (1.30.1):
    - AnimatedTabBar
    - EditTextView
    - LarkActivityIndicatorView
    - LarkAppConfig
    - LarkColor
    - LarkExtensions
    - LarkReleaseConfig
    - LarkSplitViewController
    - LarkTraitCollection
    - RichLabel
    - SnapKit
  - LarkUIKit/Others (1.30.1):
    - AnimatedTabBar
    - EditTextView
    - KeychainAccess
    - Kingfisher
    - LarkActivityIndicatorView
    - LarkAppConfig
    - LarkBadge
    - LarkButton
    - LarkEmotion
    - LarkExtensions
    - LarkFoundation
    - LarkInteraction
    - LarkKeyCommandKit
    - LarkReleaseConfig
    - LarkSplitViewController
    - LarkTraitCollection
    - LarkUIKit/Common
    - libPhoneNumber-iOS
    - lottie-ios (~> 2.0)
    - MBProgressHUD
    - RichLabel
    - RxCocoa
    - RxSwift
    - SnapKit
  - LarkUIKit/PhotoScrollPicker (1.30.1):
    - AnimatedTabBar
    - EditTextView
    - LarkActivityIndicatorView
    - LarkAppConfig
    - LarkExtensions
    - LarkReleaseConfig
    - LarkSplitViewController
    - LarkTraitCollection
    - LarkUIKit/Resources
    - RichLabel
    - RxSwift
    - SnapKit
  - LarkUIKit/Resources (1.30.1):
    - AnimatedTabBar
    - EditTextView
    - LarkActivityIndicatorView
    - LarkAppConfig
    - LarkExtensions
    - LarkReleaseConfig
    - LarkSplitViewController
    - LarkTraitCollection
    - RichLabel
  - LarkUIKit/SelectiveDrawer (1.30.1):
    - AnimatedTabBar
    - EditTextView
    - LarkActivityIndicatorView
    - LarkAppConfig
    - LarkExtensions
    - LarkReleaseConfig
    - LarkSplitViewController
    - LarkTraitCollection
    - RichLabel
  - LarkUIKit/Switch (1.30.1):
    - AnimatedTabBar
    - EditTextView
    - LarkActivityIndicatorView
    - LarkAppConfig
    - LarkColor
    - LarkExtensions
    - LarkReleaseConfig
    - LarkSplitViewController
    - LarkTraitCollection
    - RichLabel
    - SnapKit
  - libPhoneNumber-iOS (0.9.15)
  - libwebp (1.1.0):
    - libwebp/demux (= 1.1.0)
    - libwebp/mux (= 1.1.0)
    - libwebp/webp (= 1.1.0)
  - libwebp/demux (1.1.0):
    - libwebp/webp
  - libwebp/mux (1.1.0):
    - libwebp/demux
  - libwebp/webp (1.1.0)
  - LKCommonsLogging (0.4.11)
  - LKCommonsTracker (0.4.4)
  - LKLoadable (0.0.1)
  - LKMetric (0.4.2):
    - LarkLocalizations
    - LKCommonsLogging
    - LKTracing
  - LKTracing (0.5.1):
    - LarkLocalizations
  - Logger (1.4.9):
    - LarkFoundation
    - LKCommonsLogging
    - LKMetric
  - lottie-ios (2.5.3)
  - MBProgressHUD (1.2.0)
  - ReachabilitySwift (5.0.0)
  - RichLabel (0.12.2):
    - LarkCompatible
    - LarkExtensions
  - RoundedHUD (1.15.0):
    - LarkActivityIndicatorView
    - LarkLocalizations
    - SnapKit
  - RunloopTools (0.1.0):
    - LarkLocalizations
    - LKCommonsLogging
    - ThreadSafeDataStructure
  - RustPB (3.36.3):
    - LarkSQLCipher (= 3.36.3)
    - SwiftProtobuf (~> 1.7.0)
  - RxCocoa (5.1.1):
    - RxRelay (~> 5)
    - RxSwift (~> 5)
  - RxRelay (5.1.1):
    - RxSwift (~> 5)
  - RxSwift (5.1.1)
  - ServerPB (1.0.175):
    - SwiftProtobuf
  - SnapKit (5.0.6)
  - SuiteAppConfig (0.13.1):
    - LarkFeatureGating
    - LarkRustClient
    - RunloopTools
    - RustPB
    - ThreadSafeDataStructure
  - SuiteCodable (0.1.4)
  - SwiftProtobuf (1.7.1)
  - Swinject (10.8.2)
  - ThreadSafeDataStructure (0.5.1):
    - LarkLocalizations
  - TTMacroManager (1.0.3)
  - TTReachability (1.7.2)
  - YYCache (4.5.0)

DEPENDENCIES:
  - CryptoSwift (= 1.3.3)
  - EEImageService (= 0.18.2)
  - Heimdallr/CrashDetector (= 0.7.19-rc.39)
  - Heimdallr/HMDANR (= 0.7.19-rc.39)
  - Heimdallr/HMDOOM (= 0.7.19-rc.39)
  - Heimdallr/HMDOOMCrash (= 0.7.19-rc.39)
  - Heimdallr/HMDStart (= 0.7.19-rc.39)
  - Heimdallr/HMDWatchDog (= 0.7.19-rc.39)
  - Heimdallr/Monitors (= 0.7.19-rc.39)
  - Heimdallr/TTMonitor (= 0.7.19-rc.39)
  - Heimdallr/UIFrozen (= 0.7.19-rc.39)
  - Heimdallr/UITracker (= 0.7.19-rc.39)
  - Heimdallr/UserException (= 0.7.19-rc.39)
  - Kingfisher (= 5.3.1-lark.12)
  - KingfisherWebP (= 0.6.0-lark.0)
  - LarkCrashSanitizer (from `.`)
  - LarkNavigation (= 3.36.3)

SPEC REPOS:
  "git@code.byted.org:ee/pods_specs.git":
    - AnimatedTabBar
    - AppContainer
    - AppReciableSDK
    - AudioSessionScenario
    - BDAlogProtocol
    - BootManager
    - DateToolsSwift
    - EditTextView
    - EEAtomic
    - EEImageService
    - EENavigator
    - EEPodInfoDebugger
    - EETroubleKiller
    - Homeric
    - Kingfisher
    - KingfisherWebP
    - LarkAccountInterface
    - LarkActionSheet
    - LarkActivityIndicatorView
    - LarkAlertController
    - LarkAppConfig
    - LarkAppResources
    - LarkAvatar
    - LarkBadge
    - LarkButton
    - LarkCache
    - LarkCamera
    - LarkColor
    - LarkCompatible
    - LarkContainer
    - LarkDebug
    - LarkDebugExtensionPoint
    - LarkEmotion
    - LarkExtensions
    - LarkFeatureGating
    - LarkFeatureSwitch
    - LarkFoundation
    - LarkGuide
    - LarkGuideUI
    - LarkInteraction
    - LarkKeyboardKit
    - LarkKeyCommandKit
    - LarkLeanMode
    - LarkLocalizations
    - LarkModel
    - LarkMonitor
    - LarkNavigation
    - LarkPerf
    - LarkReleaseConfig
    - LarkRustClient
    - LarkScene
    - LarkSDKInterface
    - LarkSplitViewController
    - LarkSQLCipher
    - LarkTag
    - LarkTimeFormatUtils
    - LarkTraitCollection
    - LarkUIKit
    - libPhoneNumber-iOS
    - LKCommonsLogging
    - LKCommonsTracker
    - LKMetric
    - LKTracing
    - Logger
    - lottie-ios
    - MBProgressHUD
    - RichLabel
    - RoundedHUD
    - RunloopTools
    - RustPB
    - RxCocoa
    - ServerPB
    - SuiteAppConfig
    - SuiteCodable
    - SwiftProtobuf
    - Swinject
    - ThreadSafeDataStructure
    - TTMacroManager
    - YYCache
  "git@code.byted.org:iOS_Library/lark_source_repo.git":
    - LarkSetting
    - LKLoadable
  "git@code.byted.org:iOS_Library/privatethird_binary_repo.git":
    - LarkCombine
    - LarkOpenCombine
    - LarkOpenCombineDispatch
    - LarkOpenCombineFoundation
  "git@code.byted.org:iOS_Library/privatethird_source_repo.git":
    - BDDataDecorator
    - FMDB
    - Heimdallr
    - SnapKit
    - TTReachability
  "git@code.byted.org:lark/pod_master_fork.git":
    - CryptoSwift
    - KeychainAccess
    - libwebp
    - ReachabilitySwift
  trunk:
    - RxRelay
    - RxSwift

EXTERNAL SOURCES:
  LarkCrashSanitizer:
    :path: "."

SPEC CHECKSUMS:
  AnimatedTabBar: d6418c2dfe8e80be2c2ba28f49e6e0ceaed5e39f
  AppContainer: d55dc8482b64526e4d179aa6c3aeb4b8b9a4877b
  AppReciableSDK: e72b6881ad9b2af5d32f38f79be8841233bc8c0c
  AudioSessionScenario: a36f07f091e04b016e9e0454e8ba9fa5ebe4aaa3
  BDAlogProtocol: d7f8d2374d45dd9d7fbceac16a23896ab3703a5a
  BDDataDecorator: 78fd57568ae1683640e2e4a778dd05a8f77c565b
  BootManager: 9a91b295a3480698b1d2f3c525e56dcf95279624
  CryptoSwift: fedfc9f8362163ca381a78897ad810982e18d464
  DateToolsSwift: 1b7b5dc78e2bd32afb5ea97d4ec6679e9ea214ab
  EditTextView: de889870a2bad51c76b00e4cb61d3f41e46635c0
  EEAtomic: 3f3aad1bb862e2a8eaf70efe1ead31d51d148d97
  EEImageService: e80bd0f5c42bbb9cdd8834a87d9a6ce8e4dc5bb3
  EENavigator: 0e4229818d156f96849a62c46c30c3da97fbe586
  EEPodInfoDebugger: 08c456f59fa7bf3cbacf0ce7ba66c9c658fb1f50
  EETroubleKiller: ab43b776f66ff47bde78f5d0343ab097e3bc96b9
  FMDB: 04d0e0847dbab099f76d5e0f6eb295f7a66d53dd
  Heimdallr: 4fddd75fa16f88ce3a123c4463a93f9bfcc7998c
  Homeric: d757044414e627c2f75769595307455dda6658a1
  KeychainAccess: 9b07f665298d13c3a85881bd3171f6f49b8151c1
  Kingfisher: e36a89e002d76186acf6dafd6122d380f6f3c395
  KingfisherWebP: 3f23a1e4d8dff52ef70fd701b75ace4a5101cbcc
  LarkAccountInterface: ac9f5040334917549dfb7336f728d5060edc4169
  LarkActionSheet: f0e40035fd584d6ea4cc26d0fcb0479c2d140378
  LarkActivityIndicatorView: aab922597584a62ac65be93ccd656947f165ca28
  LarkAlertController: 60b6eca3866cfa7df293a25826fc4c4f2b60fe11
  LarkAppConfig: 6fc39d9e34c5cbd5fd540f28dafa830869a42db6
  LarkAppResources: bcf60a54d460606f710899375a176a0b3deb7d18
  LarkAvatar: e8c5b7bba7e25aa8e7b06618609280c2f64a7543
  LarkBadge: c18d5db81f2a9d98a3d2ee0497b0d145e267257e
  LarkButton: b6556644db79f4f7ae1da67f27dcae4adfac4296
  LarkCache: 7053a2db33f215763e8cc0a54326548ae29bda45
  LarkCamera: 5ca63c65a7e383582fb27b797b6551115fa79105
  LarkColor: 9e82503e638e5337caf5325be5b536157f0cc301
  LarkCombine: 4016265cf2d2fe3180eaff23e6e8b3bc5b9f8c87
  LarkCompatible: fca2300caaccb9cfe04c606fc4faaac9f2098927
  LarkContainer: 63f8b6f5e7dba8f9901a5c6d1f01784bd2b0abfd
  LarkCrashSanitizer: 74cfca9544bb32bbf312668ab476604de4ac5d02
  LarkDebug: 98954eebc9c25021cf1230f14ee7bbb0d30cbf9d
  LarkDebugExtensionPoint: 46ac2f65d4ab85a840e46b2f2c32dfe0503178ab
  LarkEmotion: 389adf0de251768362c8018a12f82c093f9caa22
  LarkExtensions: e7b90ef45d1b2b9adaac982ce89fea37576351de
  LarkFeatureGating: 0745f7925ff0aa8d8f697843c38c886f73a5eee8
  LarkFeatureSwitch: 6ba76a6c680b14192122206ce185667c48a99ce7
  LarkFoundation: 83f4cda7ce5270e5194688a0f7728fb0c2e9b11c
  LarkGuide: a8964a2014d201b0d6d407c63f9428dec672a60a
  LarkGuideUI: 3d937a31aed5e31176bc4d06be8fcf993eb3ad34
  LarkInteraction: a3e47f900c0a99fa5c5940dd274df667d11193eb
  LarkKeyboardKit: 5e10c953a6e1bb694ac4d5bfb3d9781a30740197
  LarkKeyCommandKit: ca457821c504d6f5ab9d651ac462d0bbb9c940c8
  LarkLeanMode: abe0cc6236f2530efb858c372e4a66878fd78d37
  LarkLocalizations: 6544ef503759e11c5dcd05a28cd0a584d5d68dc5
  LarkModel: d8bbd314199b3ee75a052c593c2dab2923b45217
  LarkMonitor: 191848111b91a6abe44eede90a2e90b4cc48f306
  LarkNavigation: 04891d45f6ee4f653855ce5c34c7abc8383d7dab
  LarkOpenCombine: 650891c8b3774213558eb8425a588a1de6ec91b0
  LarkOpenCombineDispatch: 7e86a4e317411cf187d01d9bccd8de57703d05e0
  LarkOpenCombineFoundation: 4556137aaa13d953b73f80cb80c08eedb2a7fa96
  LarkPerf: 9cfc9b78854fc146d747645947f6722a696836fa
  LarkReleaseConfig: ae2e4265f8c5cd3b5d7d2296d872c4c85954d8c7
  LarkRustClient: 895d293a8b294ffcbaa2d09c52f878aacf6db312
  LarkScene: 1e9ab05c1bb710cac7406ee132887a3d261c2e2e
  LarkSDKInterface: f35716c0eb32a0e21f4d63818f58353fb9cfb8b3
  LarkSetting: 80611a3b105bd98a2e8ad7be9daa889cb81105de
  LarkSplitViewController: 2d6a018f308ef82077cefd43265313ca83cb321d
  LarkSQLCipher: 0925c4d054171b04957782dcaff4e81b499a7b34
  LarkTag: cbe190b60a959631c0b5fee4ebaef472f6e5a690
  LarkTimeFormatUtils: 0a49ec4d44b878280a1d36405a0c7e0105a42324
  LarkTraitCollection: 37a6022f13c65aa13eddc08b383bc1c7dc636c14
  LarkUIKit: fdf62ec2ca0ee5aa2850acd7ac3fd82e9bc9804a
  libPhoneNumber-iOS: 07d1120b799bd973588f8fc8daab68aa73c6d702
  libwebp: 946cb3063cea9236285f7e9a8505d806d30e07f3
  LKCommonsLogging: 3011a1f9d6f4972232b8a0980d3f1569c733203e
  LKCommonsTracker: ec36239588ee39f01d8efb4492d7a36da10b7960
  LKLoadable: 171fc2b0ce440ccc546381fa67562e77bf18bce3
  LKMetric: b4c3b8ae13d11ee868f9355479e6b4fa4d62b5c7
  LKTracing: 04501f5c3c96bcfcf278024cc01565bd961ebfde
  Logger: 8f87e050b891d9347296561a282aa2daca5288a3
  lottie-ios: 00c54fcec632e8b98c25a68b36afb7825946fa14
  MBProgressHUD: 51ea4c2f20cdedbbb60dc2e3d36380abdac386e6
  ReachabilitySwift: 985039c6f7b23a1da463388634119492ff86c825
  RichLabel: bd4face0304e8cdfb000855ffd869d0cc252069c
  RoundedHUD: bfbc006e0b23724ad70d2b73e50f5e218704875d
  RunloopTools: 67b162233e464dbce0fe50d566e9b4b9a1fc9214
  RustPB: 5c363c7a29b08b8b2f4558ba6491490a978b1bf1
  RxCocoa: 00733d20b77c44fc096705afeacaff737f4ae2dc
  RxRelay: d77f7d771495f43c556cbc43eebd1bb54d01e8e9
  RxSwift: 81470a2074fa8780320ea5fe4102807cb7118178
  ServerPB: d5c7bc440b69eb16ea0e7a8c7f62d0652211097c
  SnapKit: b7997007907c72ebb3b0c5bd69e5245af936159a
  SuiteAppConfig: d332d1eca16f3b3a4c59f49d9b25fc65ea518f4c
  SuiteCodable: 2be4d90c14a02a4cd325856dedb45b9297201b72
  SwiftProtobuf: fa9cb3fbe87c2647872da83d3212a734ffee7283
  Swinject: bc88a599fa746046d7268d68fbfbb27ea2ef5b72
  ThreadSafeDataStructure: aac24d9fc7cca2743eaba8e7a1242b6cfa228609
  TTMacroManager: 5cead968edfaf6d039c1e7a5653c24805494c7cd
  TTReachability: 01b77dce364fd6b0c600b334b439384eb8f035f3
  YYCache: e0a92c212b7974bf66161356072a26add8cb3377

PODFILE CHECKSUM: 1358fd399d1503db56729ba9a72efc6faf7a9b2b

COCOAPODS: 1.11.2
