PODS:
  - AppContainer (0.16.1):
    - BootManager
    - LarkContainer
    - LKCommonsLogging
    - Swinject
    - ThreadSafeDataStructure
  - AppReciableSDK (0.1.7):
    - EEAtomic
    - LKCommonsTracker
    - ThreadSafeDataStructure
  - AudioSessionScenario (0.6.15):
    - AudioSessionScenario/Core (= 0.6.15)
    - LKCommonsLogging
    - LKCommonsTracker
    - RxCocoa
    - RxSwift
  - AudioSessionScenario/Core (0.6.15):
    - LKCommonsLogging
    - LKCommonsTracker
    - RxCocoa
    - RxSwift
  - BDAlogProtocol (1.2.2)
  - BDDataDecorator (2.0.1.1-binary):
    - BDDataDecorator/Data (= 2.0.1.1-binary)
  - BDDataDecorator/Data (2.0.1.1-binary)
  - BootManager (0.6.1):
    - LarkLocalizations
    - LKCommonsLogging
    - RunloopTools
    - Swinject
  - CryptoSwift (1.1.3)
  - EditTextView (0.20.3):
    - LarkColor
    - LarkFoundation
    - LKCommonsLogging
    - RxCocoa
    - RxSwift
  - EEAtomic (0.1.4)
  - EEImageService (0.23.5):
    - AppReciableSDK
    - Kingfisher (< 5.4)
    - KingfisherWebP
    - LarkExtensions
    - LarkFoundation
    - LKCommonsLogging
    - RxSwift
  - FMDB (2.7.7):
    - BDAlogProtocol
    - FMDB/standard (= 2.7.7)
  - FMDB/standard (2.7.7):
    - BDAlogProtocol
  - Heimdallr/Core (0.7.23-rc.6):
    - Heimdallr/DeviceInfo
    - Heimdallr/HMDAlogProtocol
    - Heimdallr/HMDConfig
    - Heimdallr/HMDSession
    - Heimdallr/HMDStore
    - Heimdallr/Network
    - Heimdallr/Upload
    - Heimdallr/Utility
    - TTMacroManager (>= 1.0.0)
    - TTReachability (>= 1.8.1)
  - Heimdallr/DeviceInfo (0.7.23-rc.6):
    - Heimdallr/HMDAlogProtocol
    - Heimdallr/Mach
    - Heimdallr/Utility
  - Heimdallr/HMDAlogProtocol (0.7.23-rc.6)
  - Heimdallr/HMDANR (0.7.23-rc.6):
    - Heimdallr/Core
    - Heimdallr/Log
    - Heimdallr/Mach
    - Heimdallr/Runloop
    - Heimdallr/Utility
  - Heimdallr/HMDConfig (0.7.23-rc.6):
    - Heimdallr/HMDSession
    - Heimdallr/HMDStore
    - Heimdallr/Network
  - Heimdallr/HMDSession (0.7.23-rc.6):
    - Heimdallr/DeviceInfo
    - Heimdallr/HMDStore
    - Heimdallr/Network
  - Heimdallr/HMDStore (0.7.23-rc.6):
    - FMDB (>= 2.6.2)
    - Heimdallr/HMDAlogProtocol
    - Heimdallr/Utility
  - Heimdallr/Log (0.7.23-rc.6):
    - Heimdallr/DeviceInfo
    - Heimdallr/HMDAlogProtocol
    - Heimdallr/Mach
    - Heimdallr/Utility
  - Heimdallr/Mach (0.7.23-rc.6):
    - Heimdallr/HMDAlogProtocol
    - Heimdallr/Utility
  - Heimdallr/Network (0.7.23-rc.6):
    - BDDataDecorator (>= 2.0.0)
    - Heimdallr/DeviceInfo
    - Heimdallr/HMDAlogProtocol
    - Heimdallr/Utility
    - TTReachability (>= 1.8.1)
  - Heimdallr/Runloop (0.7.23-rc.6):
    - Heimdallr/HMDSession
    - Heimdallr/Utility
  - Heimdallr/Upload (0.7.23-rc.6):
    - Heimdallr/DeviceInfo
    - Heimdallr/HMDConfig
    - Heimdallr/HMDSession
    - Heimdallr/HMDStore
    - Heimdallr/Network
    - TTMacroManager (>= 1.0.0)
    - TTReachability (>= 1.8.1)
  - Heimdallr/Utility (0.7.23-rc.6):
    - Heimdallr/HMDAlogProtocol
  - Homeric (0.2.612)
  - Kingfisher (5.3.1-lark.21):
    - LarkCache
  - KingfisherWebP (0.6.0-lark.0):
    - Kingfisher (~> 5.0)
    - libwebp (>= 0.5.0)
  - LarkActionSheet (0.22.2):
    - LarkColor
    - LarkExtensions
    - LarkLocalizations
    - LarkTraitCollection
    - RxSwift
    - SnapKit
  - LarkActivityIndicatorView (1.18.1)
  - LarkAlertController (0.11.2):
    - LarkColor
    - LarkLocalizations
    - SnapKit
  - LarkAppConfig (3.40.3):
    - AppContainer
    - LarkContainer
    - LarkDebugExtensionPoint
    - LarkLocalizations
    - LarkPerf
    - LarkReleaseConfig
    - LarkRustClient
    - RunloopTools
    - RxRelay
    - RxSwift
    - Swinject
  - LarkBadge (0.20.1):
    - EEImageService
    - LarkColor
    - SnapKit
    - ThreadSafeDataStructure
  - LarkButton (0.1.7):
    - LarkColor
  - LarkCache (0.12.3):
    - LarkCache/Core (= 0.12.3)
  - LarkCache/Core (0.12.3):
    - EEAtomic
    - LarkDebugExtensionPoint
    - LarkFileKit
    - LarkFoundation
    - LKCommonsLogging
    - LKCommonsTracker
    - ThreadSafeDataStructure
    - YYCache
  - LarkCache/Crypto (0.12.3):
    - Homeric
    - LarkFileKit
    - LarkRustClient/Interface
    - LKCommonsLogging
  - LarkCamera (0.14.2):
    - LarkLocalizations
    - LarkScene
  - LarkColor (0.11.0):
    - LarkColor/Core (= 0.11.0)
  - LarkColor/Core (0.11.0)
  - LarkCompatible (0.1.1)
  - LarkContainer (1.4.1):
    - RxCocoa
    - RxSwift
    - Swinject
  - LarkDebugExtensionPoint (3.38.1)
  - LarkEmotion (0.20.3)
  - LarkExtensions (0.21.2):
    - CryptoSwift
    - LarkColor
    - LarkCompatible
    - LarkTimeFormatUtils
    - SnapKit
  - LarkFileKit (0.3.1)
  - LarkFoundation (1.7.0):
    - LarkCompatible
    - LarkFoundation/Date (= 1.7.0)
    - LarkFoundation/Encryption (= 1.7.0)
    - LarkFoundation/Error (= 1.7.0)
    - LarkFoundation/Extensions (= 1.7.0)
    - LarkFoundation/File (= 1.7.0)
    - LarkFoundation/FuncContext (= 1.7.0)
    - LarkFoundation/JumpApplication (= 1.7.0)
    - LarkFoundation/ProepertyWrapper (= 1.7.0)
    - LarkFoundation/Resource (= 1.7.0)
    - LarkFoundation/URL (= 1.7.0)
    - LarkFoundation/Utils (= 1.7.0)
  - LarkFoundation/Date (1.7.0):
    - LarkCompatible
  - LarkFoundation/Encryption (1.7.0):
    - LarkCompatible
  - LarkFoundation/Error (1.7.0):
    - LarkCompatible
  - LarkFoundation/Extensions (1.7.0):
    - LarkCompatible
  - LarkFoundation/File (1.7.0):
    - LarkCompatible
  - LarkFoundation/FuncContext (1.7.0):
    - LarkCompatible
  - LarkFoundation/JumpApplication (1.7.0):
    - LarkCompatible
  - LarkFoundation/ProepertyWrapper (1.7.0):
    - LarkCompatible
  - LarkFoundation/Resource (1.7.0):
    - LarkCompatible
    - LarkFoundation/Extensions
  - LarkFoundation/URL (1.7.0):
    - LarkCompatible
  - LarkFoundation/Utils (1.7.0):
    - LarkCompatible
    - LarkFoundation/Extensions
  - LarkInteraction (0.18.5):
    - LKCommonsLogging
    - ThreadSafeDataStructure
  - LarkKeyboardKit (0.8.1):
    - RxCocoa
    - RxRelay
    - RxSwift
  - LarkKeyCommandKit (0.20.1):
    - LarkKeyboardKit
  - LarkLocalizations (1.16.0):
    - EEAtomic
  - LarkPageController (0.1.8)
  - LarkPerf (3.41.1):
    - AppContainer
    - AppReciableSDK
    - Heimdallr/HMDANR
    - LKCommonsLogging
    - LKCommonsTracker
    - ThreadSafeDataStructure
  - LarkReactionDetailController (0.22.0):
    - LarkColor
    - LarkLocalizations
    - LarkPageController
    - LarkTag
    - LarkUIKit
    - RxCocoa
    - RxSwift
    - SnapKit
  - LarkReleaseConfig (0.12.1)
  - LarkRustClient (3.41.1):
    - LarkRustClient/Client (= 3.41.1)
    - LarkRustClient/Interface (= 3.41.1)
  - LarkRustClient/Client (3.41.1):
    - EEAtomic
    - LarkRustClient/Interface
    - LKCommonsLogging
    - ReachabilitySwift
    - RustPB (>= 3.7.0-alpha)
    - RxSwift
    - ServerPB
  - LarkRustClient/Interface (3.41.1):
    - RustPB
    - RxSwift
    - ServerPB
  - LarkScene (0.1.1):
    - RxSwift
  - LarkSplitViewController (0.15.3):
    - Homeric
    - LarkKeyCommandKit
    - LKCommonsTracker
    - SnapKit
  - LarkSQLCipher (3.42.3)
  - LarkTag (0.24.1):
    - LarkColor
    - LarkLocalizations
    - SnapKit
  - LarkTimeFormatUtils (1.1.1):
    - LarkLocalizations
  - LarkTraitCollection (0.3.1):
    - RxRelay
    - RxSwift
  - LarkUIKit (1.34.6):
    - LarkUIKit/ActivityIndicator (= 1.34.6)
    - LarkUIKit/AssetPickerSuite (= 1.34.6)
    - LarkUIKit/AssetsBrowser (= 1.34.6)
    - LarkUIKit/Base (= 1.34.6)
    - LarkUIKit/BaseComponent (= 1.34.6)
    - LarkUIKit/Checkbox (= 1.34.6)
    - LarkUIKit/Common (= 1.34.6)
    - LarkUIKit/ConfirmContainer (= 1.34.6)
    - LarkUIKit/FloatWindow (= 1.34.6)
    - LarkUIKit/HUD (= 1.34.6)
    - LarkUIKit/ImagePicker (= 1.34.6)
    - LarkUIKit/LanguageSelector (= 1.34.6)
    - LarkUIKit/LoadingHUD (= 1.34.6)
    - LarkUIKit/LoadPlaceholder (= 1.34.6)
    - LarkUIKit/MobileCodeSelect (= 1.34.6)
    - LarkUIKit/NaviBar (= 1.34.6)
    - LarkUIKit/NaviProtocol (= 1.34.6)
    - LarkUIKit/OtherDependency (= 1.34.6)
    - LarkUIKit/Others (= 1.34.6)
    - LarkUIKit/PhotoScrollPicker (= 1.34.6)
    - LarkUIKit/Resources (= 1.34.6)
    - LarkUIKit/SelectiveDrawer (= 1.34.6)
    - LarkUIKit/Switch (= 1.34.6)
    - LarkUIKit/TextField (= 1.34.6)
    - LarkUIKit/Utils (= 1.34.6)
  - LarkUIKit/ActivityIndicator (1.34.6)
  - LarkUIKit/AssetPickerSuite (1.34.6):
    - AudioSessionScenario
    - LarkCamera
    - LarkFoundation
    - LarkUIKit/ImagePicker
    - LarkUIKit/PhotoScrollPicker
  - LarkUIKit/AssetsBrowser (1.34.6):
    - Kingfisher
    - LarkActionSheet
    - LarkFoundation
    - LarkUIKit/Common
    - LarkUIKit/HUD
    - LarkUIKit/Resources
    - SnapKit
  - LarkUIKit/Base (1.34.6):
    - EditTextView
    - Kingfisher
    - LarkColor
    - LarkExtensions
    - LarkInteraction
    - LarkSplitViewController
    - LarkTraitCollection
    - LarkUIKit/Utils
    - LKCommonsLogging
    - RoundedHUD
    - RxSwift
    - SnapKit
  - LarkUIKit/BaseComponent (1.34.6):
    - LarkUIKit/ActivityIndicator
    - LarkUIKit/Checkbox
    - LarkUIKit/ConfirmContainer
    - LarkUIKit/FloatWindow
    - LarkUIKit/HUD
    - LarkUIKit/LoadingHUD
    - LarkUIKit/Switch
  - LarkUIKit/Checkbox (1.34.6):
    - LarkColor
  - LarkUIKit/Common (1.34.6):
    - LarkFoundation
    - LarkUIKit/Resources
  - LarkUIKit/ConfirmContainer (1.34.6):
    - LarkColor
    - SnapKit
  - LarkUIKit/FloatWindow (1.34.6)
  - LarkUIKit/HUD (1.34.6):
    - MBProgressHUD
  - LarkUIKit/ImagePicker (1.34.6):
    - LarkAlertController
    - LarkUIKit/Resources
    - RxCocoa
    - RxSwift
    - SnapKit
  - LarkUIKit/LanguageSelector (1.34.6)
  - LarkUIKit/LoadingHUD (1.34.6):
    - LarkUIKit/ActivityIndicator
    - LarkUIKit/Common
    - SnapKit
  - LarkUIKit/LoadPlaceholder (1.34.6):
    - lottie-ios (~> 2.0)
  - LarkUIKit/MobileCodeSelect (1.34.6):
    - LarkColor
    - LarkReleaseConfig
    - SnapKit
  - LarkUIKit/NaviBar (1.34.6):
    - LarkBadge
    - LarkUIKit/NaviProtocol
    - LarkUIKit/TextField
  - LarkUIKit/NaviProtocol (1.34.6):
    - RxCocoa
    - RxSwift
    - SnapKit
  - LarkUIKit/OtherDependency (1.34.6):
    - LarkActivityIndicatorView
    - LarkAppConfig
    - LarkExtensions
    - LarkLocalizations
    - LarkReleaseConfig
    - RichLabel
  - LarkUIKit/Others (1.34.6):
    - Kingfisher
    - LarkBadge
    - LarkButton
    - LarkEmotion
    - LarkFoundation
    - LarkInteraction
    - LarkKeyCommandKit
    - LarkUIKit/Common
    - MBProgressHUD
    - RxCocoa
    - RxSwift
    - SnapKit
  - LarkUIKit/PhotoScrollPicker (1.34.6):
    - LarkUIKit/Resources
    - RxSwift
    - SnapKit
  - LarkUIKit/Resources (1.34.6)
  - LarkUIKit/SelectiveDrawer (1.34.6)
  - LarkUIKit/Switch (1.34.6):
    - LarkColor
    - SnapKit
  - LarkUIKit/TextField (1.34.6):
    - LarkInteraction
  - LarkUIKit/Utils (1.34.6):
    - Kingfisher
    - LarkFoundation
    - LarkLocalizations
  - libwebp (0.6.1.1-binary):
    - libwebp/core (= 0.6.1.1-binary)
    - libwebp/dec (= 0.6.1.1-binary)
    - libwebp/demux (= 0.6.1.1-binary)
    - libwebp/dsp (= 0.6.1.1-binary)
    - libwebp/enc (= 0.6.1.1-binary)
    - libwebp/mux (= 0.6.1.1-binary)
    - libwebp/utils (= 0.6.1.1-binary)
    - libwebp/webp (= 0.6.1.1-binary)
  - libwebp/core (0.6.1.1-binary):
    - libwebp/webp
  - libwebp/dec (0.6.1.1-binary):
    - libwebp/core
  - libwebp/demux (0.6.1.1-binary):
    - libwebp/core
  - libwebp/dsp (0.6.1.1-binary):
    - libwebp/core
  - libwebp/enc (0.6.1.1-binary):
    - libwebp/core
  - libwebp/mux (0.6.1.1-binary):
    - libwebp/core
  - libwebp/utils (0.6.1.1-binary):
    - libwebp/core
  - libwebp/webp (0.6.1.1-binary)
  - LKCommonsLogging (0.4.10)
  - LKCommonsTracker (0.4.7)
  - lottie-ios (2.6.5)
  - MBProgressHUD (1.1.0)
  - ReachabilitySwift (4.3.0)
  - RichLabel (0.22.1):
    - LarkCompatible
    - LarkExtensions
  - RoundedHUD (1.20.1):
    - LarkActivityIndicatorView
    - LarkLocalizations
    - SnapKit
  - RunloopTools (0.1.0):
    - LarkLocalizations
    - LKCommonsLogging
    - ThreadSafeDataStructure
  - RustPB (3.42.3):
    - LarkSQLCipher (= 3.42.3)
    - SwiftProtobuf (~> 1.7.0)
  - RxCocoa (5.1.1):
    - RxRelay (~> 5)
    - RxSwift (~> 5)
  - RxRelay (5.1.1):
    - RxSwift (~> 5)
  - RxSwift (5.1.1)
  - ServerPB (1.0.450):
    - SwiftProtobuf
  - SnapKit (5.0.1)
  - SwiftProtobuf (1.7.1)
  - Swinject (10.13.1)
  - ThreadSafeDataStructure (0.18.1)
  - TTMacroManager (1.0.3)
  - TTReachability (1.8.2)
  - YYCache (4.11.1)

DEPENDENCIES:
  - EEImageService (= 0.23.5)
  - Kingfisher (= 5.3.1-lark.21)
  - KingfisherWebP (= 0.6.0-lark.0)
  - LarkCache/Core (= 0.12.3)
  - LarkCache/Crypto (= 0.12.3)
  - LarkLocalizations (from `../../LarkLocalizations`)
  - LarkReactionDetailController (from `.`)
  - LarkUIKit (= 1.34.6)
  - SnapKit (= 5.0.1)

SPEC REPOS:
  "git@code.byted.org:ee/pods_specs.git":
    - AppContainer
    - AppReciableSDK
    - AudioSessionScenario
    - BootManager
    - CryptoSwift
    - EditTextView
    - EEAtomic
    - EEImageService
    - Homeric
    - Kingfisher
    - KingfisherWebP
    - LarkActionSheet
    - LarkActivityIndicatorView
    - LarkAlertController
    - LarkAppConfig
    - LarkBadge
    - LarkButton
    - LarkCache
    - LarkCamera
    - LarkColor
    - LarkCompatible
    - LarkContainer
    - LarkDebugExtensionPoint
    - LarkEmotion
    - LarkExtensions
    - LarkFileKit
    - LarkFoundation
    - LarkInteraction
    - LarkKeyboardKit
    - LarkKeyCommandKit
    - LarkPageController
    - LarkPerf
    - LarkReleaseConfig
    - LarkRustClient
    - LarkScene
    - LarkSplitViewController
    - LarkSQLCipher
    - LarkTag
    - LarkTimeFormatUtils
    - LarkTraitCollection
    - LarkUIKit
    - LKCommonsLogging
    - LKCommonsTracker
    - lottie-ios
    - ReachabilitySwift
    - RichLabel
    - RoundedHUD
    - RunloopTools
    - RustPB
    - RxRelay
    - ServerPB
    - SwiftProtobuf
    - Swinject
    - ThreadSafeDataStructure
    - TTMacroManager
    - YYCache
  "git@code.byted.org:iOS_Library/privatethird_binary_repo.git":
    - BDDataDecorator
  "git@code.byted.org:iOS_Library/privatethird_source_repo.git":
    - BDAlogProtocol
    - FMDB
    - Heimdallr
    - TTReachability
  "git@code.byted.org:iOS_Library/publicthird_binary_repo.git":
    - libwebp
  "git@code.byted.org:iOS_Library/publicthird_source_repo.git":
    - MBProgressHUD
    - RxCocoa
    - RxSwift
  "git@code.byted.org:lark/pod_master_fork.git":
    - SnapKit

EXTERNAL SOURCES:
  LarkLocalizations:
    :path: "../../LarkLocalizations"
  LarkReactionDetailController:
    :path: "."

SPEC CHECKSUMS:
  AppContainer: d55dc8482b64526e4d179aa6c3aeb4b8b9a4877b
  AppReciableSDK: 424c1bcad10a69fd280463785beba8a2933b8120
  AudioSessionScenario: f2e886e9f978ba58010e92c17aff26a6b4dc4cf1
  BDAlogProtocol: 25d6b184d9234554557b635bcb35acdf80a189ea
  BDDataDecorator: 31e878788f218051958a8cfdf0f1e8b3cea68bfe
  BootManager: 9a91b295a3480698b1d2f3c525e56dcf95279624
  CryptoSwift: 0eb9c3e0cf070c370e28768a6e9c7238ca761ddd
  EditTextView: c7754c00baff41961c16140919c39979ea35d467
  EEAtomic: 3f3aad1bb862e2a8eaf70efe1ead31d51d148d97
  EEImageService: 810dbc72d39c3d9f0f93e0499dc0a4761de0b7cc
  FMDB: 44837f21dfcb74b4c2fafbd5cb7bab3ed2c73655
  Heimdallr: d2082f2ec1407db2730ef063fc3d7a77de32a7ef
  Homeric: 0f4766ce67efa2734e341ddbf7b2b100f8e90de5
  Kingfisher: 270c34e32eb933b3d34714d481217d1f0c9f1c6a
  KingfisherWebP: 3f23a1e4d8dff52ef70fd701b75ace4a5101cbcc
  LarkActionSheet: ccee313a1a580330d39f3537a87e13a9ca0c8506
  LarkActivityIndicatorView: 563eedc75d2a6f7d4a1c74ca68f109e4d922f58c
  LarkAlertController: 60b6eca3866cfa7df293a25826fc4c4f2b60fe11
  LarkAppConfig: be639ae5b6c67ad26f0908ab26cbbe5b325f00c5
  LarkBadge: 7389642ca83020ecec58743cd1eff39b728effc8
  LarkButton: b6556644db79f4f7ae1da67f27dcae4adfac4296
  LarkCache: 4c499cf34b28453751d2437631b9294c323b9d4c
  LarkCamera: 5ca63c65a7e383582fb27b797b6551115fa79105
  LarkColor: 9e82503e638e5337caf5325be5b536157f0cc301
  LarkCompatible: 50d38c6c780fb2324a7d967d3c9167ab8a8de80c
  LarkContainer: ef0aaf8085233e746c914a24bf41d7d9f422b2bf
  LarkDebugExtensionPoint: 217d55693accb3c885f49a26f3ebb3383b1a165c
  LarkEmotion: 9229f0d9009f64e53aa8ddb58b48f5ee2c75c454
  LarkExtensions: 94f7b5b45c0bdfaea8f7ab0f67ded80a7eacf1c9
  LarkFileKit: c0f9db8dd6c872deae2d32a4d08614df47d5f288
  LarkFoundation: 34564bccb511bda63b3de8d36b7d1ac268efb3d0
  LarkInteraction: 650487c011349d3ea619a83861d026ced39700bf
  LarkKeyboardKit: 5e10c953a6e1bb694ac4d5bfb3d9781a30740197
  LarkKeyCommandKit: f4c8d7326da6a770053c2008ef178025c758382c
  LarkLocalizations: 619e4634910782e71bb02e1cd45edefa79d6aff6
  LarkPageController: 2d1f3cfb60cfb873e2629c01caf34de9daa955d5
  LarkPerf: 21970bd416aad35f9ac598b767e064c5ad442abf
  LarkReactionDetailController: 399a3b16b1d7ae07fece04b3db2e45321ea201ad
  LarkReleaseConfig: ae2e4265f8c5cd3b5d7d2296d872c4c85954d8c7
  LarkRustClient: 8540b371fe76b3403ec0dc018eada1973559d84e
  LarkScene: 1e9ab05c1bb710cac7406ee132887a3d261c2e2e
  LarkSplitViewController: af09036f970a16e8d340a78f7d875a4ad240f3bd
  LarkSQLCipher: dc39b38e5bf4c97542df451af17fa8c98c847e9f
  LarkTag: 6493130317d7866014cc52143db6072abdb0dcf0
  LarkTimeFormatUtils: 38140c9329bd26506fa86a97ff7f7d16e5a8fde6
  LarkTraitCollection: 37a6022f13c65aa13eddc08b383bc1c7dc636c14
  LarkUIKit: b96f4641820aaf48f588dc3770b9a082028577ec
  libwebp: c184f52cefe46b52c753216233ac467ba8f61730
  LKCommonsLogging: 0133c7f4727a8f8ad480609698363c5db85aabbc
  LKCommonsTracker: 389037d96fc07c1b82f41cfacf5f534c0b732254
  lottie-ios: 96683b07b400f55034579d0da73535e77aff761b
  MBProgressHUD: f673bbf063b6f733deeedaaf20baca2d48d0bf97
  ReachabilitySwift: d4031fa37abaf309f1187b31151042a644400dce
  RichLabel: 59303d9649a75f474cb5a46e5c44b5c67acf4cfc
  RoundedHUD: 8d4b6fa3ab5a158c4dd3ef6cdcac3958efa6e428
  RunloopTools: 67b162233e464dbce0fe50d566e9b4b9a1fc9214
  RustPB: b0879adcf456700eb63dbb732d9a681600fba65c
  RxCocoa: ff36703c88ef5246df6d2379d6915c5e28281023
  RxRelay: 8e158c449fae7c7fb5a617c999f4ebd31cd04fc0
  RxSwift: 8cd30a43f0be2de0dafadda5c2161e6db9dd5eed
  ServerPB: eb6a6a3df8fbd8c1a139f83d588615acde9c959f
  SnapKit: 97b92857e3df3a0c71833cce143274bf6ef8e5eb
  SwiftProtobuf: fa9cb3fbe87c2647872da83d3212a734ffee7283
  Swinject: 939da453bcacc4c9e28c3de1eec67629ea5d6c7d
  ThreadSafeDataStructure: 87a72a5cff4f4c6024345575dd19562a8200f118
  TTMacroManager: 5cead968edfaf6d039c1e7a5653c24805494c7cd
  TTReachability: a360b22914fe9dbb957d0cd087d0ff15d0badc53
  YYCache: 448b918a3348a0add8ebb450b14f65da1c85a41c

PODFILE CHECKSUM: ffd5179aeb99b4926ef1097061d6c3e52bf4b99d

COCOAPODS: 1.8.4
