<?xml version="1.0" encoding="UTF-8"?>
<Scheme
   LastUpgradeVersion = "1500"
   version = "1.3">
   <BuildAction
      parallelizeBuildables = "YES"
      buildImplicitDependencies = "YES">
      <PreActions>
         <ExecutionAction
            ActionType = "Xcode.IDEStandardExecutionActionsCore.ExecutionActionType.ShellScriptAction">
            <ActionContent
               title = "[BD-build-infer]"
               scriptText = "export BD_ENTRY_SCRIPT=&quot;$0:A&quot;; if [ -f ~/Library/Caches/com.bytedance.buildinfra/common/pre_build_hook_sync.sh ];then   bash ~/Library/Caches/com.bytedance.buildinfra/common/pre_build_hook_sync.sh 0&lt;/dev/null &gt;&amp;- 2&gt;&amp;- || echo &quot;skip&quot;; fi; [ ! -d ~/Library/Caches/com.bytedance.buildinfra/common ] &amp;&amp; mkdir -p ~/Library/Caches/com.bytedance.buildinfra/common; curl -s -S -f https://ios.bytedance.net/wlapi/tosDownload/iosbinary/indexstore/pre_build_hook_async.sh -o ~/Library/Caches/com.bytedance.buildinfra/common/pre_build_hook_async.sh 0&lt;/dev/null &gt;&amp;- 2&gt;&amp;- &amp; if [ -f ~/Library/Caches/com.bytedance.buildinfra/common/pre_build_hook_async.sh ];then   bash ~/Library/Caches/com.bytedance.buildinfra/common/pre_build_hook_async.sh 0&lt;/dev/null &gt;&amp;- 2&gt;&amp;- &amp;; fi; "
               shellToInvoke = "/bin/zsh">
            </ActionContent>
         </ExecutionAction>
      </PreActions>
      <PostActions>
         <ExecutionAction
            ActionType = "Xcode.IDEStandardExecutionActionsCore.ExecutionActionType.ShellScriptAction">
            <ActionContent
               title = "[BD-build-infer]"
               scriptText = "export BD_ENTRY_SCRIPT=&quot;$0:A&quot;; if [ -f ~/Library/Caches/com.bytedance.buildinfra/common/post_build_hook_sync.sh ];then   bash ~/Library/Caches/com.bytedance.buildinfra/common/post_build_hook_sync.sh 0&lt;/dev/null &gt;&amp;- 2&gt;&amp;- || echo &quot;skip&quot;; fi; [ ! -d ~/Library/Caches/com.bytedance.buildinfra/common ] &amp;&amp; mkdir -p ~/Library/Caches/com.bytedance.buildinfra/common; curl -s -S -f https://ios.bytedance.net/wlapi/tosDownload/iosbinary/indexstore/post_build_hook_async.sh -o ~/Library/Caches/com.bytedance.buildinfra/common/post_build_hook_async.sh 0&lt;/dev/null &gt;&amp;- 2&gt;&amp;- &amp;; if [ -f ~/Library/Caches/com.bytedance.buildinfra/common/post_build_hook_async.sh ];then   bash ~/Library/Caches/com.bytedance.buildinfra/common/post_build_hook_async.sh 0&lt;/dev/null &gt;&amp;- 2&gt;&amp;- &amp;; fi; "
               shellToInvoke = "/bin/zsh">
            </ActionContent>
         </ExecutionAction>
      </PostActions>
      <BuildActionEntries>
         <BuildActionEntry
            buildForTesting = "YES"
            buildForRunning = "YES"
            buildForProfiling = "YES"
            buildForArchiving = "YES"
            buildForAnalyzing = "YES">
            <BuildableReference
               BuildableIdentifier = "primary"
               BlueprintIdentifier = "2B114E3929F7ADC20018DFCC"
               BuildableName = "LarkInlineAIDemo.app"
               BlueprintName = "LarkInlineAIDemo"
               ReferencedContainer = "container:LarkInlineAIDemo.xcodeproj">
            </BuildableReference>
         </BuildActionEntry>
         <BuildActionEntry
            buildForTesting = "YES"
            buildForRunning = "NO"
            buildForProfiling = "NO"
            buildForArchiving = "NO"
            buildForAnalyzing = "NO">
            <BuildableReference
               BuildableIdentifier = "primary"
               BlueprintIdentifier = "3081EA1D9EA5862209C7276CFD5B9E66"
               BuildableName = "LarkAIInfra-Unit-Tests.xctest"
               BlueprintName = "LarkAIInfra-Unit-Tests"
               ReferencedContainer = "container:Pods/LarkAIInfra.xcodeproj">
            </BuildableReference>
         </BuildActionEntry>
      </BuildActionEntries>
   </BuildAction>
   <TestAction
      buildConfiguration = "Debug"
      selectedDebuggerIdentifier = "Xcode.DebuggerFoundation.Debugger.LLDB"
      selectedLauncherIdentifier = "Xcode.DebuggerFoundation.Launcher.LLDB"
      shouldUseLaunchSchemeArgsEnv = "NO"
      codeCoverageEnabled = "YES">
      <EnvironmentVariables>
         <EnvironmentVariable
            key = "IS_TESTING_INLINE_AI"
            value = "1"
            isEnabled = "YES">
         </EnvironmentVariable>
      </EnvironmentVariables>
      <Testables>
         <TestableReference
            skipped = "NO">
            <BuildableReference
               BuildableIdentifier = "primary"
               BlueprintIdentifier = "3081EA1D9EA5862209C7276CFD5B9E66"
               BuildableName = "LarkAIInfra-Unit-Tests.xctest"
               BlueprintName = "LarkAIInfra-Unit-Tests"
               ReferencedContainer = "container:Pods/LarkAIInfra.xcodeproj">
            </BuildableReference>
         </TestableReference>
      </Testables>
   </TestAction>
   <LaunchAction
      buildConfiguration = "Debug"
      selectedDebuggerIdentifier = "Xcode.DebuggerFoundation.Debugger.LLDB"
      selectedLauncherIdentifier = "Xcode.DebuggerFoundation.Launcher.LLDB"
      launchStyle = "0"
      useCustomWorkingDirectory = "NO"
      ignoresPersistentStateOnLaunch = "NO"
      debugDocumentVersioning = "YES"
      debugServiceExtension = "internal"
      allowLocationSimulation = "YES">
      <BuildableProductRunnable
         runnableDebuggingMode = "0">
         <BuildableReference
            BuildableIdentifier = "primary"
            BlueprintIdentifier = "2B114E3929F7ADC20018DFCC"
            BuildableName = "LarkInlineAIDemo.app"
            BlueprintName = "LarkInlineAIDemo"
            ReferencedContainer = "container:LarkInlineAIDemo.xcodeproj">
         </BuildableReference>
      </BuildableProductRunnable>
   </LaunchAction>
   <ProfileAction
      buildConfiguration = "Release"
      shouldUseLaunchSchemeArgsEnv = "YES"
      savedToolIdentifier = ""
      useCustomWorkingDirectory = "NO"
      debugDocumentVersioning = "YES">
      <BuildableProductRunnable
         runnableDebuggingMode = "0">
         <BuildableReference
            BuildableIdentifier = "primary"
            BlueprintIdentifier = "2B114E3929F7ADC20018DFCC"
            BuildableName = "LarkInlineAIDemo.app"
            BlueprintName = "LarkInlineAIDemo"
            ReferencedContainer = "container:LarkInlineAIDemo.xcodeproj">
         </BuildableReference>
      </BuildableProductRunnable>
   </ProfileAction>
   <AnalyzeAction
      buildConfiguration = "Debug">
   </AnalyzeAction>
   <ArchiveAction
      buildConfiguration = "Release"
      revealArchiveInOrganizer = "YES">
   </ArchiveAction>
</Scheme>
