PODS:
  - EEFlexiable (0.1.9):
    - Yoga
  - Yoga (1.9.0)

DEPENDENCIES:
  - EEFlexiable (from `.`)
  - Yoga (= 1.9.0)

SPEC REPOS:
  trunk:
    - Yoga

EXTERNAL SOURCES:
  EEFlexiable:
    :path: "."

SPEC CHECKSUMS:
  EEFlexiable: 74beb70cc4a89f654b5d06b49de5e43219c36d54
  Yoga: aaae8abea68951f60bee05f6277d3eed90bb91bb

PODFILE CHECKSUM: 540b574fc4e08ea42dc002ee13e3781fb1e1443c

COCOAPODS: 1.8.4
