PODS:
  - AnimatedTabBar (0.26.83):
    - FigmaKit
    - Homeric
    - LarkBadge
    - LarkColor
    - LarkExtensions
    - LarkInteraction
    - LarkKeyboardKit
    - LarkLocalizations
    - LarkTab
    - LarkTraitCollection
    - LKCommonsLogging
    - LKCommonsTracker
    - LKLoadable
    - RoundedHUD
    - SnapKit
    - UniverseDesignColor
    - UniverseDesignEmpty
    - UniverseDesignIcon
  - AppContainer (0.23.37):
    - BootManager
    - Heimdallr
    - LarkContainer
    - LarkSceneManager
    - LKCommonsLogging
    - LKLoadable
    - Swinject
    - ThreadSafeDataStructure
    - UniverseDesignTheme
  - AppReciableSDK (0.1.47):
    - EEAtomic
    - LKCommonsTracker
    - ThreadSafeDataStructure
  - BDALog (0.3.2-alpha.0.1.binary)
  - BDAlogProtocol (1.2.2)
  - BDDataDecorator (2.0.1.1-binary):
    - BDDataDecorator/Data (= 2.0.1.1-binary)
  - BDDataDecorator/Data (2.0.1.1-binary)
  - BDFishhook (0.1.5)
  - BootManager (0.13.52):
    - BootManagerConfig
    - LarkTab
    - LKCommonsLogging
    - LKLoadable
    - NotificationUserInfo
    - RunloopTools
    - Swinject
  - BootManagerConfig (0.0.74)
  - boringssl (0.1.5-alpha.10-SMOnline):
    - boringssl/openssl (= 0.1.5-alpha.10-SMOnline)
  - boringssl/openssl (0.1.5-alpha.10-SMOnline)
  - ByteWebImage (5.9.0.1):
    - ByteWebImage/Core (= 5.9.0.1)
  - ByteWebImage/Core (5.9.0.1):
    - EEAtomic
    - libwebp
    - MMKV
    - ThreadSafeDataStructure
    - YYCache
  - ByteWebImage/Lark (5.9.0.1):
    - AppReciableSDK
    - CookieManager
    - EEImageMagick
    - LarkAccountInterface
    - LarkCache
    - LarkDebug
    - LarkFeatureGating
    - LarkFoundation
    - LarkRustClient
    - LarkSetting
    - LKCommonsLogging
    - LKCommonsTracker
    - RustPB
  - CookieManager (0.2.26):
    - LarkAccountInterface
    - LarkAppConfig
    - LarkExtensions
    - LarkFeatureGating
    - LarkRustClient
    - LKCommonsLogging
    - RustPB
    - Swinject
  - CryptoSwift (1.3.3)
  - EditTextView (0.22.30):
    - LarkColor
    - LarkFoundation
    - LKCommonsLogging
    - RxCocoa
    - RxSwift
    - UniverseDesignColor
  - EEAtomic (0.1.6)
  - EEImageMagick (0.1.2)
  - EENavigator (0.10.57):
    - EEAtomic
    - EETroubleKiller
    - LKCommonsTracker
    - LKLoadable
    - SuiteCodable
  - EEPodInfoDebugger (0.0.5):
    - CryptoSwift
    - LarkLocalizations
    - SnapKit
  - EETroubleKiller (1.2.8):
    - LKCommonsLogging
    - LKLoadable
  - FigmaKit (0.0.30):
    - LarkLocalizations
  - FMDB (2.7.7):
    - BDAlogProtocol
    - FMDB/standard (= 2.7.7)
  - FMDB/standard (2.7.7):
    - BDAlogProtocol
  - Godzippa (2.1.1)
  - Heimdallr (0.8.3-rc.3):
    - Heimdallr/Core (= 0.8.3-rc.3)
    - Heimdallr/CrashDetector (= 0.8.3-rc.3)
    - Heimdallr/Monitors (= 0.8.3-rc.3)
    - Heimdallr/TTMonitor (= 0.8.3-rc.3)
  - Heimdallr/Core (0.8.3-rc.3):
    - Heimdallr/DeviceInfo
    - Heimdallr/HMDAlogProtocol
    - Heimdallr/HMDConfig
    - Heimdallr/HMDSession
    - Heimdallr/HMDStore
    - Heimdallr/Network
    - Heimdallr/Upload
    - Heimdallr/Utility
    - TTMacroManager (>= 1.0.0)
    - TTReachability (>= 0.12.0)
  - Heimdallr/CrashCapture (0.8.3-rc.3):
    - BDFishhook (>= 0.1.1)
    - Heimdallr/Core
    - Heimdallr/HMDConfig
    - Heimdallr/Mach
    - Heimdallr/Network
    - Heimdallr/Utility
    - TTMacroManager (>= 1.0.0)
  - Heimdallr/CrashDetector (0.8.3-rc.3):
    - Heimdallr/Core
    - Heimdallr/CrashCapture
  - Heimdallr/DeviceInfo (0.8.3-rc.3):
    - Heimdallr/HMDAlogProtocol
    - Heimdallr/Mach
    - Heimdallr/Utility
  - Heimdallr/HMDAlogProtocol (0.8.3-rc.3)
  - Heimdallr/HMDANR (0.8.3-rc.3):
    - Heimdallr/Core
    - Heimdallr/Log
    - Heimdallr/Mach
    - Heimdallr/Runloop
    - Heimdallr/Utility
  - Heimdallr/HMDConfig (0.8.3-rc.3):
    - Heimdallr/HMDSession
    - Heimdallr/HMDStore
    - Heimdallr/Network
  - Heimdallr/HMDDisaster (0.8.3-rc.3):
    - Heimdallr/HMDConfig
    - Heimdallr/Network
    - Heimdallr/Utility
  - Heimdallr/HMDSession (0.8.3-rc.3):
    - Heimdallr/DeviceInfo
    - Heimdallr/HMDStore
    - Heimdallr/Network
  - Heimdallr/HMDStore (0.8.3-rc.3):
    - FMDB (>= 2.6.2)
    - Heimdallr/HMDAlogProtocol
    - Heimdallr/Utility
  - Heimdallr/Log (0.8.3-rc.3):
    - Heimdallr/DeviceInfo
    - Heimdallr/HMDAlogProtocol
    - Heimdallr/Mach
    - Heimdallr/Utility
  - Heimdallr/Mach (0.8.3-rc.3):
    - Heimdallr/HMDAlogProtocol
    - Heimdallr/Utility
    - TTMacroManager (>= 1.0.0)
  - Heimdallr/Monitors (0.8.3-rc.3):
    - Heimdallr/Core
  - Heimdallr/Network (0.8.3-rc.3):
    - BDDataDecorator (>= 2.0.0)
    - Heimdallr/DeviceInfo
    - Heimdallr/HMDAlogProtocol
    - Heimdallr/Utility
    - TTReachability (>= 0.12.0)
  - Heimdallr/Runloop (0.8.3-rc.3):
    - Heimdallr/HMDSession
    - Heimdallr/Utility
  - Heimdallr/TTMonitor (0.8.3-rc.3):
    - Heimdallr/Core
    - Heimdallr/DeviceInfo
    - Heimdallr/HMDAlogProtocol
    - Heimdallr/HMDConfig
    - Heimdallr/HMDSession
    - Heimdallr/HMDStore
    - Heimdallr/Upload
    - Heimdallr/Utility
  - Heimdallr/Upload (0.8.3-rc.3):
    - Heimdallr/DeviceInfo
    - Heimdallr/HMDConfig
    - Heimdallr/HMDDisaster
    - Heimdallr/HMDSession
    - Heimdallr/HMDStore
    - Heimdallr/Network
    - TTMacroManager (>= 1.0.0)
    - TTReachability (>= 0.12.0)
  - Heimdallr/Utility (0.8.3-rc.3):
    - Heimdallr/HMDAlogProtocol
  - Homeric (0.2.946)
  - Kingfisher (5.3.1-lark.22):
    - LarkCache
  - LarkAccountInterface (5.8.0.6):
    - LarkAccountInterface/Authorization (= 5.8.0.6)
    - LarkAccountInterface/Core (= 5.8.0.6)
  - LarkAccountInterface/Authorization (5.8.0.6):
    - LarkAccountInterface/Core
  - LarkAccountInterface/Core (5.8.0.6):
    - EENavigator
    - LarkContainer
    - LarkLocalizations
    - RxSwift
    - ThreadSafeDataStructure
  - LarkActionSheet (0.24.21):
    - LarkColor
    - LarkExtensions
    - LarkInteraction
    - LarkLocalizations
    - LarkTraitCollection
    - RxSwift
    - SnapKit
  - LarkActivityIndicatorView (1.21.1)
  - LarkAlertController (1.0.9):
    - LarkColor
    - LarkInteraction
    - LarkLocalizations
    - SnapKit
    - UniverseDesignColor
    - UniverseDesignDialog
  - LarkAppConfig (3.41.76):
    - AppContainer
    - LarkAssembler
    - LarkContainer
    - LarkDebugExtensionPoint
    - LarkEnv
    - LarkLocalizations
    - LarkPerf
    - LarkReleaseConfig
    - LarkRustClient
    - LarkSetting
    - RunloopTools
    - RxRelay
    - RxSwift
    - Swinject
  - LarkAssembler (0.0.16):
    - LarkAssembler/AppContainerBuilder (= 0.0.16)
    - LarkAssembler/BootManagerBuilder (= 0.0.16)
    - LarkAssembler/default (= 0.0.16)
    - LarkAssembler/EENavigatorBuilder (= 0.0.16)
    - LarkAssembler/LarkAccountInterfaceBuilder (= 0.0.16)
    - LarkAssembler/LarkDebugExtensionPointBuilder (= 0.0.16)
    - LarkAssembler/LarkRustClientInBuilder (= 0.0.16)
    - LarkAssembler/LarkTabBuilder (= 0.0.16)
    - LarkAssembler/SwinjectBuilder (= 0.0.16)
  - LarkAssembler/AppContainerBuilder (0.0.16):
    - AppContainer
  - LarkAssembler/BootManagerBuilder (0.0.16):
    - BootManager
  - LarkAssembler/default (0.0.16):
    - LKLoadable
    - Swinject
  - LarkAssembler/EENavigatorBuilder (0.0.16):
    - EENavigator
  - LarkAssembler/LarkAccountInterfaceBuilder (0.0.16):
    - LarkAccountInterface
  - LarkAssembler/LarkDebugExtensionPointBuilder (0.0.16):
    - LarkDebugExtensionPoint
  - LarkAssembler/LarkRustClientInBuilder (0.0.16):
    - LarkRustClient
  - LarkAssembler/LarkTabBuilder (0.0.16):
    - LarkTab
  - LarkAssembler/SwinjectBuilder (0.0.16):
    - Swinject
  - LarkBadge (0.24.13):
    - ByteWebImage
    - ByteWebImage/Lark
    - LarkColor
    - SnapKit
    - ThreadSafeDataStructure
    - UniverseDesignFont
  - LarkBlur (0.1.8):
    - LarkLocalizations
    - LKCommonsLogging
  - LarkButton (0.22.6):
    - UniverseDesignColor
  - LarkCache (0.12.18):
    - LarkCache/Core (= 0.12.18)
    - LKLoadable
  - LarkCache/Core (0.12.18):
    - EEAtomic
    - LarkDebugExtensionPoint
    - LarkFileKit
    - LarkFoundation
    - LKCommonsLogging
    - LKCommonsTracker
    - LKLoadable
    - RxSwift
    - ThreadSafeDataStructure
    - YYCache
  - LarkColor (0.25.3):
    - LarkColor/Core (= 0.25.3)
    - UniverseDesignColor
  - LarkColor/Core (0.25.3):
    - UniverseDesignColor
  - LarkCombine (0.0.10):
    - LarkOpenCombine
    - LarkOpenCombineDispatch
    - LarkOpenCombineFoundation
  - LarkCompatible (0.1.1)
  - LarkContainer (1.20.0):
    - EEAtomic
    - RxCocoa
    - RxSwift
    - Swinject
  - LarkDebug (100.13.18):
    - AppContainer
    - BootManager
    - EENavigator
    - EEPodInfoDebugger
    - LarkAccountInterface
    - LarkAssembler
    - LarkDebug/core (= 100.13.18)
    - LarkDebugExtensionPoint
    - LarkFoundation
    - LarkRustClient
    - Logger
    - RxSwift
    - SnapKit
    - Swinject
  - LarkDebug/core (100.13.18):
    - AppContainer
    - BootManager
    - EENavigator
    - EEPodInfoDebugger
    - LarkAccountInterface
    - LarkAssembler
    - LarkDebugExtensionPoint
    - LarkFoundation
    - LarkRustClient
    - Logger
    - RxSwift
    - SnapKit
    - Swinject
  - LarkDebugExtensionPoint (3.42.0)
  - LarkEmotion (0.23.49):
    - LarkEmotion/Core (= 0.23.49)
  - LarkEmotion/Core (0.23.49):
    - Homeric
    - LarkLocalizations
    - LKCommonsLogging
    - LKCommonsTracker
    - ThreadSafeDataStructure
  - LarkEnv (3.41.18):
    - LarkAlertController
    - LarkReleaseConfig
    - LKCommonsLogging
    - LKLoadable
    - RxSwift
    - SnapKit
    - UniverseDesignTheme
  - LarkExtensionAssembly (0.0.1):
    - BootManager
    - LarkAccountInterface
    - LarkAssembler
    - LarkContainer
    - LarkEnv
    - LarkExtensionServices/Account
    - LarkFoundation
    - LarkReleaseConfig
    - LarkRustClient
    - LarkSetting
    - LarkUIKit
    - LKCommonsLogging
    - LKCommonsTracker
    - RustPB
    - RxSwift
    - Swinject
  - LarkExtensions (0.22.25):
    - CryptoSwift
    - LarkColor
    - LarkCompatible
    - LarkTimeFormatUtils
    - SnapKit
    - UniverseDesignColor
  - LarkExtensionServices/Account (0.0.11):
    - CryptoSwift
    - LarkExtensionServices/Config
  - LarkExtensionServices/Config (0.0.11)
  - LarkFeatureGating (3.44.40):
    - LarkContainer
    - LarkFeatureGating/Core (= 3.44.40)
    - LarkFeatureGating/LarkAssemble (= 3.44.40)
    - LarkFoundation
    - ThreadSafeDataStructure
  - LarkFeatureGating/Core (3.44.40):
    - LarkContainer
    - LarkFoundation
    - LarkSetting
    - ThreadSafeDataStructure
  - LarkFeatureGating/LarkAssemble (3.44.40):
    - BootManager
    - EENavigator
    - LarkAccountInterface
    - LarkActionSheet
    - LarkContainer
    - LarkDebugExtensionPoint
    - LarkFeatureGating/Core
    - LarkFoundation
    - LarkRustClient
    - ThreadSafeDataStructure
  - LarkFileKit (0.6.7)
  - LarkFoundation (1.7.8):
    - LarkCompatible
    - LarkFoundation/Date (= 1.7.8)
    - LarkFoundation/Encryption (= 1.7.8)
    - LarkFoundation/Error (= 1.7.8)
    - LarkFoundation/Extensions (= 1.7.8)
    - LarkFoundation/File (= 1.7.8)
    - LarkFoundation/FuncContext (= 1.7.8)
    - LarkFoundation/JumpApplication (= 1.7.8)
    - LarkFoundation/ProepertyWrapper (= 1.7.8)
    - LarkFoundation/Resource (= 1.7.8)
    - LarkFoundation/URL (= 1.7.8)
    - LarkFoundation/Utils (= 1.7.8)
    - LKLoadable
  - LarkFoundation/Date (1.7.8):
    - LarkCompatible
    - LKLoadable
  - LarkFoundation/Encryption (1.7.8):
    - LarkCompatible
    - LKLoadable
  - LarkFoundation/Error (1.7.8):
    - LarkCompatible
    - LKLoadable
  - LarkFoundation/Extensions (1.7.8):
    - LarkCompatible
    - LKLoadable
  - LarkFoundation/File (1.7.8):
    - LarkCompatible
    - LKLoadable
  - LarkFoundation/FuncContext (1.7.8):
    - LarkCompatible
    - LKLoadable
  - LarkFoundation/JumpApplication (1.7.8):
    - LarkCompatible
    - LKLoadable
  - LarkFoundation/ProepertyWrapper (1.7.8):
    - LarkCompatible
    - LKLoadable
  - LarkFoundation/Resource (1.7.8):
    - LarkCompatible
    - LarkFoundation/Extensions
    - LKLoadable
  - LarkFoundation/URL (1.7.8):
    - LarkCompatible
    - LKLoadable
  - LarkFoundation/Utils (1.7.8):
    - LarkCompatible
    - LarkFoundation/Extensions
    - LKLoadable
  - LarkInteraction (0.19.12):
    - LKCommonsLogging
    - ThreadSafeDataStructure
  - LarkKeyboardKit (0.21.7):
    - LKCommonsLogging
    - RxCocoa
    - RxRelay
    - RxSwift
  - LarkKeyCommandKit (0.21.14):
    - LarkKeyCommandKit/Core (= 0.21.14)
  - LarkKeyCommandKit/Core (0.21.14):
    - LarkKeyboardKit
    - LKLoadable
  - LarkLocalizations (1.16.12):
    - EEAtomic
  - LarkOpenCombine (0.0.9)
  - LarkOpenCombineDispatch (0.0.7):
    - LarkOpenCombine
  - LarkOpenCombineFoundation (0.0.7):
    - LarkOpenCombine
  - LarkPerf (3.41.18):
    - AppContainer
    - AppReciableSDK
    - Heimdallr/HMDANR
    - LKCommonsLogging
    - LKCommonsTracker
    - ThreadSafeDataStructure
  - LarkReleaseConfig (0.23.5)
  - LarkResource (0.0.12):
    - EEAtomic
    - LKCommonsLogging
  - LarkRustClient (3.42.31):
    - LarkRustClient/Client (= 3.42.31)
    - LarkRustClient/Interface (= 3.42.31)
  - LarkRustClient/Client (3.42.31):
    - EEAtomic
    - LarkRustClient/Interface
    - LKCommonsLogging
    - LKCommonsTracker
    - ReachabilitySwift
    - RustPB (>= 3.7.0-alpha)
    - RxSwift
    - ServerPB
  - LarkRustClient/Interface (3.42.31):
    - LarkCombine
    - RustPB
    - RxSwift
    - ServerPB
  - LarkSceneManager (0.1.38):
    - LarkSceneManager/Core (= 0.1.38)
  - LarkSceneManager/Core (0.1.38):
    - Homeric
    - LarkLocalizations
    - LKCommonsLogging
    - LKCommonsTracker
    - RoundedHUD
  - LarkSetting (0.0.91):
    - LarkSetting/Core (= 0.0.91)
  - LarkSetting/Core (0.0.91):
    - LarkCache
    - LarkCombine
    - LarkEnv
    - LarkReleaseConfig
    - LKCommonsLogging
    - RxCocoa
    - RxSwift
    - ThreadSafeDataStructure
  - LarkSplitViewController (0.15.70):
    - AnimatedTabBar
    - Homeric
    - LarkBlur
    - LarkInteraction
    - LarkKeyCommandKit
    - LKCommonsTracker
    - LKLoadable
    - SnapKit
    - UniverseDesignColor
  - LarkSQLCipher (5.9.0-448034aa1e.37885146-alpha)
  - LarkTab (0.2.13):
    - RxCocoa
    - RxSwift
    - ThreadSafeDataStructure
  - LarkTimeFormatUtils (5.7.0.1):
    - LarkLocalizations
  - LarkTraitCollection (0.15.4):
    - LKLoadable
    - RxRelay
    - RxSwift
  - LarkUIKit (100.15.126):
    - LarkUIKit/Base (= 100.15.126)
    - LarkUIKit/BaseComponent (= 100.15.126)
    - LarkUIKit/BreadcrumbNavigation (= 100.15.126)
    - LarkUIKit/Checkbox (= 100.15.126)
    - LarkUIKit/Common (= 100.15.126)
    - LarkUIKit/ConfirmContainer (= 100.15.126)
    - LarkUIKit/FloatWindow (= 100.15.126)
    - LarkUIKit/LanguageSelector (= 100.15.126)
    - LarkUIKit/LoadPlaceholder (= 100.15.126)
    - LarkUIKit/Menu (= 100.15.126)
    - LarkUIKit/MobileCodeSelect (= 100.15.126)
    - LarkUIKit/NaviAimation (= 100.15.126)
    - LarkUIKit/NaviBar (= 100.15.126)
    - LarkUIKit/NaviProtocol (= 100.15.126)
    - LarkUIKit/OtherDependency (= 100.15.126)
    - LarkUIKit/Others (= 100.15.126)
    - LarkUIKit/Resources (= 100.15.126)
    - LarkUIKit/Switch (= 100.15.126)
    - LarkUIKit/TextField (= 100.15.126)
    - LarkUIKit/Utils (= 100.15.126)
  - LarkUIKit/Base (100.15.126):
    - EditTextView
    - FigmaKit
    - Kingfisher
    - LarkActionSheet
    - LarkAlertController
    - LarkColor
    - LarkExtensions
    - LarkInteraction
    - LarkSceneManager
    - LarkSplitViewController
    - LarkTraitCollection
    - LarkUIKit/Utils
    - LKCommonsLogging
    - RoundedHUD
    - RxSwift
    - SnapKit
    - UniverseDesignColor
    - UniverseDesignDialog
    - UniverseDesignEmpty
    - UniverseDesignIcon
  - LarkUIKit/BaseComponent (100.15.126):
    - LarkUIKit/Checkbox
    - LarkUIKit/ConfirmContainer
    - LarkUIKit/FloatWindow
    - LarkUIKit/Switch
  - LarkUIKit/BreadcrumbNavigation (100.15.126):
    - UniverseDesignBreadcrumb
  - LarkUIKit/Checkbox (100.15.126):
    - LarkColor
    - UniverseDesignCheckBox
  - LarkUIKit/Common (100.15.126):
    - LarkFoundation
    - LarkUIKit/Resources
  - LarkUIKit/ConfirmContainer (100.15.126):
    - LarkColor
    - SnapKit
  - LarkUIKit/FloatWindow (100.15.126)
  - LarkUIKit/LanguageSelector (100.15.126)
  - LarkUIKit/LoadPlaceholder (100.15.126):
    - lottie-ios (~> 2.0)
    - UniverseDesignTheme
  - LarkUIKit/Menu (100.15.126):
    - FigmaKit
    - LarkBadge
    - LarkColor
    - LarkFeatureGating
    - SnapKit
  - LarkUIKit/MobileCodeSelect (100.15.126):
    - LarkColor
    - LarkReleaseConfig
    - LarkUIKit/Common
    - SnapKit
  - LarkUIKit/NaviAimation (100.15.126):
    - LarkUIKit/Base
  - LarkUIKit/NaviBar (100.15.126):
    - LarkBadge
    - LarkUIKit/NaviProtocol
    - LarkUIKit/TextField
  - LarkUIKit/NaviProtocol (100.15.126):
    - RxCocoa
    - RxSwift
    - SnapKit
  - LarkUIKit/OtherDependency (100.15.126):
    - LarkActivityIndicatorView
    - LarkExtensions
    - LarkLocalizations
    - LarkReleaseConfig
    - RichLabel
  - LarkUIKit/Others (100.15.126):
    - Kingfisher
    - LarkActionSheet
    - LarkAlertController
    - LarkBadge
    - LarkButton
    - LarkEmotion
    - LarkFoundation
    - LarkInteraction
    - LarkKeyCommandKit
    - LarkUIKit/Common
    - RxCocoa
    - RxSwift
    - SnapKit
    - UniverseDesignBreadcrumb
    - UniverseDesignCheckBox
  - LarkUIKit/Resources (100.15.126):
    - LarkResource
  - LarkUIKit/Switch (100.15.126):
    - LarkColor
    - SnapKit
  - LarkUIKit/TextField (100.15.126):
    - LarkInteraction
  - LarkUIKit/Utils (100.15.126):
    - ByteWebImage
    - Kingfisher
    - LarkFoundation
    - LarkLocalizations
    - LarkReleaseConfig
  - libwebp (0.6.1.1-binary):
    - libwebp/core (= 0.6.1.1-binary)
    - libwebp/dec (= 0.6.1.1-binary)
    - libwebp/demux (= 0.6.1.1-binary)
    - libwebp/dsp (= 0.6.1.1-binary)
    - libwebp/enc (= 0.6.1.1-binary)
    - libwebp/mux (= 0.6.1.1-binary)
    - libwebp/utils (= 0.6.1.1-binary)
    - libwebp/webp (= 0.6.1.1-binary)
  - libwebp/core (0.6.1.1-binary):
    - libwebp/webp
  - libwebp/dec (0.6.1.1-binary):
    - libwebp/core
  - libwebp/demux (0.6.1.1-binary):
    - libwebp/core
  - libwebp/dsp (0.6.1.1-binary):
    - libwebp/core
  - libwebp/enc (0.6.1.1-binary):
    - libwebp/core
  - libwebp/mux (0.6.1.1-binary):
    - libwebp/core
  - libwebp/utils (0.6.1.1-binary):
    - libwebp/core
  - libwebp/webp (0.6.1.1-binary)
  - LKCommonsLogging (0.4.19)
  - LKCommonsTracker (0.4.16)
  - LKLoadable (0.0.11):
    - EEAtomic
  - Logger (1.4.19):
    - Logger/Core (= 1.4.19)
  - Logger/Core (1.4.19):
    - LarkFoundation
    - LKCommonsLogging
  - lottie-ios (2.6.5)
  - MMKV (1.2.7):
    - MMKVCore (~> 1.2.7)
  - MMKVCore (1.2.7)
  - NotificationUserInfo (0.23.5)
  - protobuf_lite (1.0.2)
  - ReachabilitySwift (4.3.0)
  - RichLabel (0.22.33):
    - LarkCompatible
    - UniverseDesignColor
  - RoundedHUD (1.21.26):
    - LarkLocalizations
    - UniverseDesignToast
  - RunloopTools (0.22.7):
    - LKCommonsLogging
    - ThreadSafeDataStructure
  - RustPB (5.9.0-448034aa1e.37885146-alpha):
    - LarkSQLCipher (= 5.9.0-448034aa1e.37885146-alpha)
    - SwiftProtobuf (~> 1.15.0)
    - TTNetworkManager
  - RxCocoa (5.1.1):
    - RxRelay (~> 5)
    - RxSwift (~> 5)
  - RxRelay (5.1.1):
    - RxSwift (~> 5)
  - RxSwift (5.1.1)
  - ServerPB (1.0.1702):
    - SwiftProtobuf
  - SnapKit (5.0.1-fork.4)
  - SuiteCodable (0.1.4)
  - SwiftProtobuf (1.15.0)
  - Swinject (10.15.8)
  - ThreadSafeDataStructure (0.21.4)
  - TTMacroManager (1.0.3)
  - TTNetworkManager (4.0.80.2-tudp):
    - TTNetworkManager/Core (= 4.0.80.2-tudp)
  - TTNetworkManager/Core (4.0.80.2-tudp):
    - BDALog (>= 0.2.2)
    - BDAlogProtocol (>= 1.2.2)
    - BDDataDecorator/Data (>= 1.0.3)
    - boringssl (~> 0.1.4)
    - Godzippa
    - protobuf_lite (= 1.0.2)
  - TTReachability (1.8.6)
  - UniverseDesignBreadcrumb (2.0.2):
    - SnapKit
    - UniverseDesignColor
    - UniverseDesignFont
    - UniverseDesignIcon
    - UniverseDesignStyle
  - UniverseDesignButton (2.0.4):
    - SnapKit
    - UniverseDesignColor
    - UniverseDesignIcon
    - UniverseDesignStyle
  - UniverseDesignCheckBox (2.0.0):
    - SnapKit
    - UniverseDesignColor
  - UniverseDesignColor (2.0.8):
    - UniverseDesignTheme
  - UniverseDesignDialog (2.0.7):
    - SnapKit
    - UniverseDesignButton
    - UniverseDesignColor
    - UniverseDesignFont
    - UniverseDesignStyle
  - UniverseDesignEmpty (2.0.4):
    - SnapKit
    - UniverseDesignButton
    - UniverseDesignColor
    - UniverseDesignFont
  - UniverseDesignFont (2.0.0):
    - UniverseDesignTheme
  - UniverseDesignIcon (2.0.12):
    - UniverseDesignColor
  - UniverseDesignShadow (2.0.2):
    - LarkLocalizations
    - UniverseDesignColor
    - UniverseDesignTheme
  - UniverseDesignStyle (2.0.0):
    - UniverseDesignColor
    - UniverseDesignTheme
  - UniverseDesignTheme (2.0.3)
  - UniverseDesignToast (2.0.7):
    - SnapKit
    - UniverseDesignColor
    - UniverseDesignFont
    - UniverseDesignIcon
    - UniverseDesignShadow
  - YYCache (4.11.2)

DEPENDENCIES:
  - LarkExtensionAssembly (from `.`)

SPEC REPOS:
  "git@code.byted.org:ee/pods_specs.git":
    - AppReciableSDK
    - CryptoSwift
    - FMDB
    - Homeric
    - Kingfisher
    - LarkActivityIndicatorView
    - LarkCompatible
    - LarkSQLCipher
    - MMKV
    - MMKVCore
    - ReachabilitySwift
    - RustPB
    - RxCocoa
    - RxSwift
    - ServerPB
    - SnapKit
    - SuiteCodable
    - SwiftProtobuf
    - YYCache
  "git@code.byted.org:iOS_Library/lark_source_repo.git":
    - AnimatedTabBar
    - AppContainer
    - BootManager
    - BootManagerConfig
    - CookieManager
    - EditTextView
    - EEAtomic
    - EEImageMagick
    - EENavigator
    - EEPodInfoDebugger
    - EETroubleKiller
    - LarkAccountInterface
    - LarkActionSheet
    - LarkAlertController
    - LarkAppConfig
    - LarkAssembler
    - LarkBadge
    - LarkButton
    - LarkCache
    - LarkColor
    - LarkCombine
    - LarkContainer
    - LarkDebug
    - LarkDebugExtensionPoint
    - LarkEmotion
    - LarkEnv
    - LarkExtensions
    - LarkExtensionServices
    - LarkFeatureGating
    - LarkFileKit
    - LarkFoundation
    - LarkInteraction
    - LarkKeyboardKit
    - LarkKeyCommandKit
    - LarkLocalizations
    - LarkPerf
    - LarkReleaseConfig
    - LarkResource
    - LarkRustClient
    - LarkSceneManager
    - LarkSetting
    - LarkSplitViewController
    - LarkTab
    - LarkTraitCollection
    - LarkUIKit
    - LKCommonsLogging
    - LKCommonsTracker
    - LKLoadable
    - Logger
    - NotificationUserInfo
    - RichLabel
    - RoundedHUD
    - RunloopTools
    - Swinject
    - ThreadSafeDataStructure
    - UniverseDesignBreadcrumb
    - UniverseDesignButton
    - UniverseDesignCheckBox
    - UniverseDesignColor
    - UniverseDesignDialog
    - UniverseDesignEmpty
    - UniverseDesignFont
    - UniverseDesignIcon
    - UniverseDesignShadow
    - UniverseDesignStyle
    - UniverseDesignTheme
    - UniverseDesignToast
  "git@code.byted.org:iOS_Library/privatethird_binary_repo.git":
    - BDALog
    - BDDataDecorator
  "git@code.byted.org:iOS_Library/privatethird_source_repo.git":
    - BDAlogProtocol
    - BDFishhook
    - ByteWebImage
    - FigmaKit
    - Heimdallr
    - LarkBlur
    - LarkOpenCombine
    - LarkOpenCombineDispatch
    - LarkOpenCombineFoundation
    - LarkTimeFormatUtils
    - lottie-ios
    - TTMacroManager
    - TTReachability
  "git@code.byted.org:iOS_Library/publicthird_binary_repo.git":
    - libwebp
  "git@code.byted.org:iOS_Library/publicthird_source_repo.git":
    - Godzippa
    - RxRelay
  "git@code.byted.org:iOS_Library/toutiao_source_repo.git":
    - boringssl
    - protobuf_lite
    - TTNetworkManager

EXTERNAL SOURCES:
  LarkExtensionAssembly:
    :path: "."

SPEC CHECKSUMS:
  AnimatedTabBar: 8e814a1fbbd4bc5e13c1cac5d8191f00ba1482a4
  AppContainer: 721e9e3c7882a84d6ed08acfb5828df3049a181f
  AppReciableSDK: 58b8856d67af44b20f43381991646d240c5e59ed
  BDALog: f5da7ecec256e1cb9caf507cd893554b70285898
  BDAlogProtocol: 25d6b184d9234554557b635bcb35acdf80a189ea
  BDDataDecorator: 31e878788f218051958a8cfdf0f1e8b3cea68bfe
  BDFishhook: e9c5ad1fab769ceb69e033d93dc58c56fcf114ac
  BootManager: 63822cf579c5ebfcae4f498ff7f93d656ebd6268
  BootManagerConfig: 34cab78281401cb205464fd8c2d69815bdbe36a0
  boringssl: 3d751ad531b930e5b04cefd6bdb45a54adbb193c
  ByteWebImage: 1f83b26ceebd05edf3938b721b006aa1ee69498e
  CookieManager: bf0955da593e1397487b3dca4abee075b80ffd93
  CryptoSwift: 2ecb3ab7b890c618ed71e1995906f1882d919c54
  EditTextView: f9722953a1d66cf4ced68a755c7939a09cc35dd5
  EEAtomic: 8c035dae015a9cf63d61e8a9d7845012b9bca760
  EEImageMagick: 84188390477d35618f6d358155511fda857c2b29
  EENavigator: e357610ae70f35843764fe5c178a5ac7e9f5cc0e
  EEPodInfoDebugger: 24dc88609d775fd4e0c0e09b552ab14679e4a331
  EETroubleKiller: 898c983095d516b03b88f3e600da4aef5cc5f6cb
  FigmaKit: a2f87f31e8fc918a1295e7a56bed22b445ae9cdd
  FMDB: f0a579fa9ebc090001509065babc8b73abe2077e
  Godzippa: 0ddd3eb22eb89b249654d8f80a5086e47f729f0c
  Heimdallr: ddc3abf14d65b0aee4a0a978529599e039e7d5ea
  Homeric: 579df422f5c5090e5b6ff8d925cfa2c32cfc7fae
  Kingfisher: 5794f381d3697064d33fe9f049c9e8fa4a0e6515
  LarkAccountInterface: 3057c7f95d25964949d895a6dc26c4dd198aa2cf
  LarkActionSheet: 3b026abb1e4808f5e9b62602e29be777c5ed6323
  LarkActivityIndicatorView: 99b2cf7d77c50b6141014da7500f1449aa0b2d4c
  LarkAlertController: ec5412bc60b3bccbbad0aa9a632f2021a2e410f0
  LarkAppConfig: 554a649e9c5b8ea549e80ec9545ada369c1ef690
  LarkAssembler: fb7707c8b6800656e9c9c4eaedff33443df3f503
  LarkBadge: c351d5b84d63a52a99bbb3dfc468d341cedca9fb
  LarkBlur: 2d9fd0e81c3280e8309be48d82de2ae507bd9e8f
  LarkButton: 4ff31bdc9e1e2416bc57f432a92f237b2d571b28
  LarkCache: cfc8855949b17c45085598b74d4a1b70d350b577
  LarkColor: 3d8323a3d5d576d39542ac8f21082ed677f6bcf2
  LarkCombine: 2a140162532bca9c19ef4d70a2f97c7bd282323e
  LarkCompatible: 50d38c6c780fb2324a7d967d3c9167ab8a8de80c
  LarkContainer: df64833ded7540ac5d25e0c7cb90b8bb0bd43335
  LarkDebug: 6b88bfc85a879b2596e83118c637c3ca3444add0
  LarkDebugExtensionPoint: 4f5459c13315b4a19ce2d63d16485c2f9aba4adb
  LarkEmotion: 16934b5da8e2528737a22caea31627b50ae83272
  LarkEnv: 41f6872c60667d203fca4a4b39ee36b10ac924e0
  LarkExtensionAssembly: db708c01c38502279b4f92fedf2c416c9f017498
  LarkExtensions: 97865410bd751ae36880ffbc3c7d01857eaa284e
  LarkExtensionServices: 34809ac9d2e04da6b7cb1c8cfc848860a545f179
  LarkFeatureGating: bb01fa4328eada2cb632d7e54b27eafacdeee870
  LarkFileKit: e3d35d82524df2b51494cd7c4a12377c72164847
  LarkFoundation: 839fcda50a3c34dba2111da2691e92af03291ea4
  LarkInteraction: 9b2769cd917682494ab9fa832d68b8ca81c247db
  LarkKeyboardKit: d1d29dd8d79fd01da93d0aad4d50b5ef4d89a948
  LarkKeyCommandKit: 04c7b804ee238002f0f3f53c32245d6bc560d6ca
  LarkLocalizations: 5a59335c0f3ac00d402162615ed0c6ed2cfe906a
  LarkOpenCombine: 53d9e4f5852838796c939b0e0363d2cc4a343eee
  LarkOpenCombineDispatch: 5084bc3b27bdad1f626eb273f873c395b9358d54
  LarkOpenCombineFoundation: f44d3a455946335c503fc6718fab709f72013625
  LarkPerf: a82a622f9f9e93c88446195dc5943dd49a8477c7
  LarkReleaseConfig: 93fefccaaf8f64fc0c043c3c4da8f81be5abb2f0
  LarkResource: 915929278cc8dd0852b7d677af34e14d2eaf2233
  LarkRustClient: eef84c19b3c3cfc59540f015dbd389f4bfe86083
  LarkSceneManager: 472194d7a48853faae5e5cf87c812d230a284a6e
  LarkSetting: 08a4abfa5b04cf32af5ce46d86e611f761c880f4
  LarkSplitViewController: 5380c85dbbbf00f98cfe8d0374c75044290a3703
  LarkSQLCipher: 532ee93dba04a89831a094fb4a64eb88a5939af5
  LarkTab: 923e3adbd5217e7ab7a0f3be23a0af0b533d4075
  LarkTimeFormatUtils: 8e6d5a747eddbb73575dc8840c517cfe2841f670
  LarkTraitCollection: c885b0f90024c6a97f730174502b88f501e17169
  LarkUIKit: 7abe303398c28b1cc0e7a12b86d6349547435323
  libwebp: c184f52cefe46b52c753216233ac467ba8f61730
  LKCommonsLogging: 748c413ed51fbfddc50c4996356368813f49dc80
  LKCommonsTracker: 180cba9ae5d8d928530a12faa1992b6c95a77818
  LKLoadable: 5f1c941ad31a93c40f4ce4b9ced564c9c2a2e21a
  Logger: e9ebf6c2c77249c17481e0714abce96d5c922be1
  lottie-ios: 82e2074b264ca70c74e0040309ef9c7fc28d75b3
  MMKV: 01165d9b733d640c49f7803356b872e6d41f4697
  MMKVCore: f6f1fce65e88329d5828f97bc240db53b0265467
  NotificationUserInfo: b8eaf942ee5697b98d9233471ce5377bc51ac191
  protobuf_lite: 5bfeef9b1f90ff650c753b9f2b6c3906595f25ec
  ReachabilitySwift: d4031fa37abaf309f1187b31151042a644400dce
  RichLabel: 6d90383e06961e12eccee269ad23d68ad551656e
  RoundedHUD: 628fd38576aa695180ff860145a2ef7dc6680930
  RunloopTools: f9a857f321c33022c7a7249f56004d10460aedf3
  RustPB: 420cec773820b0e39ede303d89bcc65615f3400b
  RxCocoa: 00733d20b77c44fc096705afeacaff737f4ae2dc
  RxRelay: e12f9a648a7da4cf833e977b82ea6a0ed1ff7f0c
  RxSwift: 25af47d498e336a2b0d8e30b65a6a161516a0f77
  ServerPB: c0d385465a4661269e0a970fa2486a9331881bb5
  SnapKit: 85afd38d78fb08608b3d677db4c660431cceddd4
  SuiteCodable: 2be4d90c14a02a4cd325856dedb45b9297201b72
  SwiftProtobuf: 39e22f6f0a4b368c76e532a19708bf63d2dc2b2f
  Swinject: 97c6c96c2ac8ad921ac2a58928148ca2913f922e
  ThreadSafeDataStructure: 377de336455eab4edd38c8fe4c4bd35e202c987e
  TTMacroManager: 34fe97f191a63a532b7f24e2ba13d2ee1107ddc6
  TTNetworkManager: e9d8b3622b46a43ee103570c2ce92f635abbd115
  TTReachability: b9519c3c91ca80fe6a2203f2dd162b575c74d160
  UniverseDesignBreadcrumb: ccb614113a37e13712a0ef840919c4ef254fe5c0
  UniverseDesignButton: 74ff73fc6caf53f5c0028b2fd1ee875a033796e0
  UniverseDesignCheckBox: 01c057e38b03c7c64081400cb167b201455654c0
  UniverseDesignColor: ff882f1b951d06a7de977f5df78ecd2529aebf34
  UniverseDesignDialog: 30529f2229b00be7f6f40423dd5b32cb26af5ab9
  UniverseDesignEmpty: 2304db0561a172f9f06a2af6ae2d987284f78d6e
  UniverseDesignFont: 7f659f72066414aaa0313aee2faa12cbfe93abe8
  UniverseDesignIcon: 2ff498422f2d0f43877b5f994c4fe22d05d394e3
  UniverseDesignShadow: f93d62977349dfd6897c94623b0975d778a39824
  UniverseDesignStyle: 1fa2050c0cfb0d687ad239e247b5dafbc2fcb901
  UniverseDesignTheme: f0a881314b04b842e5320db53406140cfcce0d8c
  UniverseDesignToast: fc3686ffe0479d287f017fcc629a4fff8d24adcb
  YYCache: 4ef1a016c0684d2a7f442d8420e84c611be137ec

COCOAPODS: 1.11.2
