PODS:
  - EEAtomic (0.1.6)
  - LKLoadable (0.1.1):
    - EEAtomic

DEPENDENCIES:
  - LKLoadable (from `.`)

SPEC REPOS:
  "git@code.byted.org:iOS_Library/lark_source_repo.git":
    - EEAtomic

EXTERNAL SOURCES:
  LKLoadable:
    :path: "."

SPEC CHECKSUMS:
  EEAtomic: 8c035dae015a9cf63d61e8a9d7845012b9bca760
  LKLoadable: 2136b8a0dc20d2928dc120f8aaa078bce7261081

PODFILE CHECKSUM: 97051ceb103021369cea13f9e29b37e9a329d80b

COCOAPODS: 1.11.2
